{
  "version": 4,
  "terraform_version": "1.3.9",
  "serial": 1,
  "lineage": "74545573-cfbd-920d-976f-92e82e9651bd",
  "outputs": {},
  "resources": [
    {
      "mode": "managed",
      "type": "azurerm_network_interface",
      "name": "res-2",
      "provider": "provider[\"registry.terraform.io/hashicorp/azurerm\"]",
      "instances": [
        {
          "schema_version": 0,
          "attributes": {
            "applied_dns_servers": [],
            "dns_servers": [],
            "edge_zone": "",
            "enable_accelerated_networking": true,
            "enable_ip_forwarding": false,
            "id": "/subscriptions/1a0d078e-b0e6-432d-89c7-8a75cac664aa/resourceGroups/Maikel-Playground_ASML/providers/Microsoft.Network/networkInterfaces/xsecbeast411",
            "internal_dns_name_label": "",
            "internal_domain_name_suffix": "",
            "ip_configuration": [
              {
                "gateway_load_balancer_frontend_ip_configuration_id": "",
                "name": "ipconfig1",
                "primary": true,
                "private_ip_address": "10.0.0.4",
                "private_ip_address_allocation": "Dynamic",
                "private_ip_address_version": "IPv4",
                "public_ip_address_id": "/subscriptions/1a0d078e-b0e6-432d-89c7-8a75cac664aa/resourceGroups/Maikel-Playground_ASML/providers/Microsoft.Network/publicIPAddresses/xsecBeast-ip",
                "subnet_id": "/subscriptions/1a0d078e-b0e6-432d-89c7-8a75cac664aa/resourceGroups/Maikel-Playground_ASML/providers/Microsoft.Network/virtualNetworks/Maikel-Playground_ASML-vnet/subnets/default"
              }
            ],
            "location": "westeurope",
            "mac_address": "00-0D-3A-4C-CB-04",
            "name": "xsecbeast411",
            "private_ip_address": "10.0.0.4",
            "private_ip_addresses": [
              "10.0.0.4"
            ],
            "resource_group_name": "Maikel-Playground_ASML",
            "tags": {
              "Created By": "Maikel van Amen"
            },
            "timeouts": {
              "create": null,
              "delete": null,
              "read": null,
              "update": null
            },
            "virtual_machine_id": "/subscriptions/1a0d078e-b0e6-432d-89c7-8a75cac664aa/resourceGroups/Maikel-Playground_ASML/providers/Microsoft.Compute/virtualMachines/xsecBeast"
          },
          "sensitive_attributes": [],
          "private": "eyJlMmJmYjczMC1lY2FhLTExZTYtOGY4OC0zNDM2M2JjN2M0YzAiOnsiY3JlYXRlIjoxODAwMDAwMDAwMDAwLCJkZWxldGUiOjE4MDAwMDAwMDAwMDAsInJlYWQiOjMwMDAwMDAwMDAwMCwidXBkYXRlIjoxODAwMDAwMDAwMDAwfSwic2NoZW1hX3ZlcnNpb24iOiIwIn0="
        }
      ]
    },
    {
      "mode": "managed",
      "type": "azurerm_network_interface_security_group_association",
      "name": "res-3",
      "provider": "provider[\"registry.terraform.io/hashicorp/azurerm\"]",
      "instances": [
        {
          "schema_version": 0,
          "attributes": {
            "id": "/subscriptions/1a0d078e-b0e6-432d-89c7-8a75cac664aa/resourceGroups/Maikel-Playground_ASML/providers/Microsoft.Network/networkInterfaces/xsecbeast411|/subscriptions/1a0d078e-b0e6-432d-89c7-8a75cac664aa/resourceGroups/Maikel-Playground_ASML/providers/Microsoft.Network/networkSecurityGroups/xsecBeast-nsg",
            "network_interface_id": "/subscriptions/1a0d078e-b0e6-432d-89c7-8a75cac664aa/resourceGroups/Maikel-Playground_ASML/providers/Microsoft.Network/networkInterfaces/xsecbeast411",
            "network_security_group_id": "/subscriptions/1a0d078e-b0e6-432d-89c7-8a75cac664aa/resourceGroups/Maikel-Playground_ASML/providers/Microsoft.Network/networkSecurityGroups/xsecBeast-nsg",
            "timeouts": {
              "create": null,
              "delete": null,
              "read": null,
              "update": null
            }
          },
          "sensitive_attributes": [],
          "private": "eyJlMmJmYjczMC1lY2FhLTExZTYtOGY4OC0zNDM2M2JjN2M0YzAiOnsiY3JlYXRlIjoxODAwMDAwMDAwMDAwLCJkZWxldGUiOjE4MDAwMDAwMDAwMDAsInJlYWQiOjMwMDAwMDAwMDAwMCwidXBkYXRlIjoxODAwMDAwMDAwMDAwfSwic2NoZW1hX3ZlcnNpb24iOiIwIn0="
        }
      ]
    },
    {
      "mode": "managed",
      "type": "azurerm_network_security_group",
      "name": "res-4",
      "provider": "provider[\"registry.terraform.io/hashicorp/azurerm\"]",
      "instances": [
        {
          "schema_version": 0,
          "attributes": {
            "id": "/subscriptions/1a0d078e-b0e6-432d-89c7-8a75cac664aa/resourceGroups/Maikel-Playground_ASML/providers/Microsoft.Network/networkSecurityGroups/xsecBeast-nsg",
            "location": "westeurope",
            "name": "xsecBeast-nsg",
            "resource_group_name": "Maikel-Playground_ASML",
            "security_rule": [
              {
                "access": "Allow",
                "description": "",
                "destination_address_prefix": "*",
                "destination_address_prefixes": [],
                "destination_application_security_group_ids": [],
                "destination_port_range": "3389",
                "destination_port_ranges": [],
                "direction": "Inbound",
                "name": "RDP",
                "priority": 300,
                "protocol": "Tcp",
                "source_address_prefix": "*",
                "source_address_prefixes": [],
                "source_application_security_group_ids": [],
                "source_port_range": "*",
                "source_port_ranges": []
              }
            ],
            "tags": {
              "Created By": "Maikel van Amen"
            },
            "timeouts": {
              "create": null,
              "delete": null,
              "read": null,
              "update": null
            }
          },
          "sensitive_attributes": [],
          "private": "eyJlMmJmYjczMC1lY2FhLTExZTYtOGY4OC0zNDM2M2JjN2M0YzAiOnsiY3JlYXRlIjoxODAwMDAwMDAwMDAwLCJkZWxldGUiOjE4MDAwMDAwMDAwMDAsInJlYWQiOjMwMDAwMDAwMDAwMCwidXBkYXRlIjoxODAwMDAwMDAwMDAwfSwic2NoZW1hX3ZlcnNpb24iOiIwIn0="
        }
      ]
    },
    {
      "mode": "managed",
      "type": "azurerm_network_security_rule",
      "name": "res-5",
      "provider": "provider[\"registry.terraform.io/hashicorp/azurerm\"]",
      "instances": [
        {
          "schema_version": 0,
          "attributes": {
            "access": "Allow",
            "description": "",
            "destination_address_prefix": "*",
            "destination_address_prefixes": [],
            "destination_application_security_group_ids": [],
            "destination_port_range": "3389",
            "destination_port_ranges": [],
            "direction": "Inbound",
            "id": "/subscriptions/1a0d078e-b0e6-432d-89c7-8a75cac664aa/resourceGroups/Maikel-Playground_ASML/providers/Microsoft.Network/networkSecurityGroups/xsecBeast-nsg/securityRules/RDP",
            "name": "RDP",
            "network_security_group_name": "xsecBeast-nsg",
            "priority": 300,
            "protocol": "Tcp",
            "resource_group_name": "Maikel-Playground_ASML",
            "source_address_prefix": "*",
            "source_address_prefixes": [],
            "source_application_security_group_ids": [],
            "source_port_range": "*",
            "source_port_ranges": [],
            "timeouts": {
              "create": null,
              "delete": null,
              "read": null,
              "update": null
            }
          },
          "sensitive_attributes": [],
          "private": "eyJlMmJmYjczMC1lY2FhLTExZTYtOGY4OC0zNDM2M2JjN2M0YzAiOnsiY3JlYXRlIjoxODAwMDAwMDAwMDAwLCJkZWxldGUiOjE4MDAwMDAwMDAwMDAsInJlYWQiOjMwMDAwMDAwMDAwMCwidXBkYXRlIjoxODAwMDAwMDAwMDAwfSwic2NoZW1hX3ZlcnNpb24iOiIwIn0="
        }
      ]
    },
    {
      "mode": "managed",
      "type": "azurerm_public_ip",
      "name": "res-6",
      "provider": "provider[\"registry.terraform.io/hashicorp/azurerm\"]",
      "instances": [
        {
          "schema_version": 0,
          "attributes": {
            "allocation_method": "Static",
            "ddos_protection_mode": "VirtualNetworkInherited",
            "ddos_protection_plan_id": null,
            "domain_name_label": null,
            "edge_zone": "",
            "fqdn": null,
            "id": "/subscriptions/1a0d078e-b0e6-432d-89c7-8a75cac664aa/resourceGroups/Maikel-Playground_ASML/providers/Microsoft.Network/publicIPAddresses/Maikel-Playground_ASML-vnet-ip",
            "idle_timeout_in_minutes": 4,
            "ip_address": "20.126.133.146",
            "ip_tags": {},
            "ip_version": "IPv4",
            "location": "westeurope",
            "name": "Maikel-Playground_ASML-vnet-ip",
            "public_ip_prefix_id": null,
            "resource_group_name": "Maikel-Playground_ASML",
            "reverse_fqdn": null,
            "sku": "Standard",
            "sku_tier": "Regional",
            "tags": {},
            "timeouts": {
              "create": null,
              "delete": null,
              "read": null,
              "update": null
            },
            "zones": []
          },
          "sensitive_attributes": [],
          "private": "eyJlMmJmYjczMC1lY2FhLTExZTYtOGY4OC0zNDM2M2JjN2M0YzAiOnsiY3JlYXRlIjoxODAwMDAwMDAwMDAwLCJkZWxldGUiOjE4MDAwMDAwMDAwMDAsInJlYWQiOjMwMDAwMDAwMDAwMCwidXBkYXRlIjoxODAwMDAwMDAwMDAwfSwic2NoZW1hX3ZlcnNpb24iOiIwIn0="
        }
      ]
    },
    {
      "mode": "managed",
      "type": "azurerm_public_ip",
      "name": "res-7",
      "provider": "provider[\"registry.terraform.io/hashicorp/azurerm\"]",
      "instances": [
        {
          "schema_version": 0,
          "attributes": {
            "allocation_method": "Static",
            "ddos_protection_mode": "VirtualNetworkInherited",
            "ddos_protection_plan_id": null,
            "domain_name_label": null,
            "edge_zone": "",
            "fqdn": null,
            "id": "/subscriptions/1a0d078e-b0e6-432d-89c7-8a75cac664aa/resourceGroups/Maikel-Playground_ASML/providers/Microsoft.Network/publicIPAddresses/xsecBeast-ip",
            "idle_timeout_in_minutes": 4,
            "ip_address": "20.86.158.179",
            "ip_tags": {},
            "ip_version": "IPv4",
            "location": "westeurope",
            "name": "xsecBeast-ip",
            "public_ip_prefix_id": null,
            "resource_group_name": "Maikel-Playground_ASML",
            "reverse_fqdn": null,
            "sku": "Standard",
            "sku_tier": "Regional",
            "tags": {
              "Created By": "Maikel van Amen"
            },
            "timeouts": {
              "create": null,
              "delete": null,
              "read": null,
              "update": null
            },
            "zones": []
          },
          "sensitive_attributes": [],
          "private": "eyJlMmJmYjczMC1lY2FhLTExZTYtOGY4OC0zNDM2M2JjN2M0YzAiOnsiY3JlYXRlIjoxODAwMDAwMDAwMDAwLCJkZWxldGUiOjE4MDAwMDAwMDAwMDAsInJlYWQiOjMwMDAwMDAwMDAwMCwidXBkYXRlIjoxODAwMDAwMDAwMDAwfSwic2NoZW1hX3ZlcnNpb24iOiIwIn0="
        }
      ]
    },
    {
      "mode": "managed",
      "type": "azurerm_resource_group",
      "name": "res-0",
      "provider": "provider[\"registry.terraform.io/hashicorp/azurerm\"]",
      "instances": [
        {
          "schema_version": 0,
          "attributes": {
            "id": "/subscriptions/1a0d078e-b0e6-432d-89c7-8a75cac664aa/resourceGroups/Maikel-Playground_ASML",
            "location": "westeurope",
            "name": "Maikel-Playground_ASML",
            "tags": {},
            "timeouts": {
              "create": null,
              "delete": null,
              "read": null,
              "update": null
            }
          },
          "sensitive_attributes": [],
          "private": "eyJlMmJmYjczMC1lY2FhLTExZTYtOGY4OC0zNDM2M2JjN2M0YzAiOnsiY3JlYXRlIjo1NDAwMDAwMDAwMDAwLCJkZWxldGUiOjU0MDAwMDAwMDAwMDAsInJlYWQiOjMwMDAwMDAwMDAwMCwidXBkYXRlIjo1NDAwMDAwMDAwMDAwfSwic2NoZW1hX3ZlcnNpb24iOiIwIn0="
        }
      ]
    },
    {
      "mode": "managed",
      "type": "azurerm_subnet",
      "name": "res-10",
      "provider": "provider[\"registry.terraform.io/hashicorp/azurerm\"]",
      "instances": [
        {
          "schema_version": 0,
          "attributes": {
            "address_prefixes": [
              "10.0.0.0/24"
            ],
            "delegation": [],
            "enforce_private_link_endpoint_network_policies": true,
            "enforce_private_link_service_network_policies": false,
            "id": "/subscriptions/1a0d078e-b0e6-432d-89c7-8a75cac664aa/resourceGroups/Maikel-Playground_ASML/providers/Microsoft.Network/virtualNetworks/Maikel-Playground_ASML-vnet/subnets/default",
            "name": "default",
            "private_endpoint_network_policies_enabled": false,
            "private_link_service_network_policies_enabled": true,
            "resource_group_name": "Maikel-Playground_ASML",
            "service_endpoint_policy_ids": [],
            "service_endpoints": [],
            "timeouts": {
              "create": null,
              "delete": null,
              "read": null,
              "update": null
            },
            "virtual_network_name": "Maikel-Playground_ASML-vnet"
          },
          "sensitive_attributes": [],
          "private": "eyJlMmJmYjczMC1lY2FhLTExZTYtOGY4OC0zNDM2M2JjN2M0YzAiOnsiY3JlYXRlIjoxODAwMDAwMDAwMDAwLCJkZWxldGUiOjE4MDAwMDAwMDAwMDAsInJlYWQiOjMwMDAwMDAwMDAwMCwidXBkYXRlIjoxODAwMDAwMDAwMDAwfSwic2NoZW1hX3ZlcnNpb24iOiIwIn0="
        }
      ]
    },
    {
      "mode": "managed",
      "type": "azurerm_subnet",
      "name": "res-9",
      "provider": "provider[\"registry.terraform.io/hashicorp/azurerm\"]",
      "instances": [
        {
          "schema_version": 0,
          "attributes": {
            "address_prefixes": [
              "10.0.1.0/26"
            ],
            "delegation": [],
            "enforce_private_link_endpoint_network_policies": true,
            "enforce_private_link_service_network_policies": false,
            "id": "/subscriptions/1a0d078e-b0e6-432d-89c7-8a75cac664aa/resourceGroups/Maikel-Playground_ASML/providers/Microsoft.Network/virtualNetworks/Maikel-Playground_ASML-vnet/subnets/AzureBastionSubnet",
            "name": "AzureBastionSubnet",
            "private_endpoint_network_policies_enabled": false,
            "private_link_service_network_policies_enabled": true,
            "resource_group_name": "Maikel-Playground_ASML",
            "service_endpoint_policy_ids": [],
            "service_endpoints": [],
            "timeouts": {
              "create": null,
              "delete": null,
              "read": null,
              "update": null
            },
            "virtual_network_name": "Maikel-Playground_ASML-vnet"
          },
          "sensitive_attributes": [],
          "private": "eyJlMmJmYjczMC1lY2FhLTExZTYtOGY4OC0zNDM2M2JjN2M0YzAiOnsiY3JlYXRlIjoxODAwMDAwMDAwMDAwLCJkZWxldGUiOjE4MDAwMDAwMDAwMDAsInJlYWQiOjMwMDAwMDAwMDAwMCwidXBkYXRlIjoxODAwMDAwMDAwMDAwfSwic2NoZW1hX3ZlcnNpb24iOiIwIn0="
        }
      ]
    },
    {
      "mode": "managed",
      "type": "azurerm_virtual_network",
      "name": "res-8",
      "provider": "provider[\"registry.terraform.io/hashicorp/azurerm\"]",
      "instances": [
        {
          "schema_version": 0,
          "attributes": {
            "address_space": [
              "10.0.0.0/16"
            ],
            "bgp_community": "",
            "ddos_protection_plan": [],
            "dns_servers": [],
            "edge_zone": "",
            "flow_timeout_in_minutes": 0,
            "guid": "f7525a60-4f26-4129-a295-b9ef4b6876bb",
            "id": "/subscriptions/1a0d078e-b0e6-432d-89c7-8a75cac664aa/resourceGroups/Maikel-Playground_ASML/providers/Microsoft.Network/virtualNetworks/Maikel-Playground_ASML-vnet",
            "location": "westeurope",
            "name": "Maikel-Playground_ASML-vnet",
            "resource_group_name": "Maikel-Playground_ASML",
            "subnet": [
              {
                "address_prefix": "10.0.0.0/24",
                "id": "/subscriptions/1a0d078e-b0e6-432d-89c7-8a75cac664aa/resourceGroups/Maikel-Playground_ASML/providers/Microsoft.Network/virtualNetworks/Maikel-Playground_ASML-vnet/subnets/default",
                "name": "default",
                "security_group": ""
              },
              {
                "address_prefix": "10.0.1.0/26",
                "id": "/subscriptions/1a0d078e-b0e6-432d-89c7-8a75cac664aa/resourceGroups/Maikel-Playground_ASML/providers/Microsoft.Network/virtualNetworks/Maikel-Playground_ASML-vnet/subnets/AzureBastionSubnet",
                "name": "AzureBastionSubnet",
                "security_group": ""
              }
            ],
            "tags": {
              "Created By": "Maikel van Amen"
            },
            "timeouts": {
              "create": null,
              "delete": null,
              "read": null,
              "update": null
            }
          },
          "sensitive_attributes": [],
          "private": "eyJlMmJmYjczMC1lY2FhLTExZTYtOGY4OC0zNDM2M2JjN2M0YzAiOnsiY3JlYXRlIjoxODAwMDAwMDAwMDAwLCJkZWxldGUiOjE4MDAwMDAwMDAwMDAsInJlYWQiOjMwMDAwMDAwMDAwMCwidXBkYXRlIjoxODAwMDAwMDAwMDAwfSwic2NoZW1hX3ZlcnNpb24iOiIwIn0="
        }
      ]
    },
    {
      "mode": "managed",
      "type": "azurerm_windows_virtual_machine",
      "name": "res-1",
      "provider": "provider[\"registry.terraform.io/hashicorp/azurerm\"]",
      "instances": [
        {
          "schema_version": 0,
          "attributes": {
            "additional_capabilities": [],
            "additional_unattend_content": [],
            "admin_password": "ignored-as-imported",
            "admin_username": "maikelvanamen1",
            "allow_extension_operations": true,
            "availability_set_id": "",
            "boot_diagnostics": [
              {
                "storage_account_uri": ""
              }
            ],
            "capacity_reservation_group_id": "",
            "computer_name": "xsecBeast",
            "custom_data": null,
            "dedicated_host_group_id": "",
            "dedicated_host_id": "",
            "edge_zone": "",
            "enable_automatic_updates": true,
            "encryption_at_host_enabled": false,
            "eviction_policy": "",
            "extensions_time_budget": "PT1H30M",
            "gallery_application": [],
            "hotpatching_enabled": false,
            "id": "/subscriptions/1a0d078e-b0e6-432d-89c7-8a75cac664aa/resourceGroups/Maikel-Playground_ASML/providers/Microsoft.Compute/virtualMachines/xsecBeast",
            "identity": [
              {
                "identity_ids": [],
                "principal_id": "6b3e3110-c48a-450b-a542-ae22e408a0dc",
                "tenant_id": "3d4d17ea-1ae4-4705-947e-51369c5a5f79",
                "type": "SystemAssigned"
              }
            ],
            "license_type": "Windows_Client",
            "location": "westeurope",
            "max_bid_price": -1,
            "name": "xsecBeast",
            "network_interface_ids": [
              "/subscriptions/1a0d078e-b0e6-432d-89c7-8a75cac664aa/resourceGroups/Maikel-Playground_ASML/providers/Microsoft.Network/networkInterfaces/xsecbeast411"
            ],
            "os_disk": [
              {
                "caching": "ReadWrite",
                "diff_disk_settings": [],
                "disk_encryption_set_id": "",
                "disk_size_gb": 127,
                "name": "xsecBeast_OsDisk_1_7b23189b49c24909ad31ab95d3f15130",
                "secure_vm_disk_encryption_set_id": "",
                "security_encryption_type": "",
                "storage_account_type": "Premium_LRS",
                "write_accelerator_enabled": false
              }
            ],
            "patch_assessment_mode": "ImageDefault",
            "patch_mode": "AutomaticByOS",
            "plan": [],
            "platform_fault_domain": -1,
            "priority": "Regular",
            "private_ip_address": "10.0.0.4",
            "private_ip_addresses": [
              "10.0.0.4"
            ],
            "provision_vm_agent": true,
            "proximity_placement_group_id": "",
            "public_ip_address": "20.86.158.179",
            "public_ip_addresses": [
              "20.86.158.179"
            ],
            "resource_group_name": "Maikel-Playground_ASML",
            "secret": [],
            "secure_boot_enabled": false,
            "size": "Standard_D2s_v3",
            "source_image_id": "",
            "source_image_reference": [
              {
                "offer": "windows-11",
                "publisher": "microsoftwindowsdesktop",
                "sku": "win11-21h2-pro",
                "version": "latest"
              }
            ],
            "tags": {
              "Created By": "Maikel van Amen"
            },
            "termination_notification": [],
            "timeouts": {
              "create": null,
              "delete": null,
              "read": null,
              "update": null
            },
            "timezone": "",
            "user_data": "",
            "virtual_machine_id": "c7a606d7-97c7-4c58-ab3c-c458085f4bf1",
            "virtual_machine_scale_set_id": "",
            "vtpm_enabled": false,
            "winrm_listener": [],
            "zone": ""
          },
          "sensitive_attributes": [],
          "private": "eyJlMmJmYjczMC1lY2FhLTExZTYtOGY4OC0zNDM2M2JjN2M0YzAiOnsiY3JlYXRlIjoyNzAwMDAwMDAwMDAwLCJkZWxldGUiOjI3MDAwMDAwMDAwMDAsInJlYWQiOjMwMDAwMDAwMDAwMCwidXBkYXRlIjoyNzAwMDAwMDAwMDAwfSwic2NoZW1hX3ZlcnNpb24iOiIwIn0="
        }
      ]
    }
  ],
  "check_results": null
}
