{
  "version": 4,
  "terraform_version": "1.3.9",
  "serial": 1,
  "lineage": "e291263b-4a3a-e57c-366d-d83340a4ab99",
  "outputs": {},
  "resources": [
    {
      "mode": "managed",
      "type": "azurerm_lb",
      "name": "res-16",
      "provider": "provider[\"registry.terraform.io/hashicorp/azurerm\"]",
      "instances": [
        {
          "schema_version": 0,
          "attributes": {
            "edge_zone": "",
            "frontend_ip_configuration": [
              {
                "gateway_load_balancer_frontend_ip_configuration_id": "",
                "id": "/subscriptions/1a0d078e-b0e6-432d-89c7-8a75cac664aa/resourceGroups/mc_vault_xsec_xsec_westeurope/providers/Microsoft.Network/loadBalancers/kubernetes/frontendIPConfigurations/a904ed7a-878b-408b-9853-61b6dad3c094",
                "inbound_nat_rules": [],
                "load_balancer_rules": [],
                "name": "a904ed7a-878b-408b-9853-61b6dad3c094",
                "outbound_rules": [
                  "/subscriptions/1a0d078e-b0e6-432d-89c7-8a75cac664aa/resourceGroups/mc_vault_xsec_xsec_westeurope/providers/Microsoft.Network/loadBalancers/kubernetes/outboundRules/aksOutboundRule"
                ],
                "private_ip_address": "",
                "private_ip_address_allocation": "Dynamic",
                "private_ip_address_version": "",
                "public_ip_address_id": "/subscriptions/1a0d078e-b0e6-432d-89c7-8a75cac664aa/resourceGroups/MC_Vault_Xsec_Xsec_westeurope/providers/Microsoft.Network/publicIPAddresses/a904ed7a-878b-408b-9853-61b6dad3c094",
                "public_ip_prefix_id": "",
                "subnet_id": "",
                "zones": []
              },
              {
                "gateway_load_balancer_frontend_ip_configuration_id": "",
                "id": "/subscriptions/1a0d078e-b0e6-432d-89c7-8a75cac664aa/resourceGroups/mc_vault_xsec_xsec_westeurope/providers/Microsoft.Network/loadBalancers/kubernetes/frontendIPConfigurations/ad79f800b9a9446748c36c88e45bd72d",
                "inbound_nat_rules": [],
                "load_balancer_rules": [
                  "/subscriptions/1a0d078e-b0e6-432d-89c7-8a75cac664aa/resourceGroups/mc_vault_xsec_xsec_westeurope/providers/Microsoft.Network/loadBalancers/kubernetes/loadBalancingRules/ad79f800b9a9446748c36c88e45bd72d-TCP-8200"
                ],
                "name": "ad79f800b9a9446748c36c88e45bd72d",
                "outbound_rules": [],
                "private_ip_address": "",
                "private_ip_address_allocation": "Dynamic",
                "private_ip_address_version": "",
                "public_ip_address_id": "/subscriptions/1a0d078e-b0e6-432d-89c7-8a75cac664aa/resourceGroups/mc_vault_xsec_xsec_westeurope/providers/Microsoft.Network/publicIPAddresses/kubernetes-ad79f800b9a9446748c36c88e45bd72d",
                "public_ip_prefix_id": "",
                "subnet_id": "",
                "zones": []
              }
            ],
            "id": "/subscriptions/1a0d078e-b0e6-432d-89c7-8a75cac664aa/resourceGroups/mc_vault_xsec_xsec_westeurope/providers/Microsoft.Network/loadBalancers/kubernetes",
            "location": "westeurope",
            "name": "kubernetes",
            "private_ip_address": "",
            "private_ip_addresses": [],
            "resource_group_name": "mc_vault_xsec_xsec_westeurope",
            "sku": "Standard",
            "sku_tier": "Regional",
            "tags": {
              "Environment": "Production",
              "aks-managed-cluster-name": "Xsec",
              "aks-managed-cluster-rg": "Vault_Xsec"
            },
            "timeouts": {
              "create": null,
              "delete": null,
              "read": null,
              "update": null
            }
          },
          "sensitive_attributes": [],
          "private": "eyJlMmJmYjczMC1lY2FhLTExZTYtOGY4OC0zNDM2M2JjN2M0YzAiOnsiY3JlYXRlIjoxODAwMDAwMDAwMDAwLCJkZWxldGUiOjE4MDAwMDAwMDAwMDAsInJlYWQiOjMwMDAwMDAwMDAwMCwidXBkYXRlIjoxODAwMDAwMDAwMDAwfSwic2NoZW1hX3ZlcnNpb24iOiIwIn0="
        }
      ]
    },
    {
      "mode": "managed",
      "type": "azurerm_lb_backend_address_pool",
      "name": "res-17",
      "provider": "provider[\"registry.terraform.io/hashicorp/azurerm\"]",
      "instances": [
        {
          "schema_version": 0,
          "attributes": {
            "backend_ip_configurations": [
              "/subscriptions/1a0d078e-b0e6-432d-89c7-8a75cac664aa/resourceGroups/MC_Vault_Xsec_Xsec_westeurope/providers/Microsoft.Compute/virtualMachineScaleSets/aks-default-11516176-vmss/virtualMachines/0/networkInterfaces/aks-default-11516176-vmss/ipConfigurations/ipconfig1"
            ],
            "id": "/subscriptions/1a0d078e-b0e6-432d-89c7-8a75cac664aa/resourceGroups/mc_vault_xsec_xsec_westeurope/providers/Microsoft.Network/loadBalancers/kubernetes/backendAddressPools/aksOutboundBackendPool",
            "inbound_nat_rules": [],
            "load_balancing_rules": [],
            "loadbalancer_id": "/subscriptions/1a0d078e-b0e6-432d-89c7-8a75cac664aa/resourceGroups/mc_vault_xsec_xsec_westeurope/providers/Microsoft.Network/loadBalancers/kubernetes",
            "name": "aksOutboundBackendPool",
            "outbound_rules": [
              "/subscriptions/1a0d078e-b0e6-432d-89c7-8a75cac664aa/resourceGroups/mc_vault_xsec_xsec_westeurope/providers/Microsoft.Network/loadBalancers/kubernetes/outboundRules/aksOutboundRule"
            ],
            "timeouts": {
              "create": null,
              "delete": null,
              "read": null,
              "update": null
            },
            "tunnel_interface": [],
            "virtual_network_id": ""
          },
          "sensitive_attributes": [],
          "private": "eyJlMmJmYjczMC1lY2FhLTExZTYtOGY4OC0zNDM2M2JjN2M0YzAiOnsiY3JlYXRlIjoxODAwMDAwMDAwMDAwLCJkZWxldGUiOjE4MDAwMDAwMDAwMDAsInJlYWQiOjMwMDAwMDAwMDAwMCwidXBkYXRlIjoxODAwMDAwMDAwMDAwfSwic2NoZW1hX3ZlcnNpb24iOiIwIn0="
        }
      ]
    },
    {
      "mode": "managed",
      "type": "azurerm_lb_backend_address_pool",
      "name": "res-18",
      "provider": "provider[\"registry.terraform.io/hashicorp/azurerm\"]",
      "instances": [
        {
          "schema_version": 0,
          "attributes": {
            "backend_ip_configurations": [
              "/subscriptions/1a0d078e-b0e6-432d-89c7-8a75cac664aa/resourceGroups/MC_Vault_Xsec_Xsec_westeurope/providers/Microsoft.Compute/virtualMachineScaleSets/aks-default-11516176-vmss/virtualMachines/0/networkInterfaces/aks-default-11516176-vmss/ipConfigurations/ipconfig1"
            ],
            "id": "/subscriptions/1a0d078e-b0e6-432d-89c7-8a75cac664aa/resourceGroups/mc_vault_xsec_xsec_westeurope/providers/Microsoft.Network/loadBalancers/kubernetes/backendAddressPools/kubernetes",
            "inbound_nat_rules": [],
            "load_balancing_rules": [
              "/subscriptions/1a0d078e-b0e6-432d-89c7-8a75cac664aa/resourceGroups/mc_vault_xsec_xsec_westeurope/providers/Microsoft.Network/loadBalancers/kubernetes/loadBalancingRules/ad79f800b9a9446748c36c88e45bd72d-TCP-8200"
            ],
            "loadbalancer_id": "/subscriptions/1a0d078e-b0e6-432d-89c7-8a75cac664aa/resourceGroups/mc_vault_xsec_xsec_westeurope/providers/Microsoft.Network/loadBalancers/kubernetes",
            "name": "kubernetes",
            "outbound_rules": [],
            "timeouts": {
              "create": null,
              "delete": null,
              "read": null,
              "update": null
            },
            "tunnel_interface": [],
            "virtual_network_id": ""
          },
          "sensitive_attributes": [],
          "private": "eyJlMmJmYjczMC1lY2FhLTExZTYtOGY4OC0zNDM2M2JjN2M0YzAiOnsiY3JlYXRlIjoxODAwMDAwMDAwMDAwLCJkZWxldGUiOjE4MDAwMDAwMDAwMDAsInJlYWQiOjMwMDAwMDAwMDAwMCwidXBkYXRlIjoxODAwMDAwMDAwMDAwfSwic2NoZW1hX3ZlcnNpb24iOiIwIn0="
        }
      ]
    },
    {
      "mode": "managed",
      "type": "azurerm_linux_virtual_machine_scale_set",
      "name": "res-1",
      "provider": "provider[\"registry.terraform.io/hashicorp/azurerm\"]",
      "instances": [
        {
          "schema_version": 0,
          "attributes": {
            "additional_capabilities": [],
            "admin_password": null,
            "admin_ssh_key": [
              {
                "public_key": "ssh-rsa AAAAB3NzaC1yc2EAAAADAQABAAACAQC9K6n1Dlr1IEJRHR11NwjnA5/zXyFaV7yYfhU0zcLoB+moVQ/5ArcqkGXpalVnruz+t0oO8lR736NOypuIXKBN+Y5pSSdasHlM53wz8oL85l3IBv6wbZw5mWb9mUsNtZ7RjXmQ2/VleuWIO0T1FXFUf8PkbErXltNJuuKOmoLLSGqgp5UbrzWAGwxE5IDxDFKI1UppB8hnCRV5k4lhVR9S4TNXL3PAQBH9KlpNqbq8HdVmtY4+64rvybMeyyUQV2t4y8fxvl8/lU6dWMtFgM0QCKw3XE1hMjJ6FaKs6eEQUQMgOHGkeVmGNYEt+3jcx/SwHXrGN7yZw2O7BzlvJ+jJT1omxCKtrjCVv4GitISx2E5xXwqsgCSoCdGHHdUH5K85mZHv8jIsQPkxKh3/6M0vYl/T1dt/IWqd4UG911EhNDQuUX9VNhaR0LR6wF67b2qjs1BsrTX8Ge4oS7czkk82pJ7tyhsbllAt/fpbpFV8mMXUr0lIybZWbA8gsM+LsKEgPi3Dp6uJvdjICy6jDNKgNjWWxpXvUvpE6Gz6YB0lZ3ds/535jiSDtC9x8m/6RjmwykB6K+dEKu+yMSu6n6nbZ+m3MKL5weCHPvZZ4gBle9CqJJbA/6ziTKmF9atzckTH+SNTNDtVRUJX++NRotAT/tW/KYuu4VjOK0bgmJT1+w==\n",
                "username": "azureuser"
              }
            ],
            "admin_username": "azureuser",
            "automatic_instance_repair": [
              {
                "enabled": false,
                "grace_period": "PT30M"
              }
            ],
            "automatic_os_upgrade_policy": [],
            "boot_diagnostics": [],
            "capacity_reservation_group_id": "",
            "computer_name_prefix": "aks-default-11516176-vmss",
            "custom_data": null,
            "data_disk": [],
            "disable_password_authentication": true,
            "do_not_run_extensions_on_overprovisioned_machines": false,
            "edge_zone": "",
            "encryption_at_host_enabled": false,
            "eviction_policy": "",
            "extension": [
              {
                "auto_upgrade_minor_version": false,
                "automatic_upgrade_enabled": false,
                "force_update_tag": "",
                "name": "AKSLinuxExtension",
                "protected_settings": "",
                "protected_settings_from_key_vault": [],
                "provision_after_extensions": [
                  "vmssCSE"
                ],
                "publisher": "Microsoft.AKS",
                "settings": "",
                "type": "Compute.AKS.Linux.AKSNode",
                "type_handler_version": "1.39"
              },
              {
                "auto_upgrade_minor_version": true,
                "automatic_upgrade_enabled": false,
                "force_update_tag": "",
                "name": "aks-default-11516176-vmss-AKSLinuxBilling",
                "protected_settings": "",
                "protected_settings_from_key_vault": [],
                "provision_after_extensions": [],
                "publisher": "Microsoft.AKS",
                "settings": "",
                "type": "Compute.AKS.Linux.Billing",
                "type_handler_version": "1.0"
              },
              {
                "auto_upgrade_minor_version": true,
                "automatic_upgrade_enabled": false,
                "force_update_tag": "",
                "name": "vmssCSE",
                "protected_settings": "",
                "protected_settings_from_key_vault": [],
                "provision_after_extensions": [],
                "publisher": "Microsoft.Azure.Extensions",
                "settings": "",
                "type": "CustomScript",
                "type_handler_version": "2.0"
              }
            ],
            "extension_operations_enabled": true,
            "extensions_time_budget": "PT16M",
            "gallery_application": [],
            "gallery_applications": [],
            "health_probe_id": "",
            "host_group_id": null,
            "id": "/subscriptions/1a0d078e-b0e6-432d-89c7-8a75cac664aa/resourceGroups/MC_Vault_Xsec_Xsec_westeurope/providers/Microsoft.Compute/virtualMachineScaleSets/aks-default-11516176-vmss",
            "identity": [
              {
                "identity_ids": [
                  "/subscriptions/1a0d078e-b0e6-432d-89c7-8a75cac664aa/resourceGroups/MC_Vault_Xsec_Xsec_westeurope/providers/Microsoft.ManagedIdentity/userAssignedIdentities/Xsec-agentpool"
                ],
                "principal_id": "",
                "tenant_id": "",
                "type": "UserAssigned"
              }
            ],
            "instances": 1,
            "location": "westeurope",
            "max_bid_price": -1,
            "name": "aks-default-11516176-vmss",
            "network_interface": [
              {
                "dns_servers": [],
                "enable_accelerated_networking": true,
                "enable_ip_forwarding": true,
                "ip_configuration": [
                  {
                    "application_gateway_backend_address_pool_ids": [],
                    "application_security_group_ids": [],
                    "load_balancer_backend_address_pool_ids": [
                      "/subscriptions/1a0d078e-b0e6-432d-89c7-8a75cac664aa/resourceGroups/MC_Vault_Xsec_Xsec_westeurope/providers/Microsoft.Network/loadBalancers/kubernetes/backendAddressPools/aksOutboundBackendPool",
                      "/subscriptions/1a0d078e-b0e6-432d-89c7-8a75cac664aa/resourceGroups/MC_Vault_Xsec_Xsec_westeurope/providers/Microsoft.Network/loadBalancers/kubernetes/backendAddressPools/kubernetes"
                    ],
                    "load_balancer_inbound_nat_rules_ids": [],
                    "name": "ipconfig1",
                    "primary": true,
                    "public_ip_address": [],
                    "subnet_id": "/subscriptions/1a0d078e-b0e6-432d-89c7-8a75cac664aa/resourceGroups/MC_Vault_Xsec_Xsec_westeurope/providers/Microsoft.Network/virtualNetworks/aks-vnet-41832928/subnets/aks-subnet",
                    "version": "IPv4"
                  }
                ],
                "name": "aks-default-11516176-vmss",
                "network_security_group_id": "",
                "primary": true
              }
            ],
            "os_disk": [
              {
                "caching": "ReadWrite",
                "diff_disk_settings": [],
                "disk_encryption_set_id": "",
                "disk_size_gb": 128,
                "secure_vm_disk_encryption_set_id": "",
                "security_encryption_type": "",
                "storage_account_type": "Standard_LRS",
                "write_accelerator_enabled": false
              }
            ],
            "overprovision": false,
            "plan": [],
            "platform_fault_domain_count": 1,
            "priority": "Regular",
            "provision_vm_agent": true,
            "proximity_placement_group_id": "",
            "resource_group_name": "MC_Vault_Xsec_Xsec_westeurope",
            "rolling_upgrade_policy": [],
            "scale_in": [],
            "scale_in_policy": "Default",
            "secret": [],
            "secure_boot_enabled": false,
            "single_placement_group": false,
            "sku": "Standard_D2_v2",
            "source_image_id": "/subscriptions/109a5e88-712a-48ae-9078-9ca8b3c81345/resourceGroups/AKS-Ubuntu/providers/Microsoft.Compute/galleries/AKSUbuntu/images/1804containerd/versions/2023.02.15",
            "source_image_reference": [],
            "spot_restore": [],
            "tags": {
              "aks-managed-coordination": "true",
              "aks-managed-createOperationID": "6e3f2562-e2fb-4023-81b5-caf243c15bc7",
              "aks-managed-creationSource": "vmssclient-aks-default-11516176-vmss",
              "aks-managed-kubeletIdentityClientID": "0f961be1-e758-4f1c-ba6b-9838dfcf8c8d",
              "aks-managed-orchestrator": "Kubernetes:1.24.9",
              "aks-managed-poolName": "default",
              "aks-managed-resourceNameSuffix": "41832928"
            },
            "terminate_notification": [],
            "termination_notification": [],
            "timeouts": {
              "create": null,
              "delete": null,
              "read": null,
              "update": null
            },
            "unique_id": "f654b796-614f-4dd1-b1ac-33f16c0671f3",
            "upgrade_mode": "Manual",
            "user_data": "",
            "vtpm_enabled": false,
            "zone_balance": false,
            "zones": []
          },
          "sensitive_attributes": [],
          "private": "eyJlMmJmYjczMC1lY2FhLTExZTYtOGY4OC0zNDM2M2JjN2M0YzAiOnsiY3JlYXRlIjozNjAwMDAwMDAwMDAwLCJkZWxldGUiOjM2MDAwMDAwMDAwMDAsInJlYWQiOjMwMDAwMDAwMDAwMCwidXBkYXRlIjozNjAwMDAwMDAwMDAwfSwic2NoZW1hX3ZlcnNpb24iOiIwIn0="
        }
      ]
    },
    {
      "mode": "managed",
      "type": "azurerm_network_security_group",
      "name": "res-19",
      "provider": "provider[\"registry.terraform.io/hashicorp/azurerm\"]",
      "instances": [
        {
          "schema_version": 0,
          "attributes": {
            "id": "/subscriptions/1a0d078e-b0e6-432d-89c7-8a75cac664aa/resourceGroups/mc_vault_xsec_xsec_westeurope/providers/Microsoft.Network/networkSecurityGroups/aks-agentpool-41832928-nsg",
            "location": "westeurope",
            "name": "aks-agentpool-41832928-nsg",
            "resource_group_name": "mc_vault_xsec_xsec_westeurope",
            "security_rule": [
              {
                "access": "Allow",
                "description": "",
                "destination_address_prefix": "20.4.161.180",
                "destination_address_prefixes": [],
                "destination_application_security_group_ids": [],
                "destination_port_range": "8200",
                "destination_port_ranges": [],
                "direction": "Inbound",
                "name": "ad79f800b9a9446748c36c88e45bd72d-TCP-8200-Internet",
                "priority": 500,
                "protocol": "Tcp",
                "source_address_prefix": "Internet",
                "source_address_prefixes": [],
                "source_application_security_group_ids": [],
                "source_port_range": "*",
                "source_port_ranges": []
              }
            ],
            "tags": {
              "Environment": "Production"
            },
            "timeouts": {
              "create": null,
              "delete": null,
              "read": null,
              "update": null
            }
          },
          "sensitive_attributes": [],
          "private": "eyJlMmJmYjczMC1lY2FhLTExZTYtOGY4OC0zNDM2M2JjN2M0YzAiOnsiY3JlYXRlIjoxODAwMDAwMDAwMDAwLCJkZWxldGUiOjE4MDAwMDAwMDAwMDAsInJlYWQiOjMwMDAwMDAwMDAwMCwidXBkYXRlIjoxODAwMDAwMDAwMDAwfSwic2NoZW1hX3ZlcnNpb24iOiIwIn0="
        }
      ]
    },
    {
      "mode": "managed",
      "type": "azurerm_network_security_rule",
      "name": "res-20",
      "provider": "provider[\"registry.terraform.io/hashicorp/azurerm\"]",
      "instances": [
        {
          "schema_version": 0,
          "attributes": {
            "access": "Allow",
            "description": "",
            "destination_address_prefix": "20.4.161.180",
            "destination_address_prefixes": [],
            "destination_application_security_group_ids": [],
            "destination_port_range": "8200",
            "destination_port_ranges": [],
            "direction": "Inbound",
            "id": "/subscriptions/1a0d078e-b0e6-432d-89c7-8a75cac664aa/resourceGroups/mc_vault_xsec_xsec_westeurope/providers/Microsoft.Network/networkSecurityGroups/aks-agentpool-41832928-nsg/securityRules/ad79f800b9a9446748c36c88e45bd72d-TCP-8200-Internet",
            "name": "ad79f800b9a9446748c36c88e45bd72d-TCP-8200-Internet",
            "network_security_group_name": "aks-agentpool-41832928-nsg",
            "priority": 500,
            "protocol": "Tcp",
            "resource_group_name": "mc_vault_xsec_xsec_westeurope",
            "source_address_prefix": "Internet",
            "source_address_prefixes": [],
            "source_application_security_group_ids": [],
            "source_port_range": "*",
            "source_port_ranges": [],
            "timeouts": {
              "create": null,
              "delete": null,
              "read": null,
              "update": null
            }
          },
          "sensitive_attributes": [],
          "private": "eyJlMmJmYjczMC1lY2FhLTExZTYtOGY4OC0zNDM2M2JjN2M0YzAiOnsiY3JlYXRlIjoxODAwMDAwMDAwMDAwLCJkZWxldGUiOjE4MDAwMDAwMDAwMDAsInJlYWQiOjMwMDAwMDAwMDAwMCwidXBkYXRlIjoxODAwMDAwMDAwMDAwfSwic2NoZW1hX3ZlcnNpb24iOiIwIn0="
        }
      ]
    },
    {
      "mode": "managed",
      "type": "azurerm_public_ip",
      "name": "res-10",
      "provider": "provider[\"registry.terraform.io/hashicorp/azurerm\"]",
      "instances": [
        {
          "schema_version": 0,
          "attributes": {
            "allocation_method": "Static",
            "ddos_protection_mode": "VirtualNetworkInherited",
            "ddos_protection_plan_id": null,
            "domain_name_label": null,
            "edge_zone": "",
            "fqdn": null,
            "id": "/subscriptions/1a0d078e-b0e6-432d-89c7-8a75cac664aa/resourceGroups/MC_Vault_Xsec_Xsec_westeurope/providers/Microsoft.Network/publicIPAddresses/a904ed7a-878b-408b-9853-61b6dad3c094",
            "idle_timeout_in_minutes": 30,
            "ip_address": "20.101.244.141",
            "ip_tags": {},
            "ip_version": "IPv4",
            "location": "westeurope",
            "name": "a904ed7a-878b-408b-9853-61b6dad3c094",
            "public_ip_prefix_id": null,
            "resource_group_name": "MC_Vault_Xsec_Xsec_westeurope",
            "reverse_fqdn": null,
            "sku": "Standard",
            "sku_tier": "Regional",
            "tags": {
              "Environment": "Production",
              "aks-managed-cluster-name": "Xsec",
              "aks-managed-cluster-rg": "Vault_Xsec",
              "aks-managed-type": "aks-slb-managed-outbound-ip"
            },
            "timeouts": {
              "create": null,
              "delete": null,
              "read": null,
              "update": null
            },
            "zones": [
              "1",
              "2",
              "3"
            ]
          },
          "sensitive_attributes": [],
          "private": "eyJlMmJmYjczMC1lY2FhLTExZTYtOGY4OC0zNDM2M2JjN2M0YzAiOnsiY3JlYXRlIjoxODAwMDAwMDAwMDAwLCJkZWxldGUiOjE4MDAwMDAwMDAwMDAsInJlYWQiOjMwMDAwMDAwMDAwMCwidXBkYXRlIjoxODAwMDAwMDAwMDAwfSwic2NoZW1hX3ZlcnNpb24iOiIwIn0="
        }
      ]
    },
    {
      "mode": "managed",
      "type": "azurerm_public_ip",
      "name": "res-21",
      "provider": "provider[\"registry.terraform.io/hashicorp/azurerm\"]",
      "instances": [
        {
          "schema_version": 0,
          "attributes": {
            "allocation_method": "Static",
            "ddos_protection_mode": "VirtualNetworkInherited",
            "ddos_protection_plan_id": null,
            "domain_name_label": null,
            "edge_zone": "",
            "fqdn": null,
            "id": "/subscriptions/1a0d078e-b0e6-432d-89c7-8a75cac664aa/resourceGroups/mc_vault_xsec_xsec_westeurope/providers/Microsoft.Network/publicIPAddresses/kubernetes-ad79f800b9a9446748c36c88e45bd72d",
            "idle_timeout_in_minutes": 4,
            "ip_address": "20.4.161.180",
            "ip_tags": {},
            "ip_version": "IPv4",
            "location": "westeurope",
            "name": "kubernetes-ad79f800b9a9446748c36c88e45bd72d",
            "public_ip_prefix_id": null,
            "resource_group_name": "mc_vault_xsec_xsec_westeurope",
            "reverse_fqdn": null,
            "sku": "Standard",
            "sku_tier": "Regional",
            "tags": {
              "Environment": "Production",
              "k8s-azure-cluster-name": "kubernetes",
              "k8s-azure-service": "default/hcvault-ui"
            },
            "timeouts": {
              "create": null,
              "delete": null,
              "read": null,
              "update": null
            },
            "zones": [
              "1",
              "2",
              "3"
            ]
          },
          "sensitive_attributes": [],
          "private": "eyJlMmJmYjczMC1lY2FhLTExZTYtOGY4OC0zNDM2M2JjN2M0YzAiOnsiY3JlYXRlIjoxODAwMDAwMDAwMDAwLCJkZWxldGUiOjE4MDAwMDAwMDAwMDAsInJlYWQiOjMwMDAwMDAwMDAwMCwidXBkYXRlIjoxODAwMDAwMDAwMDAwfSwic2NoZW1hX3ZlcnNpb24iOiIwIn0="
        }
      ]
    },
    {
      "mode": "managed",
      "type": "azurerm_resource_group",
      "name": "res-0",
      "provider": "provider[\"registry.terraform.io/hashicorp/azurerm\"]",
      "instances": [
        {
          "schema_version": 0,
          "attributes": {
            "id": "/subscriptions/1a0d078e-b0e6-432d-89c7-8a75cac664aa/resourceGroups/MC_Vault_Xsec_Xsec_westeurope",
            "location": "westeurope",
            "name": "MC_Vault_Xsec_Xsec_westeurope",
            "tags": {
              "Environment": "Production",
              "aks-managed-cluster-name": "Xsec",
              "aks-managed-cluster-rg": "Vault_Xsec"
            },
            "timeouts": {
              "create": null,
              "delete": null,
              "read": null,
              "update": null
            }
          },
          "sensitive_attributes": [],
          "private": "eyJlMmJmYjczMC1lY2FhLTExZTYtOGY4OC0zNDM2M2JjN2M0YzAiOnsiY3JlYXRlIjo1NDAwMDAwMDAwMDAwLCJkZWxldGUiOjU0MDAwMDAwMDAwMDAsInJlYWQiOjMwMDAwMDAwMDAwMCwidXBkYXRlIjo1NDAwMDAwMDAwMDAwfSwic2NoZW1hX3ZlcnNpb24iOiIwIn0="
        }
      ]
    },
    {
      "mode": "managed",
      "type": "azurerm_route",
      "name": "res-22",
      "provider": "provider[\"registry.terraform.io/hashicorp/azurerm\"]",
      "instances": [
        {
          "schema_version": 0,
          "attributes": {
            "address_prefix": "10.244.0.0/24",
            "id": "/subscriptions/1a0d078e-b0e6-432d-89c7-8a75cac664aa/resourceGroups/mc_vault_xsec_xsec_westeurope/providers/Microsoft.Network/routeTables/aks-agentpool-41832928-routetable/routes/aks-default-11516176-vmss000000____102440024",
            "name": "aks-default-11516176-vmss000000____102440024",
            "next_hop_in_ip_address": "10.224.0.4",
            "next_hop_type": "VirtualAppliance",
            "resource_group_name": "mc_vault_xsec_xsec_westeurope",
            "route_table_name": "aks-agentpool-41832928-routetable",
            "timeouts": {
              "create": null,
              "delete": null,
              "read": null,
              "update": null
            }
          },
          "sensitive_attributes": [],
          "private": "eyJlMmJmYjczMC1lY2FhLTExZTYtOGY4OC0zNDM2M2JjN2M0YzAiOnsiY3JlYXRlIjoxODAwMDAwMDAwMDAwLCJkZWxldGUiOjE4MDAwMDAwMDAwMDAsInJlYWQiOjMwMDAwMDAwMDAwMCwidXBkYXRlIjoxODAwMDAwMDAwMDAwfSwic2NoZW1hX3ZlcnNpb24iOiIwIn0="
        }
      ]
    },
    {
      "mode": "managed",
      "type": "azurerm_route_table",
      "name": "res-11",
      "provider": "provider[\"registry.terraform.io/hashicorp/azurerm\"]",
      "instances": [
        {
          "schema_version": 0,
          "attributes": {
            "disable_bgp_route_propagation": false,
            "id": "/subscriptions/1a0d078e-b0e6-432d-89c7-8a75cac664aa/resourceGroups/MC_Vault_Xsec_Xsec_westeurope/providers/Microsoft.Network/routeTables/aks-agentpool-41832928-routetable",
            "location": "westeurope",
            "name": "aks-agentpool-41832928-routetable",
            "resource_group_name": "MC_Vault_Xsec_Xsec_westeurope",
            "route": [
              {
                "address_prefix": "10.244.0.0/24",
                "name": "aks-default-11516176-vmss000000____102440024",
                "next_hop_in_ip_address": "10.224.0.4",
                "next_hop_type": "VirtualAppliance"
              }
            ],
            "subnets": [
              "/subscriptions/1a0d078e-b0e6-432d-89c7-8a75cac664aa/resourceGroups/MC_Vault_Xsec_Xsec_westeurope/providers/Microsoft.Network/virtualNetworks/aks-vnet-41832928/subnets/aks-subnet"
            ],
            "tags": {
              "Environment": "Production"
            },
            "timeouts": {
              "create": null,
              "delete": null,
              "read": null,
              "update": null
            }
          },
          "sensitive_attributes": [],
          "private": "eyJlMmJmYjczMC1lY2FhLTExZTYtOGY4OC0zNDM2M2JjN2M0YzAiOnsiY3JlYXRlIjoxODAwMDAwMDAwMDAwLCJkZWxldGUiOjE4MDAwMDAwMDAwMDAsInJlYWQiOjMwMDAwMDAwMDAwMCwidXBkYXRlIjoxODAwMDAwMDAwMDAwfSwic2NoZW1hX3ZlcnNpb24iOiIwIn0="
        }
      ]
    },
    {
      "mode": "managed",
      "type": "azurerm_subnet",
      "name": "res-13",
      "provider": "provider[\"registry.terraform.io/hashicorp/azurerm\"]",
      "instances": [
        {
          "schema_version": 0,
          "attributes": {
            "address_prefixes": [
              "10.224.0.0/16"
            ],
            "delegation": [],
            "enforce_private_link_endpoint_network_policies": true,
            "enforce_private_link_service_network_policies": false,
            "id": "/subscriptions/1a0d078e-b0e6-432d-89c7-8a75cac664aa/resourceGroups/MC_Vault_Xsec_Xsec_westeurope/providers/Microsoft.Network/virtualNetworks/aks-vnet-41832928/subnets/aks-subnet",
            "name": "aks-subnet",
            "private_endpoint_network_policies_enabled": false,
            "private_link_service_network_policies_enabled": true,
            "resource_group_name": "MC_Vault_Xsec_Xsec_westeurope",
            "service_endpoint_policy_ids": [],
            "service_endpoints": [],
            "timeouts": {
              "create": null,
              "delete": null,
              "read": null,
              "update": null
            },
            "virtual_network_name": "aks-vnet-41832928"
          },
          "sensitive_attributes": [],
          "private": "eyJlMmJmYjczMC1lY2FhLTExZTYtOGY4OC0zNDM2M2JjN2M0YzAiOnsiY3JlYXRlIjoxODAwMDAwMDAwMDAwLCJkZWxldGUiOjE4MDAwMDAwMDAwMDAsInJlYWQiOjMwMDAwMDAwMDAwMCwidXBkYXRlIjoxODAwMDAwMDAwMDAwfSwic2NoZW1hX3ZlcnNpb24iOiIwIn0="
        }
      ]
    },
    {
      "mode": "managed",
      "type": "azurerm_subnet_network_security_group_association",
      "name": "res-14",
      "provider": "provider[\"registry.terraform.io/hashicorp/azurerm\"]",
      "instances": [
        {
          "schema_version": 0,
          "attributes": {
            "id": "/subscriptions/1a0d078e-b0e6-432d-89c7-8a75cac664aa/resourceGroups/MC_Vault_Xsec_Xsec_westeurope/providers/Microsoft.Network/virtualNetworks/aks-vnet-41832928/subnets/aks-subnet",
            "network_security_group_id": "/subscriptions/1a0d078e-b0e6-432d-89c7-8a75cac664aa/resourceGroups/MC_Vault_Xsec_Xsec_westeurope/providers/Microsoft.Network/networkSecurityGroups/aks-agentpool-41832928-nsg",
            "subnet_id": "/subscriptions/1a0d078e-b0e6-432d-89c7-8a75cac664aa/resourceGroups/MC_Vault_Xsec_Xsec_westeurope/providers/Microsoft.Network/virtualNetworks/aks-vnet-41832928/subnets/aks-subnet",
            "timeouts": {
              "create": null,
              "delete": null,
              "read": null,
              "update": null
            }
          },
          "sensitive_attributes": [],
          "private": "eyJlMmJmYjczMC1lY2FhLTExZTYtOGY4OC0zNDM2M2JjN2M0YzAiOnsiY3JlYXRlIjoxODAwMDAwMDAwMDAwLCJkZWxldGUiOjE4MDAwMDAwMDAwMDAsInJlYWQiOjMwMDAwMDAwMDAwMCwidXBkYXRlIjoxODAwMDAwMDAwMDAwfSwic2NoZW1hX3ZlcnNpb24iOiIwIn0="
        }
      ]
    },
    {
      "mode": "managed",
      "type": "azurerm_subnet_route_table_association",
      "name": "res-15",
      "provider": "provider[\"registry.terraform.io/hashicorp/azurerm\"]",
      "instances": [
        {
          "schema_version": 0,
          "attributes": {
            "id": "/subscriptions/1a0d078e-b0e6-432d-89c7-8a75cac664aa/resourceGroups/MC_Vault_Xsec_Xsec_westeurope/providers/Microsoft.Network/virtualNetworks/aks-vnet-41832928/subnets/aks-subnet",
            "route_table_id": "/subscriptions/1a0d078e-b0e6-432d-89c7-8a75cac664aa/resourceGroups/MC_Vault_Xsec_Xsec_westeurope/providers/Microsoft.Network/routeTables/aks-agentpool-41832928-routetable",
            "subnet_id": "/subscriptions/1a0d078e-b0e6-432d-89c7-8a75cac664aa/resourceGroups/MC_Vault_Xsec_Xsec_westeurope/providers/Microsoft.Network/virtualNetworks/aks-vnet-41832928/subnets/aks-subnet",
            "timeouts": {
              "create": null,
              "delete": null,
              "read": null,
              "update": null
            }
          },
          "sensitive_attributes": [],
          "private": "eyJlMmJmYjczMC1lY2FhLTExZTYtOGY4OC0zNDM2M2JjN2M0YzAiOnsiY3JlYXRlIjoxODAwMDAwMDAwMDAwLCJkZWxldGUiOjE4MDAwMDAwMDAwMDAsInJlYWQiOjMwMDAwMDAwMDAwMCwidXBkYXRlIjoxODAwMDAwMDAwMDAwfSwic2NoZW1hX3ZlcnNpb24iOiIwIn0="
        }
      ]
    },
    {
      "mode": "managed",
      "type": "azurerm_user_assigned_identity",
      "name": "res-9",
      "provider": "provider[\"registry.terraform.io/hashicorp/azurerm\"]",
      "instances": [
        {
          "schema_version": 1,
          "attributes": {
            "client_id": "0f961be1-e758-4f1c-ba6b-9838dfcf8c8d",
            "id": "/subscriptions/1a0d078e-b0e6-432d-89c7-8a75cac664aa/resourceGroups/MC_Vault_Xsec_Xsec_westeurope/providers/Microsoft.ManagedIdentity/userAssignedIdentities/Xsec-agentpool",
            "location": "westeurope",
            "name": "Xsec-agentpool",
            "principal_id": "6480f3b7-a0fe-4775-bda9-a4ce707fd315",
            "resource_group_name": "MC_Vault_Xsec_Xsec_westeurope",
            "tags": {
              "Environment": "Production"
            },
            "tenant_id": "3d4d17ea-1ae4-4705-947e-51369c5a5f79",
            "timeouts": {
              "create": null,
              "delete": null,
              "read": null,
              "update": null
            }
          },
          "sensitive_attributes": [],
          "private": "eyJlMmJmYjczMC1lY2FhLTExZTYtOGY4OC0zNDM2M2JjN2M0YzAiOnsiY3JlYXRlIjoxODAwMDAwMDAwMDAwLCJkZWxldGUiOjE4MDAwMDAwMDAwMDAsInJlYWQiOjMwMDAwMDAwMDAwMCwidXBkYXRlIjoxODAwMDAwMDAwMDAwfSwic2NoZW1hX3ZlcnNpb24iOiIxIn0="
        }
      ]
    },
    {
      "mode": "managed",
      "type": "azurerm_virtual_machine_scale_set_extension",
      "name": "res-2",
      "provider": "provider[\"registry.terraform.io/hashicorp/azurerm\"]",
      "instances": [
        {
          "schema_version": 0,
          "attributes": {
            "auto_upgrade_minor_version": false,
            "automatic_upgrade_enabled": false,
            "failure_suppression_enabled": false,
            "force_update_tag": "",
            "id": "/subscriptions/1a0d078e-b0e6-432d-89c7-8a75cac664aa/resourceGroups/MC_Vault_Xsec_Xsec_westeurope/providers/Microsoft.Compute/virtualMachineScaleSets/aks-default-11516176-vmss/extensions/AKSLinuxExtension",
            "name": "AKSLinuxExtension",
            "protected_settings": null,
            "protected_settings_from_key_vault": [],
            "provision_after_extensions": [
              "vmssCSE"
            ],
            "publisher": "Microsoft.AKS",
            "settings": "",
            "timeouts": {
              "create": null,
              "delete": null,
              "read": null,
              "update": null
            },
            "type": "Compute.AKS.Linux.AKSNode",
            "type_handler_version": "1.39",
            "virtual_machine_scale_set_id": "/subscriptions/1a0d078e-b0e6-432d-89c7-8a75cac664aa/resourceGroups/MC_Vault_Xsec_Xsec_westeurope/providers/Microsoft.Compute/virtualMachineScaleSets/aks-default-11516176-vmss"
          },
          "sensitive_attributes": [],
          "private": "eyJlMmJmYjczMC1lY2FhLTExZTYtOGY4OC0zNDM2M2JjN2M0YzAiOnsiY3JlYXRlIjoxODAwMDAwMDAwMDAwLCJkZWxldGUiOjE4MDAwMDAwMDAwMDAsInJlYWQiOjMwMDAwMDAwMDAwMCwidXBkYXRlIjoxODAwMDAwMDAwMDAwfSwic2NoZW1hX3ZlcnNpb24iOiIwIn0="
        }
      ]
    },
    {
      "mode": "managed",
      "type": "azurerm_virtual_machine_scale_set_extension",
      "name": "res-3",
      "provider": "provider[\"registry.terraform.io/hashicorp/azurerm\"]",
      "instances": [
        {
          "schema_version": 0,
          "attributes": {
            "auto_upgrade_minor_version": true,
            "automatic_upgrade_enabled": false,
            "failure_suppression_enabled": false,
            "force_update_tag": "",
            "id": "/subscriptions/1a0d078e-b0e6-432d-89c7-8a75cac664aa/resourceGroups/MC_Vault_Xsec_Xsec_westeurope/providers/Microsoft.Compute/virtualMachineScaleSets/aks-default-11516176-vmss/extensions/aks-default-11516176-vmss-AKSLinuxBilling",
            "name": "aks-default-11516176-vmss-AKSLinuxBilling",
            "protected_settings": null,
            "protected_settings_from_key_vault": [],
            "provision_after_extensions": [],
            "publisher": "Microsoft.AKS",
            "settings": "",
            "timeouts": {
              "create": null,
              "delete": null,
              "read": null,
              "update": null
            },
            "type": "Compute.AKS.Linux.Billing",
            "type_handler_version": "1.0",
            "virtual_machine_scale_set_id": "/subscriptions/1a0d078e-b0e6-432d-89c7-8a75cac664aa/resourceGroups/MC_Vault_Xsec_Xsec_westeurope/providers/Microsoft.Compute/virtualMachineScaleSets/aks-default-11516176-vmss"
          },
          "sensitive_attributes": [],
          "private": "eyJlMmJmYjczMC1lY2FhLTExZTYtOGY4OC0zNDM2M2JjN2M0YzAiOnsiY3JlYXRlIjoxODAwMDAwMDAwMDAwLCJkZWxldGUiOjE4MDAwMDAwMDAwMDAsInJlYWQiOjMwMDAwMDAwMDAwMCwidXBkYXRlIjoxODAwMDAwMDAwMDAwfSwic2NoZW1hX3ZlcnNpb24iOiIwIn0="
        }
      ]
    },
    {
      "mode": "managed",
      "type": "azurerm_virtual_machine_scale_set_extension",
      "name": "res-4",
      "provider": "provider[\"registry.terraform.io/hashicorp/azurerm\"]",
      "instances": [
        {
          "schema_version": 0,
          "attributes": {
            "auto_upgrade_minor_version": true,
            "automatic_upgrade_enabled": false,
            "failure_suppression_enabled": false,
            "force_update_tag": "",
            "id": "/subscriptions/1a0d078e-b0e6-432d-89c7-8a75cac664aa/resourceGroups/MC_Vault_Xsec_Xsec_westeurope/providers/Microsoft.Compute/virtualMachineScaleSets/aks-default-11516176-vmss/extensions/vmssCSE",
            "name": "vmssCSE",
            "protected_settings": null,
            "protected_settings_from_key_vault": [],
            "provision_after_extensions": [],
            "publisher": "Microsoft.Azure.Extensions",
            "settings": "",
            "timeouts": {
              "create": null,
              "delete": null,
              "read": null,
              "update": null
            },
            "type": "CustomScript",
            "type_handler_version": "2.0",
            "virtual_machine_scale_set_id": "/subscriptions/1a0d078e-b0e6-432d-89c7-8a75cac664aa/resourceGroups/MC_Vault_Xsec_Xsec_westeurope/providers/Microsoft.Compute/virtualMachineScaleSets/aks-default-11516176-vmss"
          },
          "sensitive_attributes": [],
          "private": "eyJlMmJmYjczMC1lY2FhLTExZTYtOGY4OC0zNDM2M2JjN2M0YzAiOnsiY3JlYXRlIjoxODAwMDAwMDAwMDAwLCJkZWxldGUiOjE4MDAwMDAwMDAwMDAsInJlYWQiOjMwMDAwMDAwMDAwMCwidXBkYXRlIjoxODAwMDAwMDAwMDAwfSwic2NoZW1hX3ZlcnNpb24iOiIwIn0="
        }
      ]
    },
    {
      "mode": "managed",
      "type": "azurerm_virtual_network",
      "name": "res-12",
      "provider": "provider[\"registry.terraform.io/hashicorp/azurerm\"]",
      "instances": [
        {
          "schema_version": 0,
          "attributes": {
            "address_space": [
              "10.224.0.0/12"
            ],
            "bgp_community": "",
            "ddos_protection_plan": [],
            "dns_servers": [],
            "edge_zone": "",
            "flow_timeout_in_minutes": 0,
            "guid": "b26b33ec-bbfa-48a9-8586-7f0183591aec",
            "id": "/subscriptions/1a0d078e-b0e6-432d-89c7-8a75cac664aa/resourceGroups/MC_Vault_Xsec_Xsec_westeurope/providers/Microsoft.Network/virtualNetworks/aks-vnet-41832928",
            "location": "westeurope",
            "name": "aks-vnet-41832928",
            "resource_group_name": "MC_Vault_Xsec_Xsec_westeurope",
            "subnet": [
              {
                "address_prefix": "10.224.0.0/16",
                "id": "/subscriptions/1a0d078e-b0e6-432d-89c7-8a75cac664aa/resourceGroups/MC_Vault_Xsec_Xsec_westeurope/providers/Microsoft.Network/virtualNetworks/aks-vnet-41832928/subnets/aks-subnet",
                "name": "aks-subnet",
                "security_group": "/subscriptions/1a0d078e-b0e6-432d-89c7-8a75cac664aa/resourceGroups/MC_Vault_Xsec_Xsec_westeurope/providers/Microsoft.Network/networkSecurityGroups/aks-agentpool-41832928-nsg"
              }
            ],
            "tags": {
              "Environment": "Production"
            },
            "timeouts": {
              "create": null,
              "delete": null,
              "read": null,
              "update": null
            }
          },
          "sensitive_attributes": [],
          "private": "eyJlMmJmYjczMC1lY2FhLTExZTYtOGY4OC0zNDM2M2JjN2M0YzAiOnsiY3JlYXRlIjoxODAwMDAwMDAwMDAwLCJkZWxldGUiOjE4MDAwMDAwMDAwMDAsInJlYWQiOjMwMDAwMDAwMDAwMCwidXBkYXRlIjoxODAwMDAwMDAwMDAwfSwic2NoZW1hX3ZlcnNpb24iOiIwIn0="
        }
      ]
    }
  ],
  "check_results": null
}
