{
  "version": 4,
  "terraform_version": "1.3.9",
  "serial": 1,
  "lineage": "12af952b-2952-8e05-e673-990550440672",
  "outputs": {},
  "resources": [
    {
      "mode": "managed",
      "type": "azurerm_app_service_custom_hostname_binding",
      "name": "res-13",
      "provider": "provider[\"registry.terraform.io/hashicorp/azurerm\"]",
      "instances": [
        {
          "schema_version": 0,
          "attributes": {
            "app_service_name": "functionapp-svensspeelplaats",
            "hostname": "functionapp-svensspeelplaats.azurewebsites.net",
            "id": "/subscriptions/1a0d078e-b0e6-432d-89c7-8a75cac664aa/resourceGroups/rg-svensspeelplaats/providers/Microsoft.Web/sites/functionapp-svensspeelplaats/hostNameBindings/functionapp-svensspeelplaats.azurewebsites.net",
            "resource_group_name": "rg-svensspeelplaats",
            "ssl_state": "",
            "thumbprint": "",
            "timeouts": {
              "create": null,
              "delete": null,
              "read": null,
              "update": null
            },
            "virtual_ip": ""
          },
          "sensitive_attributes": [],
          "private": "eyJlMmJmYjczMC1lY2FhLTExZTYtOGY4OC0zNDM2M2JjN2M0YzAiOnsiY3JlYXRlIjoxODAwMDAwMDAwMDAwLCJkZWxldGUiOjE4MDAwMDAwMDAwMDAsInJlYWQiOjMwMDAwMDAwMDAwMCwidXBkYXRlIjoxODAwMDAwMDAwMDAwfSwic2NoZW1hX3ZlcnNpb24iOiIwIn0="
        }
      ]
    },
    {
      "mode": "managed",
      "type": "azurerm_application_insights",
      "name": "res-1",
      "provider": "provider[\"registry.terraform.io/hashicorp/azurerm\"]",
      "instances": [
        {
          "schema_version": 1,
          "attributes": {
            "app_id": "9a019a77-506d-4f41-b649-e14e33ce8e99",
            "application_type": "web",
            "connection_string": "InstrumentationKey=2d42f3a1-8f13-46ed-9b97-207107976bfc;IngestionEndpoint=https://westeurope-1.in.applicationinsights.azure.com/;LiveEndpoint=https://westeurope.livediagnostics.monitor.azure.com/",
            "daily_data_cap_in_gb": 100,
            "daily_data_cap_notifications_disabled": false,
            "disable_ip_masking": false,
            "force_customer_storage_for_profiler": false,
            "id": "/subscriptions/1a0d078e-b0e6-432d-89c7-8a75cac664aa/resourceGroups/rg-svensspeelplaats/providers/Microsoft.Insights/components/appinsights-svensspeelplaats",
            "instrumentation_key": "2d42f3a1-8f13-46ed-9b97-207107976bfc",
            "internet_ingestion_enabled": true,
            "internet_query_enabled": true,
            "local_authentication_disabled": false,
            "location": "westeurope",
            "name": "appinsights-svensspeelplaats",
            "resource_group_name": "rg-svensspeelplaats",
            "retention_in_days": 90,
            "sampling_percentage": 100,
            "tags": {},
            "timeouts": {
              "create": null,
              "delete": null,
              "read": null,
              "update": null
            },
            "workspace_id": ""
          },
          "sensitive_attributes": [],
          "private": "eyJlMmJmYjczMC1lY2FhLTExZTYtOGY4OC0zNDM2M2JjN2M0YzAiOnsiY3JlYXRlIjozNjAwMDAwMDAwMDAwLCJkZWxldGUiOjE4MDAwMDAwMDAwMDAsInJlYWQiOjMwMDAwMDAwMDAwMCwidXBkYXRlIjoxODAwMDAwMDAwMDAwfSwic2NoZW1hX3ZlcnNpb24iOiIxIn0="
        }
      ]
    },
    {
      "mode": "managed",
      "type": "azurerm_key_vault",
      "name": "res-2",
      "provider": "provider[\"registry.terraform.io/hashicorp/azurerm\"]",
      "instances": [
        {
          "schema_version": 2,
          "attributes": {
            "access_policy": [
              {
                "application_id": "",
                "certificate_permissions": [
                  "Create",
                  "Get",
                  "List",
                  "Purge",
                  "Recover",
                  "Update"
                ],
                "key_permissions": [
                  "Create",
                  "Get",
                  "List",
                  "Purge",
                  "Recover"
                ],
                "object_id": "725f6883-4e07-4c04-b7de-eb0b47d08890",
                "secret_permissions": [
                  "Get",
                  "List",
                  "Purge",
                  "Recover",
                  "Set"
                ],
                "storage_permissions": [
                  "Backup",
                  "Delete",
                  "DeleteSAS",
                  "Get",
                  "GetSAS",
                  "List",
                  "ListSAS",
                  "Purge",
                  "Recover",
                  "RegenerateKey",
                  "Restore",
                  "Set",
                  "SetSAS",
                  "Update"
                ],
                "tenant_id": "3d4d17ea-1ae4-4705-947e-51369c5a5f79"
              }
            ],
            "contact": [],
            "enable_rbac_authorization": false,
            "enabled_for_deployment": true,
            "enabled_for_disk_encryption": true,
            "enabled_for_template_deployment": true,
            "id": "/subscriptions/1a0d078e-b0e6-432d-89c7-8a75cac664aa/resourceGroups/rg-svensspeelplaats/providers/Microsoft.KeyVault/vaults/kvsvensspeelplaats",
            "location": "westeurope",
            "name": "kvsvensspeelplaats",
            "network_acls": [
              {
                "bypass": "AzureServices",
                "default_action": "Allow",
                "ip_rules": [],
                "virtual_network_subnet_ids": []
              }
            ],
            "public_network_access_enabled": true,
            "purge_protection_enabled": false,
            "resource_group_name": "rg-svensspeelplaats",
            "sku_name": "standard",
            "soft_delete_retention_days": 90,
            "tags": {},
            "tenant_id": "3d4d17ea-1ae4-4705-947e-51369c5a5f79",
            "timeouts": {
              "create": null,
              "delete": null,
              "read": null,
              "update": null
            },
            "vault_uri": "https://kvsvensspeelplaats.vault.azure.net/"
          },
          "sensitive_attributes": [],
          "private": "eyJlMmJmYjczMC1lY2FhLTExZTYtOGY4OC0zNDM2M2JjN2M0YzAiOnsiY3JlYXRlIjoxODAwMDAwMDAwMDAwLCJkZWxldGUiOjE4MDAwMDAwMDAwMDAsInJlYWQiOjMwMDAwMDAwMDAwMCwidXBkYXRlIjoxODAwMDAwMDAwMDAwfSwic2NoZW1hX3ZlcnNpb24iOiIyIn0="
        }
      ]
    },
    {
      "mode": "managed",
      "type": "azurerm_monitor_action_group",
      "name": "res-32",
      "provider": "provider[\"registry.terraform.io/hashicorp/azurerm\"]",
      "instances": [
        {
          "schema_version": 1,
          "attributes": {
            "arm_role_receiver": [
              {
                "name": "Monitoring Contributor",
                "role_id": "749f88d5-cbae-40b8-bcfc-e573ddc772fa",
                "use_common_alert_schema": true
              },
              {
                "name": "Monitoring Reader",
                "role_id": "43d0d8ad-25c7-4714-9337-8ba259a9fe05",
                "use_common_alert_schema": true
              }
            ],
            "automation_runbook_receiver": [],
            "azure_app_push_receiver": [],
            "azure_function_receiver": [],
            "email_receiver": [],
            "enabled": true,
            "event_hub_receiver": [],
            "id": "/subscriptions/1a0d078e-b0e6-432d-89c7-8a75cac664aa/resourceGroups/rg-svensspeelplaats/providers/Microsoft.Insights/actionGroups/Application Insights Smart Detection",
            "itsm_receiver": [],
            "logic_app_receiver": [],
            "name": "Application Insights Smart Detection",
            "resource_group_name": "rg-svensspeelplaats",
            "short_name": "SmartDetect",
            "sms_receiver": [],
            "tags": {},
            "timeouts": {
              "create": null,
              "delete": null,
              "read": null,
              "update": null
            },
            "voice_receiver": [],
            "webhook_receiver": []
          },
          "sensitive_attributes": [],
          "private": "eyJlMmJmYjczMC1lY2FhLTExZTYtOGY4OC0zNDM2M2JjN2M0YzAiOnsiY3JlYXRlIjoxODAwMDAwMDAwMDAwLCJkZWxldGUiOjE4MDAwMDAwMDAwMDAsInJlYWQiOjMwMDAwMDAwMDAwMCwidXBkYXRlIjoxODAwMDAwMDAwMDAwfSwic2NoZW1hX3ZlcnNpb24iOiIxIn0="
        }
      ]
    },
    {
      "mode": "managed",
      "type": "azurerm_monitor_smart_detector_alert_rule",
      "name": "res-31",
      "provider": "provider[\"registry.terraform.io/hashicorp/azurerm\"]",
      "instances": [
        {
          "schema_version": 1,
          "attributes": {
            "action_group": [
              {
                "email_subject": "",
                "ids": [
                  "/subscriptions/1a0d078e-b0e6-432d-89c7-8a75cac664aa/resourcegroups/rg-svensspeelplaats/providers/microsoft.insights/actiongroups/application insights smart detection"
                ],
                "webhook_payload": ""
              }
            ],
            "description": "Failure Anomalies notifies you of an unusual rise in the rate of failed HTTP requests or dependency calls.",
            "detector_type": "FailureAnomaliesDetector",
            "enabled": true,
            "frequency": "PT1M",
            "id": "/subscriptions/1a0d078e-b0e6-432d-89c7-8a75cac664aa/resourceGroups/rg-svensspeelplaats/providers/Microsoft.AlertsManagement/smartDetectorAlertRules/Failure Anomalies - appinsights-svensspeelplaats",
            "name": "Failure Anomalies - appinsights-svensspeelplaats",
            "resource_group_name": "rg-svensspeelplaats",
            "scope_resource_ids": [
              "/subscriptions/1a0d078e-b0e6-432d-89c7-8a75cac664aa/resourcegroups/rg-svensspeelplaats/providers/microsoft.insights/components/appinsights-svensspeelplaats"
            ],
            "severity": "Sev3",
            "tags": {},
            "throttling_duration": "",
            "timeouts": {
              "create": null,
              "delete": null,
              "read": null,
              "update": null
            }
          },
          "sensitive_attributes": [],
          "private": "eyJlMmJmYjczMC1lY2FhLTExZTYtOGY4OC0zNDM2M2JjN2M0YzAiOnsiY3JlYXRlIjoxODAwMDAwMDAwMDAwLCJkZWxldGUiOjE4MDAwMDAwMDAwMDAsInJlYWQiOjMwMDAwMDAwMDAwMCwidXBkYXRlIjoxODAwMDAwMDAwMDAwfSwic2NoZW1hX3ZlcnNpb24iOiIxIn0="
        }
      ]
    },
    {
      "mode": "managed",
      "type": "azurerm_resource_group",
      "name": "res-0",
      "provider": "provider[\"registry.terraform.io/hashicorp/azurerm\"]",
      "instances": [
        {
          "schema_version": 0,
          "attributes": {
            "id": "/subscriptions/1a0d078e-b0e6-432d-89c7-8a75cac664aa/resourceGroups/rg-svensspeelplaats",
            "location": "westeurope",
            "name": "rg-svensspeelplaats",
            "tags": {},
            "timeouts": {
              "create": null,
              "delete": null,
              "read": null,
              "update": null
            }
          },
          "sensitive_attributes": [],
          "private": "eyJlMmJmYjczMC1lY2FhLTExZTYtOGY4OC0zNDM2M2JjN2M0YzAiOnsiY3JlYXRlIjo1NDAwMDAwMDAwMDAwLCJkZWxldGUiOjU0MDAwMDAwMDAwMDAsInJlYWQiOjMwMDAwMDAwMDAwMCwidXBkYXRlIjo1NDAwMDAwMDAwMDAwfSwic2NoZW1hX3ZlcnNpb24iOiIwIn0="
        }
      ]
    },
    {
      "mode": "managed",
      "type": "azurerm_service_plan",
      "name": "res-8",
      "provider": "provider[\"registry.terraform.io/hashicorp/azurerm\"]",
      "instances": [
        {
          "schema_version": 0,
          "attributes": {
            "app_service_environment_id": "",
            "id": "/subscriptions/1a0d078e-b0e6-432d-89c7-8a75cac664aa/resourceGroups/rg-svensspeelplaats/providers/Microsoft.Web/serverfarms/appservice-plan-svensspeelplaats",
            "kind": "FunctionApp",
            "location": "westeurope",
            "maximum_elastic_worker_count": 1,
            "name": "appservice-plan-svensspeelplaats",
            "os_type": "Windows",
            "per_site_scaling_enabled": false,
            "reserved": false,
            "resource_group_name": "rg-svensspeelplaats",
            "sku_name": "S1",
            "tags": {},
            "timeouts": {
              "create": null,
              "delete": null,
              "read": null,
              "update": null
            },
            "worker_count": 1,
            "zone_balancing_enabled": false
          },
          "sensitive_attributes": [],
          "private": "eyJlMmJmYjczMC1lY2FhLTExZTYtOGY4OC0zNDM2M2JjN2M0YzAiOnsiY3JlYXRlIjozNjAwMDAwMDAwMDAwLCJkZWxldGUiOjM2MDAwMDAwMDAwMDAsInJlYWQiOjMwMDAwMDAwMDAwMCwidXBkYXRlIjozNjAwMDAwMDAwMDAwfSwic2NoZW1hX3ZlcnNpb24iOiIwIn0="
        }
      ]
    },
    {
      "mode": "managed",
      "type": "azurerm_storage_account",
      "name": "res-3",
      "provider": "provider[\"registry.terraform.io/hashicorp/azurerm\"]",
      "instances": [
        {
          "schema_version": 3,
          "attributes": {
            "access_tier": "Hot",
            "account_kind": "StorageV2",
            "account_replication_type": "LRS",
            "account_tier": "Standard",
            "allow_nested_items_to_be_public": true,
            "allowed_copy_scope": "",
            "azure_files_authentication": [],
            "blob_properties": [
              {
                "change_feed_enabled": false,
                "change_feed_retention_in_days": 0,
                "container_delete_retention_policy": [],
                "cors_rule": [],
                "default_service_version": "",
                "delete_retention_policy": [],
                "last_access_time_enabled": false,
                "restore_policy": [],
                "versioning_enabled": false
              }
            ],
            "cross_tenant_replication_enabled": true,
            "custom_domain": [],
            "customer_managed_key": [],
            "default_to_oauth_authentication": false,
            "edge_zone": "",
            "enable_https_traffic_only": true,
            "id": "/subscriptions/1a0d078e-b0e6-432d-89c7-8a75cac664aa/resourceGroups/rg-svensspeelplaats/providers/Microsoft.Storage/storageAccounts/sasvensspeelplaats",
            "identity": [],
            "immutability_policy": [],
            "infrastructure_encryption_enabled": false,
            "is_hns_enabled": false,
            "large_file_share_enabled": null,
            "location": "westeurope",
            "min_tls_version": "TLS1_2",
            "name": "sasvensspeelplaats",
            "network_rules": [
              {
                "bypass": [
                  "AzureServices"
                ],
                "default_action": "Allow",
                "ip_rules": [],
                "private_link_access": [],
                "virtual_network_subnet_ids": []
              }
            ],
            "nfsv3_enabled": false,
            "primary_access_key": "lbsX/kTv409JRzK0fN3lXO4ClLamFpy4sZwrW13GSiM+vZ6iDJUzA1y6JRIsEt87f6I8orWiYiW1+AStvmJBbw==",
            "primary_blob_connection_string": "DefaultEndpointsProtocol=https;BlobEndpoint=https://sasvensspeelplaats.blob.core.windows.net/;AccountName=sasvensspeelplaats;AccountKey=lbsX/kTv409JRzK0fN3lXO4ClLamFpy4sZwrW13GSiM+vZ6iDJUzA1y6JRIsEt87f6I8orWiYiW1+AStvmJBbw==",
            "primary_blob_endpoint": "https://sasvensspeelplaats.blob.core.windows.net/",
            "primary_blob_host": "sasvensspeelplaats.blob.core.windows.net",
            "primary_connection_string": "DefaultEndpointsProtocol=https;AccountName=sasvensspeelplaats;AccountKey=lbsX/kTv409JRzK0fN3lXO4ClLamFpy4sZwrW13GSiM+vZ6iDJUzA1y6JRIsEt87f6I8orWiYiW1+AStvmJBbw==;EndpointSuffix=core.windows.net",
            "primary_dfs_endpoint": "https://sasvensspeelplaats.dfs.core.windows.net/",
            "primary_dfs_host": "sasvensspeelplaats.dfs.core.windows.net",
            "primary_file_endpoint": "https://sasvensspeelplaats.file.core.windows.net/",
            "primary_file_host": "sasvensspeelplaats.file.core.windows.net",
            "primary_location": "westeurope",
            "primary_queue_endpoint": "https://sasvensspeelplaats.queue.core.windows.net/",
            "primary_queue_host": "sasvensspeelplaats.queue.core.windows.net",
            "primary_table_endpoint": "https://sasvensspeelplaats.table.core.windows.net/",
            "primary_table_host": "sasvensspeelplaats.table.core.windows.net",
            "primary_web_endpoint": "https://sasvensspeelplaats.z6.web.core.windows.net/",
            "primary_web_host": "sasvensspeelplaats.z6.web.core.windows.net",
            "public_network_access_enabled": true,
            "queue_encryption_key_type": "Service",
            "queue_properties": [
              {
                "cors_rule": [],
                "hour_metrics": [
                  {
                    "enabled": true,
                    "include_apis": true,
                    "retention_policy_days": 7,
                    "version": "1.0"
                  }
                ],
                "logging": [
                  {
                    "delete": false,
                    "read": false,
                    "retention_policy_days": 0,
                    "version": "1.0",
                    "write": false
                  }
                ],
                "minute_metrics": [
                  {
                    "enabled": false,
                    "include_apis": false,
                    "retention_policy_days": 0,
                    "version": "1.0"
                  }
                ]
              }
            ],
            "resource_group_name": "rg-svensspeelplaats",
            "routing": [],
            "sas_policy": [],
            "secondary_access_key": "k9C4cYr/Tuwet8rtcnVj9ozlXiaUWH7XKSGMju5U+21pQaXhpvG2oDJQEcIaLHRds/xKp9SqFCDG+AStZ7r+Vg==",
            "secondary_blob_connection_string": "",
            "secondary_blob_endpoint": null,
            "secondary_blob_host": null,
            "secondary_connection_string": "DefaultEndpointsProtocol=https;AccountName=sasvensspeelplaats;AccountKey=k9C4cYr/Tuwet8rtcnVj9ozlXiaUWH7XKSGMju5U+21pQaXhpvG2oDJQEcIaLHRds/xKp9SqFCDG+AStZ7r+Vg==;EndpointSuffix=core.windows.net",
            "secondary_dfs_endpoint": null,
            "secondary_dfs_host": null,
            "secondary_file_endpoint": null,
            "secondary_file_host": null,
            "secondary_location": "",
            "secondary_queue_endpoint": null,
            "secondary_queue_host": null,
            "secondary_table_endpoint": null,
            "secondary_table_host": null,
            "secondary_web_endpoint": null,
            "secondary_web_host": null,
            "sftp_enabled": false,
            "share_properties": [
              {
                "cors_rule": [],
                "retention_policy": [
                  {
                    "days": 7
                  }
                ],
                "smb": []
              }
            ],
            "shared_access_key_enabled": true,
            "static_website": [],
            "table_encryption_key_type": "Service",
            "tags": {},
            "timeouts": {
              "create": null,
              "delete": null,
              "read": null,
              "update": null
            }
          },
          "sensitive_attributes": [],
          "private": "eyJlMmJmYjczMC1lY2FhLTExZTYtOGY4OC0zNDM2M2JjN2M0YzAiOnsiY3JlYXRlIjozNjAwMDAwMDAwMDAwLCJkZWxldGUiOjM2MDAwMDAwMDAwMDAsInJlYWQiOjMwMDAwMDAwMDAwMCwidXBkYXRlIjozNjAwMDAwMDAwMDAwfSwic2NoZW1hX3ZlcnNpb24iOiIzIn0="
        }
      ]
    },
    {
      "mode": "managed",
      "type": "azurerm_windows_function_app",
      "name": "res-9",
      "provider": "provider[\"registry.terraform.io/hashicorp/azurerm\"]",
      "instances": [
        {
          "schema_version": 0,
          "attributes": {
            "app_settings": {},
            "auth_settings": [],
            "auth_settings_v2": [],
            "backup": [],
            "builtin_logging_enabled": true,
            "client_certificate_enabled": false,
            "client_certificate_exclusion_paths": "",
            "client_certificate_mode": "Required",
            "connection_string": [],
            "content_share_force_disabled": false,
            "custom_domain_verification_id": "095E76ED493AF8C294C1E2580395B5D467E324BF63DD75165DE2DF7AA0D68806",
            "daily_memory_time_quota": 0,
            "default_hostname": "functionapp-svensspeelplaats.azurewebsites.net",
            "enabled": true,
            "functions_extension_version": "~1",
            "https_only": false,
            "id": "/subscriptions/1a0d078e-b0e6-432d-89c7-8a75cac664aa/resourceGroups/rg-svensspeelplaats/providers/Microsoft.Web/sites/functionapp-svensspeelplaats",
            "identity": [],
            "key_vault_reference_identity_id": "SystemAssigned",
            "kind": "functionapp",
            "location": "westeurope",
            "name": "functionapp-svensspeelplaats",
            "outbound_ip_address_list": [
              "20.23.83.81",
              "20.23.83.215",
              "20.23.86.13",
              "20.23.86.20",
              "20.23.86.30",
              "20.23.86.114",
              "20.105.216.6"
            ],
            "outbound_ip_addresses": "20.23.83.81,20.23.83.215,20.23.86.13,20.23.86.20,20.23.86.30,20.23.86.114,20.105.216.6",
            "possible_outbound_ip_address_list": [
              "20.23.83.81",
              "20.23.83.215",
              "20.23.86.13",
              "20.23.86.20",
              "20.23.86.30",
              "20.23.86.114",
              "20.23.82.97",
              "20.23.82.138",
              "20.23.82.128",
              "20.23.87.149",
              "20.13.80.71",
              "20.13.81.18",
              "20.13.81.117",
              "20.13.81.156",
              "20.13.81.174",
              "20.13.81.179",
              "20.13.81.189",
              "20.13.81.244",
              "20.13.82.58",
              "20.13.82.87",
              "20.13.82.146",
              "20.101.197.31",
              "20.101.197.88",
              "20.13.82.177",
              "20.13.82.183",
              "20.13.82.184",
              "20.13.82.189",
              "20.13.82.238",
              "20.13.83.15",
              "20.13.83.81",
              "20.105.216.6"
            ],
            "possible_outbound_ip_addresses": "20.23.83.81,20.23.83.215,20.23.86.13,20.23.86.20,20.23.86.30,20.23.86.114,20.23.82.97,20.23.82.138,20.23.82.128,20.23.87.149,20.13.80.71,20.13.81.18,20.13.81.117,20.13.81.156,20.13.81.174,20.13.81.179,20.13.81.189,20.13.81.244,20.13.82.58,20.13.82.87,20.13.82.146,20.101.197.31,20.101.197.88,20.13.82.177,20.13.82.183,20.13.82.184,20.13.82.189,20.13.82.238,20.13.83.15,20.13.83.81,20.105.216.6",
            "resource_group_name": "rg-svensspeelplaats",
            "service_plan_id": "/subscriptions/1a0d078e-b0e6-432d-89c7-8a75cac664aa/resourceGroups/rg-svensspeelplaats/providers/Microsoft.Web/serverfarms/appservice-plan-svensspeelplaats",
            "site_config": [
              {
                "always_on": false,
                "api_definition_url": "",
                "api_management_api_id": "",
                "app_command_line": "",
                "app_scale_limit": 0,
                "app_service_logs": [],
                "application_insights_connection_string": "InstrumentationKey=2d42f3a1-8f13-46ed-9b97-207107976bfc",
                "application_insights_key": "2d42f3a1-8f13-46ed-9b97-207107976bfc",
                "application_stack": [
                  {
                    "dotnet_version": "v4.0",
                    "java_version": "",
                    "node_version": "",
                    "powershell_core_version": "",
                    "use_custom_runtime": false,
                    "use_dotnet_isolated_runtime": false
                  }
                ],
                "cors": [],
                "default_documents": [
                  "Default.htm",
                  "Default.html",
                  "Default.asp",
                  "index.htm",
                  "index.html",
                  "iisstart.htm",
                  "default.aspx",
                  "index.php"
                ],
                "detailed_error_logging_enabled": false,
                "elastic_instance_minimum": 0,
                "ftps_state": "AllAllowed",
                "health_check_eviction_time_in_min": 0,
                "health_check_path": "",
                "http2_enabled": false,
                "ip_restriction": [],
                "load_balancing_mode": "LeastRequests",
                "managed_pipeline_mode": "Integrated",
                "minimum_tls_version": "1.2",
                "pre_warmed_instance_count": 0,
                "remote_debugging_enabled": false,
                "remote_debugging_version": "",
                "runtime_scale_monitoring_enabled": false,
                "scm_ip_restriction": [],
                "scm_minimum_tls_version": "1.2",
                "scm_type": "None",
                "scm_use_main_ip_restriction": false,
                "use_32_bit_worker": true,
                "vnet_route_all_enabled": false,
                "websockets_enabled": false,
                "windows_fx_version": "",
                "worker_count": 1
              }
            ],
            "site_credential": [
              {
                "name": "$functionapp-svensspeelplaats",
                "password": "qvMtYDWfCqt5Wtnf7f6rTjzKP3FEz7rMpBQLNct0oYcxovR2km5ttApuPWsq"
              }
            ],
            "sticky_settings": [],
            "storage_account": [],
            "storage_account_access_key": "lbsX/kTv409JRzK0fN3lXO4ClLamFpy4sZwrW13GSiM+vZ6iDJUzA1y6JRIsEt87f6I8orWiYiW1+AStvmJBbw==",
            "storage_account_name": "sasvensspeelplaats",
            "storage_key_vault_secret_id": "",
            "storage_uses_managed_identity": false,
            "tags": {},
            "timeouts": {
              "create": null,
              "delete": null,
              "read": null,
              "update": null
            },
            "virtual_network_subnet_id": ""
          },
          "sensitive_attributes": [],
          "private": "eyJlMmJmYjczMC1lY2FhLTExZTYtOGY4OC0zNDM2M2JjN2M0YzAiOnsiY3JlYXRlIjoxODAwMDAwMDAwMDAwLCJkZWxldGUiOjE4MDAwMDAwMDAwMDAsInJlYWQiOjMwMDAwMDAwMDAwMCwidXBkYXRlIjoxODAwMDAwMDAwMDAwfSwic2NoZW1hX3ZlcnNpb24iOiIwIn0="
        }
      ]
    }
  ],
  "check_results": null
}
