{
  "version": 4,
  "terraform_version": "1.3.9",
  "serial": 1,
  "lineage": "116624c5-0ec4-5ae4-fb6c-f97bda880897",
  "outputs": {},
  "resources": [
    {
      "mode": "managed",
      "type": "azurerm_app_service_custom_hostname_binding",
      "name": "res-6",
      "provider": "provider[\"registry.terraform.io/hashicorp/azurerm\"]",
      "instances": [
        {
          "schema_version": 0,
          "attributes": {
            "app_service_name": "cawebapp32yfmbpnveu6k",
            "hostname": "cawebapp32yfmbpnveu6k.azurewebsites.net",
            "id": "/subscriptions/1a0d078e-b0e6-432d-89c7-8a75cac664aa/resourceGroups/testdeploymentBicep/providers/Microsoft.Web/sites/cawebapp32yfmbpnveu6k/hostNameBindings/cawebapp32yfmbpnveu6k.azurewebsites.net",
            "resource_group_name": "testdeploymentBicep",
            "ssl_state": "",
            "thumbprint": "",
            "timeouts": {
              "create": null,
              "delete": null,
              "read": null,
              "update": null
            },
            "virtual_ip": ""
          },
          "sensitive_attributes": [],
          "private": "eyJlMmJmYjczMC1lY2FhLTExZTYtOGY4OC0zNDM2M2JjN2M0YzAiOnsiY3JlYXRlIjoxODAwMDAwMDAwMDAwLCJkZWxldGUiOjE4MDAwMDAwMDAwMDAsInJlYWQiOjMwMDAwMDAwMDAwMCwidXBkYXRlIjoxODAwMDAwMDAwMDAwfSwic2NoZW1hX3ZlcnNpb24iOiIwIn0="
        }
      ]
    },
    {
      "mode": "managed",
      "type": "azurerm_resource_group",
      "name": "res-0",
      "provider": "provider[\"registry.terraform.io/hashicorp/azurerm\"]",
      "instances": [
        {
          "schema_version": 0,
          "attributes": {
            "id": "/subscriptions/1a0d078e-b0e6-432d-89c7-8a75cac664aa/resourceGroups/testdeploymentBicep",
            "location": "westeurope",
            "name": "testdeploymentBicep",
            "tags": {},
            "timeouts": {
              "create": null,
              "delete": null,
              "read": null,
              "update": null
            }
          },
          "sensitive_attributes": [],
          "private": "eyJlMmJmYjczMC1lY2FhLTExZTYtOGY4OC0zNDM2M2JjN2M0YzAiOnsiY3JlYXRlIjo1NDAwMDAwMDAwMDAwLCJkZWxldGUiOjU0MDAwMDAwMDAwMDAsInJlYWQiOjMwMDAwMDAwMDAwMCwidXBkYXRlIjo1NDAwMDAwMDAwMDAwfSwic2NoZW1hX3ZlcnNpb24iOiIwIn0="
        }
      ]
    },
    {
      "mode": "managed",
      "type": "azurerm_service_plan",
      "name": "res-1",
      "provider": "provider[\"registry.terraform.io/hashicorp/azurerm\"]",
      "instances": [
        {
          "schema_version": 0,
          "attributes": {
            "app_service_environment_id": "",
            "id": "/subscriptions/1a0d078e-b0e6-432d-89c7-8a75cac664aa/resourceGroups/testdeploymentBicep/providers/Microsoft.Web/serverfarms/ca-service-plan",
            "kind": "app",
            "location": "westeurope",
            "maximum_elastic_worker_count": 1,
            "name": "ca-service-plan",
            "os_type": "Windows",
            "per_site_scaling_enabled": false,
            "reserved": false,
            "resource_group_name": "testdeploymentBicep",
            "sku_name": "S1",
            "tags": {},
            "timeouts": {
              "create": null,
              "delete": null,
              "read": null,
              "update": null
            },
            "worker_count": 1,
            "zone_balancing_enabled": false
          },
          "sensitive_attributes": [],
          "private": "eyJlMmJmYjczMC1lY2FhLTExZTYtOGY4OC0zNDM2M2JjN2M0YzAiOnsiY3JlYXRlIjozNjAwMDAwMDAwMDAwLCJkZWxldGUiOjM2MDAwMDAwMDAwMDAsInJlYWQiOjMwMDAwMDAwMDAwMCwidXBkYXRlIjozNjAwMDAwMDAwMDAwfSwic2NoZW1hX3ZlcnNpb24iOiIwIn0="
        }
      ]
    },
    {
      "mode": "managed",
      "type": "azurerm_windows_web_app",
      "name": "res-2",
      "provider": "provider[\"registry.terraform.io/hashicorp/azurerm\"]",
      "instances": [
        {
          "schema_version": 0,
          "attributes": {
            "app_settings": {},
            "auth_settings": [],
            "auth_settings_v2": [],
            "backup": [],
            "client_affinity_enabled": true,
            "client_certificate_enabled": false,
            "client_certificate_exclusion_paths": "",
            "client_certificate_mode": "Required",
            "connection_string": [],
            "custom_domain_verification_id": "095E76ED493AF8C294C1E2580395B5D467E324BF63DD75165DE2DF7AA0D68806",
            "default_hostname": "cawebapp32yfmbpnveu6k.azurewebsites.net",
            "enabled": true,
            "https_only": true,
            "id": "/subscriptions/1a0d078e-b0e6-432d-89c7-8a75cac664aa/resourceGroups/testdeploymentBicep/providers/Microsoft.Web/sites/cawebapp32yfmbpnveu6k",
            "identity": [],
            "key_vault_reference_identity_id": "SystemAssigned",
            "kind": "app",
            "location": "westeurope",
            "logs": [],
            "name": "cawebapp32yfmbpnveu6k",
            "outbound_ip_address_list": [
              "51.137.4.9",
              "51.137.4.210",
              "51.137.4.238",
              "51.137.5.1",
              "51.137.6.102",
              "51.137.6.174",
              "20.50.2.15"
            ],
            "outbound_ip_addresses": "51.137.4.9,51.137.4.210,51.137.4.238,51.137.5.1,51.137.6.102,51.137.6.174,20.50.2.15",
            "possible_outbound_ip_address_list": [
              "51.137.4.9",
              "51.137.4.210",
              "51.137.4.238",
              "51.137.5.1",
              "51.137.6.102",
              "51.137.6.174",
              "51.137.7.73",
              "51.137.7.83",
              "51.137.7.104",
              "51.137.7.126",
              "51.137.7.130",
              "51.137.7.155",
              "51.137.7.156",
              "51.137.7.212",
              "51.137.7.229",
              "51.138.56.8",
              "51.138.56.59",
              "51.138.56.63",
              "51.138.56.66",
              "51.138.56.86",
              "51.138.56.142",
              "51.138.56.157",
              "51.138.56.174",
              "51.138.56.230",
              "51.138.57.17",
              "51.138.57.73",
              "51.138.57.95",
              "20.73.220.51",
              "20.73.220.70",
              "20.73.220.76",
              "20.50.2.15"
            ],
            "possible_outbound_ip_addresses": "51.137.4.9,51.137.4.210,51.137.4.238,51.137.5.1,51.137.6.102,51.137.6.174,51.137.7.73,51.137.7.83,51.137.7.104,51.137.7.126,51.137.7.130,51.137.7.155,51.137.7.156,51.137.7.212,51.137.7.229,51.138.56.8,51.138.56.59,51.138.56.63,51.138.56.66,51.138.56.86,51.138.56.142,51.138.56.157,51.138.56.174,51.138.56.230,51.138.57.17,51.138.57.73,51.138.57.95,20.73.220.51,20.73.220.70,20.73.220.76,20.50.2.15",
            "resource_group_name": "testdeploymentBicep",
            "service_plan_id": "/subscriptions/1a0d078e-b0e6-432d-89c7-8a75cac664aa/resourceGroups/testdeploymentBicep/providers/Microsoft.Web/serverfarms/ca-service-plan",
            "site_config": [
              {
                "always_on": false,
                "api_definition_url": "",
                "api_management_api_id": "",
                "app_command_line": "",
                "application_stack": [
                  {
                    "current_stack": "",
                    "docker_container_name": "",
                    "docker_container_registry": "",
                    "docker_container_tag": "",
                    "dotnet_core_version": "",
                    "dotnet_version": "",
                    "java_container": "",
                    "java_container_version": "",
                    "java_embedded_server_enabled": false,
                    "java_version": "",
                    "node_version": "6.9.1",
                    "php_version": "5.6",
                    "python": false,
                    "python_version": "",
                    "tomcat_version": ""
                  }
                ],
                "auto_heal_enabled": false,
                "auto_heal_setting": [],
                "container_registry_managed_identity_client_id": "",
                "container_registry_use_managed_identity": false,
                "cors": [],
                "default_documents": [
                  "Default.htm",
                  "Default.html",
                  "Default.asp",
                  "index.htm",
                  "index.html",
                  "iisstart.htm",
                  "default.aspx",
                  "index.php",
                  "hostingstart.html"
                ],
                "detailed_error_logging_enabled": false,
                "ftps_state": "AllAllowed",
                "health_check_eviction_time_in_min": 0,
                "health_check_path": "",
                "http2_enabled": false,
                "ip_restriction": [],
                "linux_fx_version": "",
                "load_balancing_mode": "LeastRequests",
                "local_mysql_enabled": false,
                "managed_pipeline_mode": "Integrated",
                "minimum_tls_version": "1.2",
                "remote_debugging_enabled": false,
                "remote_debugging_version": "",
                "scm_ip_restriction": [],
                "scm_minimum_tls_version": "1.2",
                "scm_type": "None",
                "scm_use_main_ip_restriction": false,
                "use_32_bit_worker": true,
                "virtual_application": [
                  {
                    "physical_path": "site\\wwwroot",
                    "preload": false,
                    "virtual_directory": [],
                    "virtual_path": "/"
                  }
                ],
                "vnet_route_all_enabled": false,
                "websockets_enabled": false,
                "windows_fx_version": "",
                "worker_count": 1
              }
            ],
            "site_credential": [
              {
                "name": "$cawebapp32yfmbpnveu6k",
                "password": "kQLxrsCefcoeFcmh4yXnoMdmNdvfJ6wXD6sd6evQb5K76oW6uHi78Ahxejah"
              }
            ],
            "sticky_settings": [],
            "storage_account": [],
            "tags": {},
            "timeouts": {
              "create": null,
              "delete": null,
              "read": null,
              "update": null
            },
            "virtual_network_subnet_id": "",
            "zip_deploy_file": ""
          },
          "sensitive_attributes": [],
          "private": "eyJlMmJmYjczMC1lY2FhLTExZTYtOGY4OC0zNDM2M2JjN2M0YzAiOnsiY3JlYXRlIjoxODAwMDAwMDAwMDAwLCJkZWxldGUiOjE4MDAwMDAwMDAwMDAsInJlYWQiOjMwMDAwMDAwMDAwMCwidXBkYXRlIjoxODAwMDAwMDAwMDAwfSwic2NoZW1hX3ZlcnNpb24iOiIwIn0="
        }
      ]
    }
  ],
  "check_results": null
}
