{
  "version": 4,
  "terraform_version": "1.3.9",
  "serial": 1,
  "lineage": "316dd8dc-03b4-ef62-06a8-6e804bde06ff",
  "outputs": {},
  "resources": [
    {
      "mode": "managed",
      "type": "azurerm_log_analytics_saved_search",
      "name": "res-10",
      "provider": "provider[\"registry.terraform.io/hashicorp/azurerm\"]",
      "instances": [
        {
          "schema_version": 1,
          "attributes": {
            "category": "Log Management",
            "display_name": "All Syslog Records with Errors",
            "function_alias": "",
            "function_parameters": [],
            "id": "/subscriptions/1a0d078e-b0e6-432d-89c7-8a75cac664aa/resourceGroups/DefaultResourceGroup-WEU/providers/Microsoft.OperationalInsights/workspaces/DefaultWorkspace-1a0d078e-b0e6-432d-89c7-8a75cac664aa-WEU/savedSearches/LogManagement(DefaultWorkspace-1a0d078e-b0e6-432d-89c7-8a75cac664aa-WEU)_LogManagement|AllSyslogsWithErrors",
            "log_analytics_workspace_id": "/subscriptions/1a0d078e-b0e6-432d-89c7-8a75cac664aa/resourceGroups/DefaultResourceGroup-WEU/providers/Microsoft.OperationalInsights/workspaces/DefaultWorkspace-1a0d078e-b0e6-432d-89c7-8a75cac664aa-WEU",
            "name": "LogManagement(DefaultWorkspace-1a0d078e-b0e6-432d-89c7-8a75cac664aa-WEU)_LogManagement|AllSyslogsWithErrors",
            "query": "Syslog | where SeverityLevel == \"error\" | sort by TimeGenerated desc\r\n// Oql: Type=Syslog SeverityLevel=error // Args: {OQ: True; WorkspaceId: 00000000-0000-0000-0000-000000000000} // Settings: {PTT: True; SortI: True; SortF: True} // Version: 0.1.122",
            "tags": {},
            "timeouts": {
              "create": null,
              "delete": null,
              "read": null,
              "update": null
            }
          },
          "sensitive_attributes": [],
          "private": "eyJlMmJmYjczMC1lY2FhLTExZTYtOGY4OC0zNDM2M2JjN2M0YzAiOnsiY3JlYXRlIjoxODAwMDAwMDAwMDAwLCJkZWxldGUiOjE4MDAwMDAwMDAwMDAsInJlYWQiOjMwMDAwMDAwMDAwMCwidXBkYXRlIjoxODAwMDAwMDAwMDAwfSwic2NoZW1hX3ZlcnNpb24iOiIxIn0="
        }
      ]
    },
    {
      "mode": "managed",
      "type": "azurerm_log_analytics_saved_search",
      "name": "res-11",
      "provider": "provider[\"registry.terraform.io/hashicorp/azurerm\"]",
      "instances": [
        {
          "schema_version": 1,
          "attributes": {
            "category": "Log Management",
            "display_name": "Average HTTP Request time by Client IP Address",
            "function_alias": "",
            "function_parameters": [],
            "id": "/subscriptions/1a0d078e-b0e6-432d-89c7-8a75cac664aa/resourceGroups/DefaultResourceGroup-WEU/providers/Microsoft.OperationalInsights/workspaces/DefaultWorkspace-1a0d078e-b0e6-432d-89c7-8a75cac664aa-WEU/savedSearches/LogManagement(DefaultWorkspace-1a0d078e-b0e6-432d-89c7-8a75cac664aa-WEU)_LogManagement|AverageHTTPRequestTimeByClientIPAddress",
            "log_analytics_workspace_id": "/subscriptions/1a0d078e-b0e6-432d-89c7-8a75cac664aa/resourceGroups/DefaultResourceGroup-WEU/providers/Microsoft.OperationalInsights/workspaces/DefaultWorkspace-1a0d078e-b0e6-432d-89c7-8a75cac664aa-WEU",
            "name": "LogManagement(DefaultWorkspace-1a0d078e-b0e6-432d-89c7-8a75cac664aa-WEU)_LogManagement|AverageHTTPRequestTimeByClientIPAddress",
            "query": "search * | extend Type = $table | where Type == W3CIISLog | summarize AggregatedValue = avg(TimeTaken) by cIP\r\n// Oql: Type=W3CIISLog | Measure Avg(TimeTaken) by cIP // Args: {OQ: True; WorkspaceId: 00000000-0000-0000-0000-000000000000} // Settings: {PEF: True; SortI: True; SortF: True} // Version: 0.1.122",
            "tags": {},
            "timeouts": {
              "create": null,
              "delete": null,
              "read": null,
              "update": null
            }
          },
          "sensitive_attributes": [],
          "private": "eyJlMmJmYjczMC1lY2FhLTExZTYtOGY4OC0zNDM2M2JjN2M0YzAiOnsiY3JlYXRlIjoxODAwMDAwMDAwMDAwLCJkZWxldGUiOjE4MDAwMDAwMDAwMDAsInJlYWQiOjMwMDAwMDAwMDAwMCwidXBkYXRlIjoxODAwMDAwMDAwMDAwfSwic2NoZW1hX3ZlcnNpb24iOiIxIn0="
        }
      ]
    },
    {
      "mode": "managed",
      "type": "azurerm_log_analytics_saved_search",
      "name": "res-12",
      "provider": "provider[\"registry.terraform.io/hashicorp/azurerm\"]",
      "instances": [
        {
          "schema_version": 1,
          "attributes": {
            "category": "Log Management",
            "display_name": "Average HTTP Request time by HTTP Method",
            "function_alias": "",
            "function_parameters": [],
            "id": "/subscriptions/1a0d078e-b0e6-432d-89c7-8a75cac664aa/resourceGroups/DefaultResourceGroup-WEU/providers/Microsoft.OperationalInsights/workspaces/DefaultWorkspace-1a0d078e-b0e6-432d-89c7-8a75cac664aa-WEU/savedSearches/LogManagement(DefaultWorkspace-1a0d078e-b0e6-432d-89c7-8a75cac664aa-WEU)_LogManagement|AverageHTTPRequestTimeHTTPMethod",
            "log_analytics_workspace_id": "/subscriptions/1a0d078e-b0e6-432d-89c7-8a75cac664aa/resourceGroups/DefaultResourceGroup-WEU/providers/Microsoft.OperationalInsights/workspaces/DefaultWorkspace-1a0d078e-b0e6-432d-89c7-8a75cac664aa-WEU",
            "name": "LogManagement(DefaultWorkspace-1a0d078e-b0e6-432d-89c7-8a75cac664aa-WEU)_LogManagement|AverageHTTPRequestTimeHTTPMethod",
            "query": "search * | extend Type = $table | where Type == W3CIISLog | summarize AggregatedValue = avg(TimeTaken) by csMethod\r\n// Oql: Type=W3CIISLog | Measure Avg(TimeTaken) by csMethod // Args: {OQ: True; WorkspaceId: 00000000-0000-0000-0000-000000000000} // Settings: {PEF: True; SortI: True; SortF: True} // Version: 0.1.122",
            "tags": {},
            "timeouts": {
              "create": null,
              "delete": null,
              "read": null,
              "update": null
            }
          },
          "sensitive_attributes": [],
          "private": "eyJlMmJmYjczMC1lY2FhLTExZTYtOGY4OC0zNDM2M2JjN2M0YzAiOnsiY3JlYXRlIjoxODAwMDAwMDAwMDAwLCJkZWxldGUiOjE4MDAwMDAwMDAwMDAsInJlYWQiOjMwMDAwMDAwMDAwMCwidXBkYXRlIjoxODAwMDAwMDAwMDAwfSwic2NoZW1hX3ZlcnNpb24iOiIxIn0="
        }
      ]
    },
    {
      "mode": "managed",
      "type": "azurerm_log_analytics_saved_search",
      "name": "res-13",
      "provider": "provider[\"registry.terraform.io/hashicorp/azurerm\"]",
      "instances": [
        {
          "schema_version": 1,
          "attributes": {
            "category": "Log Management",
            "display_name": "Count of IIS Log Entries by Client IP Address",
            "function_alias": "",
            "function_parameters": [],
            "id": "/subscriptions/1a0d078e-b0e6-432d-89c7-8a75cac664aa/resourceGroups/DefaultResourceGroup-WEU/providers/Microsoft.OperationalInsights/workspaces/DefaultWorkspace-1a0d078e-b0e6-432d-89c7-8a75cac664aa-WEU/savedSearches/LogManagement(DefaultWorkspace-1a0d078e-b0e6-432d-89c7-8a75cac664aa-WEU)_LogManagement|CountIISLogEntriesClientIPAddress",
            "log_analytics_workspace_id": "/subscriptions/1a0d078e-b0e6-432d-89c7-8a75cac664aa/resourceGroups/DefaultResourceGroup-WEU/providers/Microsoft.OperationalInsights/workspaces/DefaultWorkspace-1a0d078e-b0e6-432d-89c7-8a75cac664aa-WEU",
            "name": "LogManagement(DefaultWorkspace-1a0d078e-b0e6-432d-89c7-8a75cac664aa-WEU)_LogManagement|CountIISLogEntriesClientIPAddress",
            "query": "search * | extend Type = $table | where Type == W3CIISLog | summarize AggregatedValue = count() by cIP\r\n// Oql: Type=W3CIISLog | Measure count() by cIP // Args: {OQ: True; WorkspaceId: 00000000-0000-0000-0000-000000000000} // Settings: {PEF: True; SortI: True; SortF: True} // Version: 0.1.122",
            "tags": {},
            "timeouts": {
              "create": null,
              "delete": null,
              "read": null,
              "update": null
            }
          },
          "sensitive_attributes": [],
          "private": "eyJlMmJmYjczMC1lY2FhLTExZTYtOGY4OC0zNDM2M2JjN2M0YzAiOnsiY3JlYXRlIjoxODAwMDAwMDAwMDAwLCJkZWxldGUiOjE4MDAwMDAwMDAwMDAsInJlYWQiOjMwMDAwMDAwMDAwMCwidXBkYXRlIjoxODAwMDAwMDAwMDAwfSwic2NoZW1hX3ZlcnNpb24iOiIxIn0="
        }
      ]
    },
    {
      "mode": "managed",
      "type": "azurerm_log_analytics_saved_search",
      "name": "res-14",
      "provider": "provider[\"registry.terraform.io/hashicorp/azurerm\"]",
      "instances": [
        {
          "schema_version": 1,
          "attributes": {
            "category": "Log Management",
            "display_name": "Count of IIS Log Entries by HTTP Request Method",
            "function_alias": "",
            "function_parameters": [],
            "id": "/subscriptions/1a0d078e-b0e6-432d-89c7-8a75cac664aa/resourceGroups/DefaultResourceGroup-WEU/providers/Microsoft.OperationalInsights/workspaces/DefaultWorkspace-1a0d078e-b0e6-432d-89c7-8a75cac664aa-WEU/savedSearches/LogManagement(DefaultWorkspace-1a0d078e-b0e6-432d-89c7-8a75cac664aa-WEU)_LogManagement|CountIISLogEntriesHTTPRequestMethod",
            "log_analytics_workspace_id": "/subscriptions/1a0d078e-b0e6-432d-89c7-8a75cac664aa/resourceGroups/DefaultResourceGroup-WEU/providers/Microsoft.OperationalInsights/workspaces/DefaultWorkspace-1a0d078e-b0e6-432d-89c7-8a75cac664aa-WEU",
            "name": "LogManagement(DefaultWorkspace-1a0d078e-b0e6-432d-89c7-8a75cac664aa-WEU)_LogManagement|CountIISLogEntriesHTTPRequestMethod",
            "query": "search * | extend Type = $table | where Type == W3CIISLog | summarize AggregatedValue = count() by csMethod\r\n// Oql: Type=W3CIISLog | Measure count() by csMethod // Args: {OQ: True; WorkspaceId: 00000000-0000-0000-0000-000000000000} // Settings: {PEF: True; SortI: True; SortF: True} // Version: 0.1.122",
            "tags": {},
            "timeouts": {
              "create": null,
              "delete": null,
              "read": null,
              "update": null
            }
          },
          "sensitive_attributes": [],
          "private": "eyJlMmJmYjczMC1lY2FhLTExZTYtOGY4OC0zNDM2M2JjN2M0YzAiOnsiY3JlYXRlIjoxODAwMDAwMDAwMDAwLCJkZWxldGUiOjE4MDAwMDAwMDAwMDAsInJlYWQiOjMwMDAwMDAwMDAwMCwidXBkYXRlIjoxODAwMDAwMDAwMDAwfSwic2NoZW1hX3ZlcnNpb24iOiIxIn0="
        }
      ]
    },
    {
      "mode": "managed",
      "type": "azurerm_log_analytics_saved_search",
      "name": "res-15",
      "provider": "provider[\"registry.terraform.io/hashicorp/azurerm\"]",
      "instances": [
        {
          "schema_version": 1,
          "attributes": {
            "category": "Log Management",
            "display_name": "Count of IIS Log Entries by HTTP User Agent",
            "function_alias": "",
            "function_parameters": [],
            "id": "/subscriptions/1a0d078e-b0e6-432d-89c7-8a75cac664aa/resourceGroups/DefaultResourceGroup-WEU/providers/Microsoft.OperationalInsights/workspaces/DefaultWorkspace-1a0d078e-b0e6-432d-89c7-8a75cac664aa-WEU/savedSearches/LogManagement(DefaultWorkspace-1a0d078e-b0e6-432d-89c7-8a75cac664aa-WEU)_LogManagement|CountIISLogEntriesHTTPUserAgent",
            "log_analytics_workspace_id": "/subscriptions/1a0d078e-b0e6-432d-89c7-8a75cac664aa/resourceGroups/DefaultResourceGroup-WEU/providers/Microsoft.OperationalInsights/workspaces/DefaultWorkspace-1a0d078e-b0e6-432d-89c7-8a75cac664aa-WEU",
            "name": "LogManagement(DefaultWorkspace-1a0d078e-b0e6-432d-89c7-8a75cac664aa-WEU)_LogManagement|CountIISLogEntriesHTTPUserAgent",
            "query": "search * | extend Type = $table | where Type == W3CIISLog | summarize AggregatedValue = count() by csUserAgent\r\n// Oql: Type=W3CIISLog | Measure count() by csUserAgent // Args: {OQ: True; WorkspaceId: 00000000-0000-0000-0000-000000000000} // Settings: {PEF: True; SortI: True; SortF: True} // Version: 0.1.122",
            "tags": {},
            "timeouts": {
              "create": null,
              "delete": null,
              "read": null,
              "update": null
            }
          },
          "sensitive_attributes": [],
          "private": "eyJlMmJmYjczMC1lY2FhLTExZTYtOGY4OC0zNDM2M2JjN2M0YzAiOnsiY3JlYXRlIjoxODAwMDAwMDAwMDAwLCJkZWxldGUiOjE4MDAwMDAwMDAwMDAsInJlYWQiOjMwMDAwMDAwMDAwMCwidXBkYXRlIjoxODAwMDAwMDAwMDAwfSwic2NoZW1hX3ZlcnNpb24iOiIxIn0="
        }
      ]
    },
    {
      "mode": "managed",
      "type": "azurerm_log_analytics_saved_search",
      "name": "res-16",
      "provider": "provider[\"registry.terraform.io/hashicorp/azurerm\"]",
      "instances": [
        {
          "schema_version": 1,
          "attributes": {
            "category": "Log Management",
            "display_name": "Count of IIS Log Entries by Host requested by client",
            "function_alias": "",
            "function_parameters": [],
            "id": "/subscriptions/1a0d078e-b0e6-432d-89c7-8a75cac664aa/resourceGroups/DefaultResourceGroup-WEU/providers/Microsoft.OperationalInsights/workspaces/DefaultWorkspace-1a0d078e-b0e6-432d-89c7-8a75cac664aa-WEU/savedSearches/LogManagement(DefaultWorkspace-1a0d078e-b0e6-432d-89c7-8a75cac664aa-WEU)_LogManagement|CountOfIISLogEntriesByHostRequestedByClient",
            "log_analytics_workspace_id": "/subscriptions/1a0d078e-b0e6-432d-89c7-8a75cac664aa/resourceGroups/DefaultResourceGroup-WEU/providers/Microsoft.OperationalInsights/workspaces/DefaultWorkspace-1a0d078e-b0e6-432d-89c7-8a75cac664aa-WEU",
            "name": "LogManagement(DefaultWorkspace-1a0d078e-b0e6-432d-89c7-8a75cac664aa-WEU)_LogManagement|CountOfIISLogEntriesByHostRequestedByClient",
            "query": "search * | extend Type = $table | where Type == W3CIISLog | summarize AggregatedValue = count() by csHost\r\n// Oql: Type=W3CIISLog | Measure count() by csHost // Args: {OQ: True; WorkspaceId: 00000000-0000-0000-0000-000000000000} // Settings: {PEF: True; SortI: True; SortF: True} // Version: 0.1.122",
            "tags": {},
            "timeouts": {
              "create": null,
              "delete": null,
              "read": null,
              "update": null
            }
          },
          "sensitive_attributes": [],
          "private": "eyJlMmJmYjczMC1lY2FhLTExZTYtOGY4OC0zNDM2M2JjN2M0YzAiOnsiY3JlYXRlIjoxODAwMDAwMDAwMDAwLCJkZWxldGUiOjE4MDAwMDAwMDAwMDAsInJlYWQiOjMwMDAwMDAwMDAwMCwidXBkYXRlIjoxODAwMDAwMDAwMDAwfSwic2NoZW1hX3ZlcnNpb24iOiIxIn0="
        }
      ]
    },
    {
      "mode": "managed",
      "type": "azurerm_log_analytics_saved_search",
      "name": "res-17",
      "provider": "provider[\"registry.terraform.io/hashicorp/azurerm\"]",
      "instances": [
        {
          "schema_version": 1,
          "attributes": {
            "category": "Log Management",
            "display_name": "Count of IIS Log Entries by URL for the host \"www.contoso.com\" (replace with your own)",
            "function_alias": "",
            "function_parameters": [],
            "id": "/subscriptions/1a0d078e-b0e6-432d-89c7-8a75cac664aa/resourceGroups/DefaultResourceGroup-WEU/providers/Microsoft.OperationalInsights/workspaces/DefaultWorkspace-1a0d078e-b0e6-432d-89c7-8a75cac664aa-WEU/savedSearches/LogManagement(DefaultWorkspace-1a0d078e-b0e6-432d-89c7-8a75cac664aa-WEU)_LogManagement|CountOfIISLogEntriesByURLForHost",
            "log_analytics_workspace_id": "/subscriptions/1a0d078e-b0e6-432d-89c7-8a75cac664aa/resourceGroups/DefaultResourceGroup-WEU/providers/Microsoft.OperationalInsights/workspaces/DefaultWorkspace-1a0d078e-b0e6-432d-89c7-8a75cac664aa-WEU",
            "name": "LogManagement(DefaultWorkspace-1a0d078e-b0e6-432d-89c7-8a75cac664aa-WEU)_LogManagement|CountOfIISLogEntriesByURLForHost",
            "query": "search csHost == \"www.contoso.com\" | extend Type = $table | where Type == W3CIISLog | summarize AggregatedValue = count() by csUriStem\r\n// Oql: Type=W3CIISLog csHost=\"www.contoso.com\" | Measure count() by csUriStem // Args: {OQ: True; WorkspaceId: 00000000-0000-0000-0000-000000000000} // Settings: {PEF: True; SortI: True; SortF: True} // Version: 0.1.122",
            "tags": {},
            "timeouts": {
              "create": null,
              "delete": null,
              "read": null,
              "update": null
            }
          },
          "sensitive_attributes": [],
          "private": "eyJlMmJmYjczMC1lY2FhLTExZTYtOGY4OC0zNDM2M2JjN2M0YzAiOnsiY3JlYXRlIjoxODAwMDAwMDAwMDAwLCJkZWxldGUiOjE4MDAwMDAwMDAwMDAsInJlYWQiOjMwMDAwMDAwMDAwMCwidXBkYXRlIjoxODAwMDAwMDAwMDAwfSwic2NoZW1hX3ZlcnNpb24iOiIxIn0="
        }
      ]
    },
    {
      "mode": "managed",
      "type": "azurerm_log_analytics_saved_search",
      "name": "res-18",
      "provider": "provider[\"registry.terraform.io/hashicorp/azurerm\"]",
      "instances": [
        {
          "schema_version": 1,
          "attributes": {
            "category": "Log Management",
            "display_name": "Count of IIS Log Entries by URL requested by client (without query strings)",
            "function_alias": "",
            "function_parameters": [],
            "id": "/subscriptions/1a0d078e-b0e6-432d-89c7-8a75cac664aa/resourceGroups/DefaultResourceGroup-WEU/providers/Microsoft.OperationalInsights/workspaces/DefaultWorkspace-1a0d078e-b0e6-432d-89c7-8a75cac664aa-WEU/savedSearches/LogManagement(DefaultWorkspace-1a0d078e-b0e6-432d-89c7-8a75cac664aa-WEU)_LogManagement|CountOfIISLogEntriesByURLRequestedByClient",
            "log_analytics_workspace_id": "/subscriptions/1a0d078e-b0e6-432d-89c7-8a75cac664aa/resourceGroups/DefaultResourceGroup-WEU/providers/Microsoft.OperationalInsights/workspaces/DefaultWorkspace-1a0d078e-b0e6-432d-89c7-8a75cac664aa-WEU",
            "name": "LogManagement(DefaultWorkspace-1a0d078e-b0e6-432d-89c7-8a75cac664aa-WEU)_LogManagement|CountOfIISLogEntriesByURLRequestedByClient",
            "query": "search * | extend Type = $table | where Type == W3CIISLog | summarize AggregatedValue = count() by csUriStem\r\n// Oql: Type=W3CIISLog | Measure count() by csUriStem // Args: {OQ: True; WorkspaceId: 00000000-0000-0000-0000-000000000000} // Settings: {PEF: True; SortI: True; SortF: True} // Version: 0.1.122",
            "tags": {},
            "timeouts": {
              "create": null,
              "delete": null,
              "read": null,
              "update": null
            }
          },
          "sensitive_attributes": [],
          "private": "eyJlMmJmYjczMC1lY2FhLTExZTYtOGY4OC0zNDM2M2JjN2M0YzAiOnsiY3JlYXRlIjoxODAwMDAwMDAwMDAwLCJkZWxldGUiOjE4MDAwMDAwMDAwMDAsInJlYWQiOjMwMDAwMDAwMDAwMCwidXBkYXRlIjoxODAwMDAwMDAwMDAwfSwic2NoZW1hX3ZlcnNpb24iOiIxIn0="
        }
      ]
    },
    {
      "mode": "managed",
      "type": "azurerm_log_analytics_saved_search",
      "name": "res-19",
      "provider": "provider[\"registry.terraform.io/hashicorp/azurerm\"]",
      "instances": [
        {
          "schema_version": 1,
          "attributes": {
            "category": "Log Management",
            "display_name": "Count of Events with level \"Warning\" grouped by Event ID",
            "function_alias": "",
            "function_parameters": [],
            "id": "/subscriptions/1a0d078e-b0e6-432d-89c7-8a75cac664aa/resourceGroups/DefaultResourceGroup-WEU/providers/Microsoft.OperationalInsights/workspaces/DefaultWorkspace-1a0d078e-b0e6-432d-89c7-8a75cac664aa-WEU/savedSearches/LogManagement(DefaultWorkspace-1a0d078e-b0e6-432d-89c7-8a75cac664aa-WEU)_LogManagement|CountOfWarningEvents",
            "log_analytics_workspace_id": "/subscriptions/1a0d078e-b0e6-432d-89c7-8a75cac664aa/resourceGroups/DefaultResourceGroup-WEU/providers/Microsoft.OperationalInsights/workspaces/DefaultWorkspace-1a0d078e-b0e6-432d-89c7-8a75cac664aa-WEU",
            "name": "LogManagement(DefaultWorkspace-1a0d078e-b0e6-432d-89c7-8a75cac664aa-WEU)_LogManagement|CountOfWarningEvents",
            "query": "Event | where EventLevelName == \"warning\" | summarize AggregatedValue = count() by EventID\r\n// Oql: Type=Event EventLevelName=warning | Measure count() by EventID // Args: {OQ: True; WorkspaceId: 00000000-0000-0000-0000-000000000000} // Settings: {PTT: True; SortI: True; SortF: True} // Version: 0.1.122",
            "tags": {},
            "timeouts": {
              "create": null,
              "delete": null,
              "read": null,
              "update": null
            }
          },
          "sensitive_attributes": [],
          "private": "eyJlMmJmYjczMC1lY2FhLTExZTYtOGY4OC0zNDM2M2JjN2M0YzAiOnsiY3JlYXRlIjoxODAwMDAwMDAwMDAwLCJkZWxldGUiOjE4MDAwMDAwMDAwMDAsInJlYWQiOjMwMDAwMDAwMDAwMCwidXBkYXRlIjoxODAwMDAwMDAwMDAwfSwic2NoZW1hX3ZlcnNpb24iOiIxIn0="
        }
      ]
    },
    {
      "mode": "managed",
      "type": "azurerm_log_analytics_saved_search",
      "name": "res-2",
      "provider": "provider[\"registry.terraform.io/hashicorp/azurerm\"]",
      "instances": [
        {
          "schema_version": 1,
          "attributes": {
            "category": "General Exploration",
            "display_name": "All Computers with their most recent data",
            "function_alias": "",
            "function_parameters": [],
            "id": "/subscriptions/1a0d078e-b0e6-432d-89c7-8a75cac664aa/resourceGroups/DefaultResourceGroup-WEU/providers/Microsoft.OperationalInsights/workspaces/DefaultWorkspace-1a0d078e-b0e6-432d-89c7-8a75cac664aa-WEU/savedSearches/LogManagement(DefaultWorkspace-1a0d078e-b0e6-432d-89c7-8a75cac664aa-WEU)_General|AlphabeticallySortedComputers",
            "log_analytics_workspace_id": "/subscriptions/1a0d078e-b0e6-432d-89c7-8a75cac664aa/resourceGroups/DefaultResourceGroup-WEU/providers/Microsoft.OperationalInsights/workspaces/DefaultWorkspace-1a0d078e-b0e6-432d-89c7-8a75cac664aa-WEU",
            "name": "LogManagement(DefaultWorkspace-1a0d078e-b0e6-432d-89c7-8a75cac664aa-WEU)_General|AlphabeticallySortedComputers",
            "query": "search not(ObjectName == \"Advisor Metrics\" or ObjectName == \"ManagedSpace\") | summarize AggregatedValue = max(TimeGenerated) by Computer | limit 500000 | sort by Computer asc\r\n// Oql: NOT(ObjectName=\"Advisor Metrics\" OR ObjectName=ManagedSpace) | measure max(TimeGenerated) by Computer | top 500000 | Sort Computer // Args: {OQ: True; WorkspaceId: 00000000-0000-0000-0000-000000000000} // Settings: {PTT: True; SortI: True; SortF: True} // Version: 0.1.122",
            "tags": {},
            "timeouts": {
              "create": null,
              "delete": null,
              "read": null,
              "update": null
            }
          },
          "sensitive_attributes": [],
          "private": "eyJlMmJmYjczMC1lY2FhLTExZTYtOGY4OC0zNDM2M2JjN2M0YzAiOnsiY3JlYXRlIjoxODAwMDAwMDAwMDAwLCJkZWxldGUiOjE4MDAwMDAwMDAwMDAsInJlYWQiOjMwMDAwMDAwMDAwMCwidXBkYXRlIjoxODAwMDAwMDAwMDAwfSwic2NoZW1hX3ZlcnNpb24iOiIxIn0="
        }
      ]
    },
    {
      "mode": "managed",
      "type": "azurerm_log_analytics_saved_search",
      "name": "res-20",
      "provider": "provider[\"registry.terraform.io/hashicorp/azurerm\"]",
      "instances": [
        {
          "schema_version": 1,
          "attributes": {
            "category": "Log Management",
            "display_name": "Shows breakdown of response codes",
            "function_alias": "",
            "function_parameters": [],
            "id": "/subscriptions/1a0d078e-b0e6-432d-89c7-8a75cac664aa/resourceGroups/DefaultResourceGroup-WEU/providers/Microsoft.OperationalInsights/workspaces/DefaultWorkspace-1a0d078e-b0e6-432d-89c7-8a75cac664aa-WEU/savedSearches/LogManagement(DefaultWorkspace-1a0d078e-b0e6-432d-89c7-8a75cac664aa-WEU)_LogManagement|DisplayBreakdownRespondCodes",
            "log_analytics_workspace_id": "/subscriptions/1a0d078e-b0e6-432d-89c7-8a75cac664aa/resourceGroups/DefaultResourceGroup-WEU/providers/Microsoft.OperationalInsights/workspaces/DefaultWorkspace-1a0d078e-b0e6-432d-89c7-8a75cac664aa-WEU",
            "name": "LogManagement(DefaultWorkspace-1a0d078e-b0e6-432d-89c7-8a75cac664aa-WEU)_LogManagement|DisplayBreakdownRespondCodes",
            "query": "search * | extend Type = $table | where Type == W3CIISLog | summarize AggregatedValue = count() by scStatus\r\n// Oql: Type=W3CIISLog | Measure count() by scStatus // Args: {OQ: True; WorkspaceId: 00000000-0000-0000-0000-000000000000} // Settings: {PEF: True; SortI: True; SortF: True} // Version: 0.1.122",
            "tags": {},
            "timeouts": {
              "create": null,
              "delete": null,
              "read": null,
              "update": null
            }
          },
          "sensitive_attributes": [],
          "private": "eyJlMmJmYjczMC1lY2FhLTExZTYtOGY4OC0zNDM2M2JjN2M0YzAiOnsiY3JlYXRlIjoxODAwMDAwMDAwMDAwLCJkZWxldGUiOjE4MDAwMDAwMDAwMDAsInJlYWQiOjMwMDAwMDAwMDAwMCwidXBkYXRlIjoxODAwMDAwMDAwMDAwfSwic2NoZW1hX3ZlcnNpb24iOiIxIn0="
        }
      ]
    },
    {
      "mode": "managed",
      "type": "azurerm_log_analytics_saved_search",
      "name": "res-21",
      "provider": "provider[\"registry.terraform.io/hashicorp/azurerm\"]",
      "instances": [
        {
          "schema_version": 1,
          "attributes": {
            "category": "Log Management",
            "display_name": "Count of Events grouped by Event Log",
            "function_alias": "",
            "function_parameters": [],
            "id": "/subscriptions/1a0d078e-b0e6-432d-89c7-8a75cac664aa/resourceGroups/DefaultResourceGroup-WEU/providers/Microsoft.OperationalInsights/workspaces/DefaultWorkspace-1a0d078e-b0e6-432d-89c7-8a75cac664aa-WEU/savedSearches/LogManagement(DefaultWorkspace-1a0d078e-b0e6-432d-89c7-8a75cac664aa-WEU)_LogManagement|EventsByEventLog",
            "log_analytics_workspace_id": "/subscriptions/1a0d078e-b0e6-432d-89c7-8a75cac664aa/resourceGroups/DefaultResourceGroup-WEU/providers/Microsoft.OperationalInsights/workspaces/DefaultWorkspace-1a0d078e-b0e6-432d-89c7-8a75cac664aa-WEU",
            "name": "LogManagement(DefaultWorkspace-1a0d078e-b0e6-432d-89c7-8a75cac664aa-WEU)_LogManagement|EventsByEventLog",
            "query": "Event | summarize AggregatedValue = count() by EventLog\r\n// Oql: Type=Event | Measure count() by EventLog // Args: {OQ: True; WorkspaceId: 00000000-0000-0000-0000-000000000000} // Settings: {PTT: True; SortI: True; SortF: True} // Version: 0.1.122",
            "tags": {},
            "timeouts": {
              "create": null,
              "delete": null,
              "read": null,
              "update": null
            }
          },
          "sensitive_attributes": [],
          "private": "eyJlMmJmYjczMC1lY2FhLTExZTYtOGY4OC0zNDM2M2JjN2M0YzAiOnsiY3JlYXRlIjoxODAwMDAwMDAwMDAwLCJkZWxldGUiOjE4MDAwMDAwMDAwMDAsInJlYWQiOjMwMDAwMDAwMDAwMCwidXBkYXRlIjoxODAwMDAwMDAwMDAwfSwic2NoZW1hX3ZlcnNpb24iOiIxIn0="
        }
      ]
    },
    {
      "mode": "managed",
      "type": "azurerm_log_analytics_saved_search",
      "name": "res-22",
      "provider": "provider[\"registry.terraform.io/hashicorp/azurerm\"]",
      "instances": [
        {
          "schema_version": 1,
          "attributes": {
            "category": "Log Management",
            "display_name": "Count of Events grouped by Event Source",
            "function_alias": "",
            "function_parameters": [],
            "id": "/subscriptions/1a0d078e-b0e6-432d-89c7-8a75cac664aa/resourceGroups/DefaultResourceGroup-WEU/providers/Microsoft.OperationalInsights/workspaces/DefaultWorkspace-1a0d078e-b0e6-432d-89c7-8a75cac664aa-WEU/savedSearches/LogManagement(DefaultWorkspace-1a0d078e-b0e6-432d-89c7-8a75cac664aa-WEU)_LogManagement|EventsByEventSource",
            "log_analytics_workspace_id": "/subscriptions/1a0d078e-b0e6-432d-89c7-8a75cac664aa/resourceGroups/DefaultResourceGroup-WEU/providers/Microsoft.OperationalInsights/workspaces/DefaultWorkspace-1a0d078e-b0e6-432d-89c7-8a75cac664aa-WEU",
            "name": "LogManagement(DefaultWorkspace-1a0d078e-b0e6-432d-89c7-8a75cac664aa-WEU)_LogManagement|EventsByEventSource",
            "query": "Event | summarize AggregatedValue = count() by Source\r\n// Oql: Type=Event | Measure count() by Source // Args: {OQ: True; WorkspaceId: 00000000-0000-0000-0000-000000000000} // Settings: {PTT: True; SortI: True; SortF: True} // Version: 0.1.122",
            "tags": {},
            "timeouts": {
              "create": null,
              "delete": null,
              "read": null,
              "update": null
            }
          },
          "sensitive_attributes": [],
          "private": "eyJlMmJmYjczMC1lY2FhLTExZTYtOGY4OC0zNDM2M2JjN2M0YzAiOnsiY3JlYXRlIjoxODAwMDAwMDAwMDAwLCJkZWxldGUiOjE4MDAwMDAwMDAwMDAsInJlYWQiOjMwMDAwMDAwMDAwMCwidXBkYXRlIjoxODAwMDAwMDAwMDAwfSwic2NoZW1hX3ZlcnNpb24iOiIxIn0="
        }
      ]
    },
    {
      "mode": "managed",
      "type": "azurerm_log_analytics_saved_search",
      "name": "res-23",
      "provider": "provider[\"registry.terraform.io/hashicorp/azurerm\"]",
      "instances": [
        {
          "schema_version": 1,
          "attributes": {
            "category": "Log Management",
            "display_name": "Count of Events grouped by Event ID",
            "function_alias": "",
            "function_parameters": [],
            "id": "/subscriptions/1a0d078e-b0e6-432d-89c7-8a75cac664aa/resourceGroups/DefaultResourceGroup-WEU/providers/Microsoft.OperationalInsights/workspaces/DefaultWorkspace-1a0d078e-b0e6-432d-89c7-8a75cac664aa-WEU/savedSearches/LogManagement(DefaultWorkspace-1a0d078e-b0e6-432d-89c7-8a75cac664aa-WEU)_LogManagement|EventsByEventsID",
            "log_analytics_workspace_id": "/subscriptions/1a0d078e-b0e6-432d-89c7-8a75cac664aa/resourceGroups/DefaultResourceGroup-WEU/providers/Microsoft.OperationalInsights/workspaces/DefaultWorkspace-1a0d078e-b0e6-432d-89c7-8a75cac664aa-WEU",
            "name": "LogManagement(DefaultWorkspace-1a0d078e-b0e6-432d-89c7-8a75cac664aa-WEU)_LogManagement|EventsByEventsID",
            "query": "Event | summarize AggregatedValue = count() by EventID\r\n// Oql: Type=Event | Measure count() by EventID // Args: {OQ: True; WorkspaceId: 00000000-0000-0000-0000-000000000000} // Settings: {PTT: True; SortI: True; SortF: True} // Version: 0.1.122",
            "tags": {},
            "timeouts": {
              "create": null,
              "delete": null,
              "read": null,
              "update": null
            }
          },
          "sensitive_attributes": [],
          "private": "eyJlMmJmYjczMC1lY2FhLTExZTYtOGY4OC0zNDM2M2JjN2M0YzAiOnsiY3JlYXRlIjoxODAwMDAwMDAwMDAwLCJkZWxldGUiOjE4MDAwMDAwMDAwMDAsInJlYWQiOjMwMDAwMDAwMDAwMCwidXBkYXRlIjoxODAwMDAwMDAwMDAwfSwic2NoZW1hX3ZlcnNpb24iOiIxIn0="
        }
      ]
    },
    {
      "mode": "managed",
      "type": "azurerm_log_analytics_saved_search",
      "name": "res-24",
      "provider": "provider[\"registry.terraform.io/hashicorp/azurerm\"]",
      "instances": [
        {
          "schema_version": 1,
          "attributes": {
            "category": "Log Management",
            "display_name": "Events in the Operations Manager Event Log whose Event ID is in the range between 2000 and 3000",
            "function_alias": "",
            "function_parameters": [],
            "id": "/subscriptions/1a0d078e-b0e6-432d-89c7-8a75cac664aa/resourceGroups/DefaultResourceGroup-WEU/providers/Microsoft.OperationalInsights/workspaces/DefaultWorkspace-1a0d078e-b0e6-432d-89c7-8a75cac664aa-WEU/savedSearches/LogManagement(DefaultWorkspace-1a0d078e-b0e6-432d-89c7-8a75cac664aa-WEU)_LogManagement|EventsInOMBetween2000to3000",
            "log_analytics_workspace_id": "/subscriptions/1a0d078e-b0e6-432d-89c7-8a75cac664aa/resourceGroups/DefaultResourceGroup-WEU/providers/Microsoft.OperationalInsights/workspaces/DefaultWorkspace-1a0d078e-b0e6-432d-89c7-8a75cac664aa-WEU",
            "name": "LogManagement(DefaultWorkspace-1a0d078e-b0e6-432d-89c7-8a75cac664aa-WEU)_LogManagement|EventsInOMBetween2000to3000",
            "query": "Event | where EventLog == \"Operations Manager\" and EventID \u003e= 2000 and EventID \u003c= 3000 | sort by TimeGenerated desc\r\n// Oql: Type=Event EventLog=\"Operations Manager\" EventID:[2000..3000] // Args: {OQ: True; WorkspaceId: 00000000-0000-0000-0000-000000000000} // Settings: {PTT: True; SortI: True; SortF: True} // Version: 0.1.122",
            "tags": {},
            "timeouts": {
              "create": null,
              "delete": null,
              "read": null,
              "update": null
            }
          },
          "sensitive_attributes": [],
          "private": "eyJlMmJmYjczMC1lY2FhLTExZTYtOGY4OC0zNDM2M2JjN2M0YzAiOnsiY3JlYXRlIjoxODAwMDAwMDAwMDAwLCJkZWxldGUiOjE4MDAwMDAwMDAwMDAsInJlYWQiOjMwMDAwMDAwMDAwMCwidXBkYXRlIjoxODAwMDAwMDAwMDAwfSwic2NoZW1hX3ZlcnNpb24iOiIxIn0="
        }
      ]
    },
    {
      "mode": "managed",
      "type": "azurerm_log_analytics_saved_search",
      "name": "res-25",
      "provider": "provider[\"registry.terraform.io/hashicorp/azurerm\"]",
      "instances": [
        {
          "schema_version": 1,
          "attributes": {
            "category": "Log Management",
            "display_name": "Count of Events containing the word \"started\" grouped by EventID",
            "function_alias": "",
            "function_parameters": [],
            "id": "/subscriptions/1a0d078e-b0e6-432d-89c7-8a75cac664aa/resourceGroups/DefaultResourceGroup-WEU/providers/Microsoft.OperationalInsights/workspaces/DefaultWorkspace-1a0d078e-b0e6-432d-89c7-8a75cac664aa-WEU/savedSearches/LogManagement(DefaultWorkspace-1a0d078e-b0e6-432d-89c7-8a75cac664aa-WEU)_LogManagement|EventsWithStartedinEventID",
            "log_analytics_workspace_id": "/subscriptions/1a0d078e-b0e6-432d-89c7-8a75cac664aa/resourceGroups/DefaultResourceGroup-WEU/providers/Microsoft.OperationalInsights/workspaces/DefaultWorkspace-1a0d078e-b0e6-432d-89c7-8a75cac664aa-WEU",
            "name": "LogManagement(DefaultWorkspace-1a0d078e-b0e6-432d-89c7-8a75cac664aa-WEU)_LogManagement|EventsWithStartedinEventID",
            "query": "search in (Event) \"started\" | summarize AggregatedValue = count() by EventID\r\n// Oql: Type=Event \"started\" | Measure count() by EventID // Args: {OQ: True; WorkspaceId: 00000000-0000-0000-0000-000000000000} // Settings: {PTT: True; SortI: True; SortF: True} // Version: 0.1.122",
            "tags": {},
            "timeouts": {
              "create": null,
              "delete": null,
              "read": null,
              "update": null
            }
          },
          "sensitive_attributes": [],
          "private": "eyJlMmJmYjczMC1lY2FhLTExZTYtOGY4OC0zNDM2M2JjN2M0YzAiOnsiY3JlYXRlIjoxODAwMDAwMDAwMDAwLCJkZWxldGUiOjE4MDAwMDAwMDAwMDAsInJlYWQiOjMwMDAwMDAwMDAwMCwidXBkYXRlIjoxODAwMDAwMDAwMDAwfSwic2NoZW1hX3ZlcnNpb24iOiIxIn0="
        }
      ]
    },
    {
      "mode": "managed",
      "type": "azurerm_log_analytics_saved_search",
      "name": "res-26",
      "provider": "provider[\"registry.terraform.io/hashicorp/azurerm\"]",
      "instances": [
        {
          "schema_version": 1,
          "attributes": {
            "category": "Log Management",
            "display_name": "Find the maximum time taken for each page",
            "function_alias": "",
            "function_parameters": [],
            "id": "/subscriptions/1a0d078e-b0e6-432d-89c7-8a75cac664aa/resourceGroups/DefaultResourceGroup-WEU/providers/Microsoft.OperationalInsights/workspaces/DefaultWorkspace-1a0d078e-b0e6-432d-89c7-8a75cac664aa-WEU/savedSearches/LogManagement(DefaultWorkspace-1a0d078e-b0e6-432d-89c7-8a75cac664aa-WEU)_LogManagement|FindMaximumTimeTakenForEachPage",
            "log_analytics_workspace_id": "/subscriptions/1a0d078e-b0e6-432d-89c7-8a75cac664aa/resourceGroups/DefaultResourceGroup-WEU/providers/Microsoft.OperationalInsights/workspaces/DefaultWorkspace-1a0d078e-b0e6-432d-89c7-8a75cac664aa-WEU",
            "name": "LogManagement(DefaultWorkspace-1a0d078e-b0e6-432d-89c7-8a75cac664aa-WEU)_LogManagement|FindMaximumTimeTakenForEachPage",
            "query": "search * | extend Type = $table | where Type == W3CIISLog | summarize AggregatedValue = max(TimeTaken) by csUriStem\r\n// Oql: Type=W3CIISLog | Measure Max(TimeTaken) by csUriStem // Args: {OQ: True; WorkspaceId: 00000000-0000-0000-0000-000000000000} // Settings: {PEF: True; SortI: True; SortF: True} // Version: 0.1.122",
            "tags": {},
            "timeouts": {
              "create": null,
              "delete": null,
              "read": null,
              "update": null
            }
          },
          "sensitive_attributes": [],
          "private": "eyJlMmJmYjczMC1lY2FhLTExZTYtOGY4OC0zNDM2M2JjN2M0YzAiOnsiY3JlYXRlIjoxODAwMDAwMDAwMDAwLCJkZWxldGUiOjE4MDAwMDAwMDAwMDAsInJlYWQiOjMwMDAwMDAwMDAwMCwidXBkYXRlIjoxODAwMDAwMDAwMDAwfSwic2NoZW1hX3ZlcnNpb24iOiIxIn0="
        }
      ]
    },
    {
      "mode": "managed",
      "type": "azurerm_log_analytics_saved_search",
      "name": "res-27",
      "provider": "provider[\"registry.terraform.io/hashicorp/azurerm\"]",
      "instances": [
        {
          "schema_version": 1,
          "attributes": {
            "category": "Log Management",
            "display_name": "IIS Log Entries for a specific client IP Address (replace with your own)",
            "function_alias": "",
            "function_parameters": [],
            "id": "/subscriptions/1a0d078e-b0e6-432d-89c7-8a75cac664aa/resourceGroups/DefaultResourceGroup-WEU/providers/Microsoft.OperationalInsights/workspaces/DefaultWorkspace-1a0d078e-b0e6-432d-89c7-8a75cac664aa-WEU/savedSearches/LogManagement(DefaultWorkspace-1a0d078e-b0e6-432d-89c7-8a75cac664aa-WEU)_LogManagement|IISLogEntriesForClientIP",
            "log_analytics_workspace_id": "/subscriptions/1a0d078e-b0e6-432d-89c7-8a75cac664aa/resourceGroups/DefaultResourceGroup-WEU/providers/Microsoft.OperationalInsights/workspaces/DefaultWorkspace-1a0d078e-b0e6-432d-89c7-8a75cac664aa-WEU",
            "name": "LogManagement(DefaultWorkspace-1a0d078e-b0e6-432d-89c7-8a75cac664aa-WEU)_LogManagement|IISLogEntriesForClientIP",
            "query": "search cIP == \"192.168.0.1\" | extend Type = $table | where Type == W3CIISLog | sort by TimeGenerated desc | project csUriStem, scBytes, csBytes, TimeTaken, scStatus\r\n// Oql: Type=W3CIISLog cIP=\"192.168.0.1\" | Select csUriStem,scBytes,csBytes,TimeTaken,scStatus // Args: {OQ: True; WorkspaceId: 00000000-0000-0000-0000-000000000000} // Settings: {PEF: True; SortI: True; SortF: True} // Version: 0.1.122",
            "tags": {},
            "timeouts": {
              "create": null,
              "delete": null,
              "read": null,
              "update": null
            }
          },
          "sensitive_attributes": [],
          "private": "eyJlMmJmYjczMC1lY2FhLTExZTYtOGY4OC0zNDM2M2JjN2M0YzAiOnsiY3JlYXRlIjoxODAwMDAwMDAwMDAwLCJkZWxldGUiOjE4MDAwMDAwMDAwMDAsInJlYWQiOjMwMDAwMDAwMDAwMCwidXBkYXRlIjoxODAwMDAwMDAwMDAwfSwic2NoZW1hX3ZlcnNpb24iOiIxIn0="
        }
      ]
    },
    {
      "mode": "managed",
      "type": "azurerm_log_analytics_saved_search",
      "name": "res-28",
      "provider": "provider[\"registry.terraform.io/hashicorp/azurerm\"]",
      "instances": [
        {
          "schema_version": 1,
          "attributes": {
            "category": "Log Management",
            "display_name": "All IIS Log Entries",
            "function_alias": "",
            "function_parameters": [],
            "id": "/subscriptions/1a0d078e-b0e6-432d-89c7-8a75cac664aa/resourceGroups/DefaultResourceGroup-WEU/providers/Microsoft.OperationalInsights/workspaces/DefaultWorkspace-1a0d078e-b0e6-432d-89c7-8a75cac664aa-WEU/savedSearches/LogManagement(DefaultWorkspace-1a0d078e-b0e6-432d-89c7-8a75cac664aa-WEU)_LogManagement|ListAllIISLogEntries",
            "log_analytics_workspace_id": "/subscriptions/1a0d078e-b0e6-432d-89c7-8a75cac664aa/resourceGroups/DefaultResourceGroup-WEU/providers/Microsoft.OperationalInsights/workspaces/DefaultWorkspace-1a0d078e-b0e6-432d-89c7-8a75cac664aa-WEU",
            "name": "LogManagement(DefaultWorkspace-1a0d078e-b0e6-432d-89c7-8a75cac664aa-WEU)_LogManagement|ListAllIISLogEntries",
            "query": "search * | extend Type = $table | where Type == W3CIISLog | sort by TimeGenerated desc\r\n// Oql: Type=W3CIISLog // Args: {OQ: True; WorkspaceId: 00000000-0000-0000-0000-000000000000} // Settings: {PEF: True; SortI: True; SortF: True} // Version: 0.1.122",
            "tags": {},
            "timeouts": {
              "create": null,
              "delete": null,
              "read": null,
              "update": null
            }
          },
          "sensitive_attributes": [],
          "private": "eyJlMmJmYjczMC1lY2FhLTExZTYtOGY4OC0zNDM2M2JjN2M0YzAiOnsiY3JlYXRlIjoxODAwMDAwMDAwMDAwLCJkZWxldGUiOjE4MDAwMDAwMDAwMDAsInJlYWQiOjMwMDAwMDAwMDAwMCwidXBkYXRlIjoxODAwMDAwMDAwMDAwfSwic2NoZW1hX3ZlcnNpb24iOiIxIn0="
        }
      ]
    },
    {
      "mode": "managed",
      "type": "azurerm_log_analytics_saved_search",
      "name": "res-29",
      "provider": "provider[\"registry.terraform.io/hashicorp/azurerm\"]",
      "instances": [
        {
          "schema_version": 1,
          "attributes": {
            "category": "Log Management",
            "display_name": "How many connections to Operations Manager's SDK service by day",
            "function_alias": "",
            "function_parameters": [],
            "id": "/subscriptions/1a0d078e-b0e6-432d-89c7-8a75cac664aa/resourceGroups/DefaultResourceGroup-WEU/providers/Microsoft.OperationalInsights/workspaces/DefaultWorkspace-1a0d078e-b0e6-432d-89c7-8a75cac664aa-WEU/savedSearches/LogManagement(DefaultWorkspace-1a0d078e-b0e6-432d-89c7-8a75cac664aa-WEU)_LogManagement|NoOfConnectionsToOMSDKService",
            "log_analytics_workspace_id": "/subscriptions/1a0d078e-b0e6-432d-89c7-8a75cac664aa/resourceGroups/DefaultResourceGroup-WEU/providers/Microsoft.OperationalInsights/workspaces/DefaultWorkspace-1a0d078e-b0e6-432d-89c7-8a75cac664aa-WEU",
            "name": "LogManagement(DefaultWorkspace-1a0d078e-b0e6-432d-89c7-8a75cac664aa-WEU)_LogManagement|NoOfConnectionsToOMSDKService",
            "query": "Event | where EventID == 26328 and EventLog == \"Operations Manager\" | summarize AggregatedValue = count() by bin(TimeGenerated, 1d) | sort by TimeGenerated desc\r\n// Oql: Type=Event EventID=26328 EventLog=\"Operations Manager\" | Measure count() interval 1DAY // Args: {OQ: True; WorkspaceId: 00000000-0000-0000-0000-000000000000} // Settings: {PTT: True; SortI: True; SortF: True} // Version: 0.1.122",
            "tags": {},
            "timeouts": {
              "create": null,
              "delete": null,
              "read": null,
              "update": null
            }
          },
          "sensitive_attributes": [],
          "private": "eyJlMmJmYjczMC1lY2FhLTExZTYtOGY4OC0zNDM2M2JjN2M0YzAiOnsiY3JlYXRlIjoxODAwMDAwMDAwMDAwLCJkZWxldGUiOjE4MDAwMDAwMDAwMDAsInJlYWQiOjMwMDAwMDAwMDAwMCwidXBkYXRlIjoxODAwMDAwMDAwMDAwfSwic2NoZW1hX3ZlcnNpb24iOiIxIn0="
        }
      ]
    },
    {
      "mode": "managed",
      "type": "azurerm_log_analytics_saved_search",
      "name": "res-3",
      "provider": "provider[\"registry.terraform.io/hashicorp/azurerm\"]",
      "instances": [
        {
          "schema_version": 1,
          "attributes": {
            "category": "General Exploration",
            "display_name": "Stale Computers (data older than 24 hours)",
            "function_alias": "",
            "function_parameters": [],
            "id": "/subscriptions/1a0d078e-b0e6-432d-89c7-8a75cac664aa/resourceGroups/DefaultResourceGroup-WEU/providers/Microsoft.OperationalInsights/workspaces/DefaultWorkspace-1a0d078e-b0e6-432d-89c7-8a75cac664aa-WEU/savedSearches/LogManagement(DefaultWorkspace-1a0d078e-b0e6-432d-89c7-8a75cac664aa-WEU)_General|StaleComputers",
            "log_analytics_workspace_id": "/subscriptions/1a0d078e-b0e6-432d-89c7-8a75cac664aa/resourceGroups/DefaultResourceGroup-WEU/providers/Microsoft.OperationalInsights/workspaces/DefaultWorkspace-1a0d078e-b0e6-432d-89c7-8a75cac664aa-WEU",
            "name": "LogManagement(DefaultWorkspace-1a0d078e-b0e6-432d-89c7-8a75cac664aa-WEU)_General|StaleComputers",
            "query": "search not(ObjectName == \"Advisor Metrics\" or ObjectName == \"ManagedSpace\") | summarize lastdata = max(TimeGenerated) by Computer | limit 500000 | where lastdata \u003c ago(24h)\r\n// Oql: NOT(ObjectName=\"Advisor Metrics\" OR ObjectName=ManagedSpace) | measure max(TimeGenerated) as lastdata by Computer | top 500000 | where lastdata \u003c NOW-24HOURS // Args: {OQ: True; WorkspaceId: 00000000-0000-0000-0000-000000000000} // Settings: {PTT: True; SortI: True; SortF: True} // Version: 0.1.122",
            "tags": {},
            "timeouts": {
              "create": null,
              "delete": null,
              "read": null,
              "update": null
            }
          },
          "sensitive_attributes": [],
          "private": "eyJlMmJmYjczMC1lY2FhLTExZTYtOGY4OC0zNDM2M2JjN2M0YzAiOnsiY3JlYXRlIjoxODAwMDAwMDAwMDAwLCJkZWxldGUiOjE4MDAwMDAwMDAwMDAsInJlYWQiOjMwMDAwMDAwMDAwMCwidXBkYXRlIjoxODAwMDAwMDAwMDAwfSwic2NoZW1hX3ZlcnNpb24iOiIxIn0="
        }
      ]
    },
    {
      "mode": "managed",
      "type": "azurerm_log_analytics_saved_search",
      "name": "res-30",
      "provider": "provider[\"registry.terraform.io/hashicorp/azurerm\"]",
      "instances": [
        {
          "schema_version": 1,
          "attributes": {
            "category": "Log Management",
            "display_name": "When did my servers initiate restart?",
            "function_alias": "",
            "function_parameters": [],
            "id": "/subscriptions/1a0d078e-b0e6-432d-89c7-8a75cac664aa/resourceGroups/DefaultResourceGroup-WEU/providers/Microsoft.OperationalInsights/workspaces/DefaultWorkspace-1a0d078e-b0e6-432d-89c7-8a75cac664aa-WEU/savedSearches/LogManagement(DefaultWorkspace-1a0d078e-b0e6-432d-89c7-8a75cac664aa-WEU)_LogManagement|ServerRestartTime",
            "log_analytics_workspace_id": "/subscriptions/1a0d078e-b0e6-432d-89c7-8a75cac664aa/resourceGroups/DefaultResourceGroup-WEU/providers/Microsoft.OperationalInsights/workspaces/DefaultWorkspace-1a0d078e-b0e6-432d-89c7-8a75cac664aa-WEU",
            "name": "LogManagement(DefaultWorkspace-1a0d078e-b0e6-432d-89c7-8a75cac664aa-WEU)_LogManagement|ServerRestartTime",
            "query": "search in (Event) \"shutdown\" and EventLog == \"System\" and Source == \"User32\" and EventID == 1074 | sort by TimeGenerated desc | project TimeGenerated, Computer\r\n// Oql: shutdown Type=Event EventLog=System Source=User32 EventID=1074 | Select TimeGenerated,Computer // Args: {OQ: True; WorkspaceId: 00000000-0000-0000-0000-000000000000} // Settings: {PTT: True; SortI: True; SortF: True} // Version: 0.1.122",
            "tags": {},
            "timeouts": {
              "create": null,
              "delete": null,
              "read": null,
              "update": null
            }
          },
          "sensitive_attributes": [],
          "private": "eyJlMmJmYjczMC1lY2FhLTExZTYtOGY4OC0zNDM2M2JjN2M0YzAiOnsiY3JlYXRlIjoxODAwMDAwMDAwMDAwLCJkZWxldGUiOjE4MDAwMDAwMDAwMDAsInJlYWQiOjMwMDAwMDAwMDAwMCwidXBkYXRlIjoxODAwMDAwMDAwMDAwfSwic2NoZW1hX3ZlcnNpb24iOiIxIn0="
        }
      ]
    },
    {
      "mode": "managed",
      "type": "azurerm_log_analytics_saved_search",
      "name": "res-31",
      "provider": "provider[\"registry.terraform.io/hashicorp/azurerm\"]",
      "instances": [
        {
          "schema_version": 1,
          "attributes": {
            "category": "Log Management",
            "display_name": "Shows which pages people are getting a 404 for",
            "function_alias": "",
            "function_parameters": [],
            "id": "/subscriptions/1a0d078e-b0e6-432d-89c7-8a75cac664aa/resourceGroups/DefaultResourceGroup-WEU/providers/Microsoft.OperationalInsights/workspaces/DefaultWorkspace-1a0d078e-b0e6-432d-89c7-8a75cac664aa-WEU/savedSearches/LogManagement(DefaultWorkspace-1a0d078e-b0e6-432d-89c7-8a75cac664aa-WEU)_LogManagement|Show404PagesList",
            "log_analytics_workspace_id": "/subscriptions/1a0d078e-b0e6-432d-89c7-8a75cac664aa/resourceGroups/DefaultResourceGroup-WEU/providers/Microsoft.OperationalInsights/workspaces/DefaultWorkspace-1a0d078e-b0e6-432d-89c7-8a75cac664aa-WEU",
            "name": "LogManagement(DefaultWorkspace-1a0d078e-b0e6-432d-89c7-8a75cac664aa-WEU)_LogManagement|Show404PagesList",
            "query": "search scStatus == 404 | extend Type = $table | where Type == W3CIISLog | summarize AggregatedValue = count() by csUriStem\r\n// Oql: Type=W3CIISLog scStatus=404 | Measure count() by csUriStem // Args: {OQ: True; WorkspaceId: 00000000-0000-0000-0000-000000000000} // Settings: {PEF: True; SortI: True; SortF: True} // Version: 0.1.122",
            "tags": {},
            "timeouts": {
              "create": null,
              "delete": null,
              "read": null,
              "update": null
            }
          },
          "sensitive_attributes": [],
          "private": "eyJlMmJmYjczMC1lY2FhLTExZTYtOGY4OC0zNDM2M2JjN2M0YzAiOnsiY3JlYXRlIjoxODAwMDAwMDAwMDAwLCJkZWxldGUiOjE4MDAwMDAwMDAwMDAsInJlYWQiOjMwMDAwMDAwMDAwMCwidXBkYXRlIjoxODAwMDAwMDAwMDAwfSwic2NoZW1hX3ZlcnNpb24iOiIxIn0="
        }
      ]
    },
    {
      "mode": "managed",
      "type": "azurerm_log_analytics_saved_search",
      "name": "res-32",
      "provider": "provider[\"registry.terraform.io/hashicorp/azurerm\"]",
      "instances": [
        {
          "schema_version": 1,
          "attributes": {
            "category": "Log Management",
            "display_name": "Shows servers that are throwing internal server error",
            "function_alias": "",
            "function_parameters": [],
            "id": "/subscriptions/1a0d078e-b0e6-432d-89c7-8a75cac664aa/resourceGroups/DefaultResourceGroup-WEU/providers/Microsoft.OperationalInsights/workspaces/DefaultWorkspace-1a0d078e-b0e6-432d-89c7-8a75cac664aa-WEU/savedSearches/LogManagement(DefaultWorkspace-1a0d078e-b0e6-432d-89c7-8a75cac664aa-WEU)_LogManagement|ShowServersThrowingInternalServerError",
            "log_analytics_workspace_id": "/subscriptions/1a0d078e-b0e6-432d-89c7-8a75cac664aa/resourceGroups/DefaultResourceGroup-WEU/providers/Microsoft.OperationalInsights/workspaces/DefaultWorkspace-1a0d078e-b0e6-432d-89c7-8a75cac664aa-WEU",
            "name": "LogManagement(DefaultWorkspace-1a0d078e-b0e6-432d-89c7-8a75cac664aa-WEU)_LogManagement|ShowServersThrowingInternalServerError",
            "query": "search scStatus == 500 | extend Type = $table | where Type == W3CIISLog | summarize AggregatedValue = count() by sComputerName\r\n// Oql: Type=W3CIISLog scStatus=500 | Measure count() by sComputerName // Args: {OQ: True; WorkspaceId: 00000000-0000-0000-0000-000000000000} // Settings: {PEF: True; SortI: True; SortF: True} // Version: 0.1.122",
            "tags": {},
            "timeouts": {
              "create": null,
              "delete": null,
              "read": null,
              "update": null
            }
          },
          "sensitive_attributes": [],
          "private": "eyJlMmJmYjczMC1lY2FhLTExZTYtOGY4OC0zNDM2M2JjN2M0YzAiOnsiY3JlYXRlIjoxODAwMDAwMDAwMDAwLCJkZWxldGUiOjE4MDAwMDAwMDAwMDAsInJlYWQiOjMwMDAwMDAwMDAwMCwidXBkYXRlIjoxODAwMDAwMDAwMDAwfSwic2NoZW1hX3ZlcnNpb24iOiIxIn0="
        }
      ]
    },
    {
      "mode": "managed",
      "type": "azurerm_log_analytics_saved_search",
      "name": "res-33",
      "provider": "provider[\"registry.terraform.io/hashicorp/azurerm\"]",
      "instances": [
        {
          "schema_version": 1,
          "attributes": {
            "category": "Log Management",
            "display_name": "Total Bytes received by each Azure Role Instance",
            "function_alias": "",
            "function_parameters": [],
            "id": "/subscriptions/1a0d078e-b0e6-432d-89c7-8a75cac664aa/resourceGroups/DefaultResourceGroup-WEU/providers/Microsoft.OperationalInsights/workspaces/DefaultWorkspace-1a0d078e-b0e6-432d-89c7-8a75cac664aa-WEU/savedSearches/LogManagement(DefaultWorkspace-1a0d078e-b0e6-432d-89c7-8a75cac664aa-WEU)_LogManagement|TotalBytesReceivedByEachAzureRoleInstance",
            "log_analytics_workspace_id": "/subscriptions/1a0d078e-b0e6-432d-89c7-8a75cac664aa/resourceGroups/DefaultResourceGroup-WEU/providers/Microsoft.OperationalInsights/workspaces/DefaultWorkspace-1a0d078e-b0e6-432d-89c7-8a75cac664aa-WEU",
            "name": "LogManagement(DefaultWorkspace-1a0d078e-b0e6-432d-89c7-8a75cac664aa-WEU)_LogManagement|TotalBytesReceivedByEachAzureRoleInstance",
            "query": "search * | extend Type = $table | where Type == W3CIISLog | summarize AggregatedValue = sum(csBytes) by RoleInstance\r\n// Oql: Type=W3CIISLog | Measure Sum(csBytes) by RoleInstance // Args: {OQ: True; WorkspaceId: 00000000-0000-0000-0000-000000000000} // Settings: {PEF: True; SortI: True; SortF: True} // Version: 0.1.122",
            "tags": {},
            "timeouts": {
              "create": null,
              "delete": null,
              "read": null,
              "update": null
            }
          },
          "sensitive_attributes": [],
          "private": "eyJlMmJmYjczMC1lY2FhLTExZTYtOGY4OC0zNDM2M2JjN2M0YzAiOnsiY3JlYXRlIjoxODAwMDAwMDAwMDAwLCJkZWxldGUiOjE4MDAwMDAwMDAwMDAsInJlYWQiOjMwMDAwMDAwMDAwMCwidXBkYXRlIjoxODAwMDAwMDAwMDAwfSwic2NoZW1hX3ZlcnNpb24iOiIxIn0="
        }
      ]
    },
    {
      "mode": "managed",
      "type": "azurerm_log_analytics_saved_search",
      "name": "res-34",
      "provider": "provider[\"registry.terraform.io/hashicorp/azurerm\"]",
      "instances": [
        {
          "schema_version": 1,
          "attributes": {
            "category": "Log Management",
            "display_name": "Total Bytes received by each IIS Computer",
            "function_alias": "",
            "function_parameters": [],
            "id": "/subscriptions/1a0d078e-b0e6-432d-89c7-8a75cac664aa/resourceGroups/DefaultResourceGroup-WEU/providers/Microsoft.OperationalInsights/workspaces/DefaultWorkspace-1a0d078e-b0e6-432d-89c7-8a75cac664aa-WEU/savedSearches/LogManagement(DefaultWorkspace-1a0d078e-b0e6-432d-89c7-8a75cac664aa-WEU)_LogManagement|TotalBytesReceivedByEachIISComputer",
            "log_analytics_workspace_id": "/subscriptions/1a0d078e-b0e6-432d-89c7-8a75cac664aa/resourceGroups/DefaultResourceGroup-WEU/providers/Microsoft.OperationalInsights/workspaces/DefaultWorkspace-1a0d078e-b0e6-432d-89c7-8a75cac664aa-WEU",
            "name": "LogManagement(DefaultWorkspace-1a0d078e-b0e6-432d-89c7-8a75cac664aa-WEU)_LogManagement|TotalBytesReceivedByEachIISComputer",
            "query": "search * | extend Type = $table | where Type == W3CIISLog | summarize AggregatedValue = sum(csBytes) by Computer | limit 500000\r\n// Oql: Type=W3CIISLog | Measure Sum(csBytes) by Computer | top 500000 // Args: {OQ: True; WorkspaceId: 00000000-0000-0000-0000-000000000000} // Settings: {PEF: True; SortI: True; SortF: True} // Version: 0.1.122",
            "tags": {},
            "timeouts": {
              "create": null,
              "delete": null,
              "read": null,
              "update": null
            }
          },
          "sensitive_attributes": [],
          "private": "eyJlMmJmYjczMC1lY2FhLTExZTYtOGY4OC0zNDM2M2JjN2M0YzAiOnsiY3JlYXRlIjoxODAwMDAwMDAwMDAwLCJkZWxldGUiOjE4MDAwMDAwMDAwMDAsInJlYWQiOjMwMDAwMDAwMDAwMCwidXBkYXRlIjoxODAwMDAwMDAwMDAwfSwic2NoZW1hX3ZlcnNpb24iOiIxIn0="
        }
      ]
    },
    {
      "mode": "managed",
      "type": "azurerm_log_analytics_saved_search",
      "name": "res-35",
      "provider": "provider[\"registry.terraform.io/hashicorp/azurerm\"]",
      "instances": [
        {
          "schema_version": 1,
          "attributes": {
            "category": "Log Management",
            "display_name": "Total Bytes responded back to clients by Client IP Address",
            "function_alias": "",
            "function_parameters": [],
            "id": "/subscriptions/1a0d078e-b0e6-432d-89c7-8a75cac664aa/resourceGroups/DefaultResourceGroup-WEU/providers/Microsoft.OperationalInsights/workspaces/DefaultWorkspace-1a0d078e-b0e6-432d-89c7-8a75cac664aa-WEU/savedSearches/LogManagement(DefaultWorkspace-1a0d078e-b0e6-432d-89c7-8a75cac664aa-WEU)_LogManagement|TotalBytesRespondedToClientsByClientIPAddress",
            "log_analytics_workspace_id": "/subscriptions/1a0d078e-b0e6-432d-89c7-8a75cac664aa/resourceGroups/DefaultResourceGroup-WEU/providers/Microsoft.OperationalInsights/workspaces/DefaultWorkspace-1a0d078e-b0e6-432d-89c7-8a75cac664aa-WEU",
            "name": "LogManagement(DefaultWorkspace-1a0d078e-b0e6-432d-89c7-8a75cac664aa-WEU)_LogManagement|TotalBytesRespondedToClientsByClientIPAddress",
            "query": "search * | extend Type = $table | where Type == W3CIISLog | summarize AggregatedValue = sum(scBytes) by cIP\r\n// Oql: Type=W3CIISLog | Measure Sum(scBytes) by cIP // Args: {OQ: True; WorkspaceId: 00000000-0000-0000-0000-000000000000} // Settings: {PEF: True; SortI: True; SortF: True} // Version: 0.1.122",
            "tags": {},
            "timeouts": {
              "create": null,
              "delete": null,
              "read": null,
              "update": null
            }
          },
          "sensitive_attributes": [],
          "private": "eyJlMmJmYjczMC1lY2FhLTExZTYtOGY4OC0zNDM2M2JjN2M0YzAiOnsiY3JlYXRlIjoxODAwMDAwMDAwMDAwLCJkZWxldGUiOjE4MDAwMDAwMDAwMDAsInJlYWQiOjMwMDAwMDAwMDAwMCwidXBkYXRlIjoxODAwMDAwMDAwMDAwfSwic2NoZW1hX3ZlcnNpb24iOiIxIn0="
        }
      ]
    },
    {
      "mode": "managed",
      "type": "azurerm_log_analytics_saved_search",
      "name": "res-36",
      "provider": "provider[\"registry.terraform.io/hashicorp/azurerm\"]",
      "instances": [
        {
          "schema_version": 1,
          "attributes": {
            "category": "Log Management",
            "display_name": "Total Bytes responded back to clients by each IIS ServerIP Address",
            "function_alias": "",
            "function_parameters": [],
            "id": "/subscriptions/1a0d078e-b0e6-432d-89c7-8a75cac664aa/resourceGroups/DefaultResourceGroup-WEU/providers/Microsoft.OperationalInsights/workspaces/DefaultWorkspace-1a0d078e-b0e6-432d-89c7-8a75cac664aa-WEU/savedSearches/LogManagement(DefaultWorkspace-1a0d078e-b0e6-432d-89c7-8a75cac664aa-WEU)_LogManagement|TotalBytesRespondedToClientsByEachIISServerIPAddress",
            "log_analytics_workspace_id": "/subscriptions/1a0d078e-b0e6-432d-89c7-8a75cac664aa/resourceGroups/DefaultResourceGroup-WEU/providers/Microsoft.OperationalInsights/workspaces/DefaultWorkspace-1a0d078e-b0e6-432d-89c7-8a75cac664aa-WEU",
            "name": "LogManagement(DefaultWorkspace-1a0d078e-b0e6-432d-89c7-8a75cac664aa-WEU)_LogManagement|TotalBytesRespondedToClientsByEachIISServerIPAddress",
            "query": "search * | extend Type = $table | where Type == W3CIISLog | summarize AggregatedValue = sum(scBytes) by sIP\r\n// Oql: Type=W3CIISLog | Measure Sum(scBytes) by sIP // Args: {OQ: True; WorkspaceId: 00000000-0000-0000-0000-000000000000} // Settings: {PEF: True; SortI: True; SortF: True} // Version: 0.1.122",
            "tags": {},
            "timeouts": {
              "create": null,
              "delete": null,
              "read": null,
              "update": null
            }
          },
          "sensitive_attributes": [],
          "private": "eyJlMmJmYjczMC1lY2FhLTExZTYtOGY4OC0zNDM2M2JjN2M0YzAiOnsiY3JlYXRlIjoxODAwMDAwMDAwMDAwLCJkZWxldGUiOjE4MDAwMDAwMDAwMDAsInJlYWQiOjMwMDAwMDAwMDAwMCwidXBkYXRlIjoxODAwMDAwMDAwMDAwfSwic2NoZW1hX3ZlcnNpb24iOiIxIn0="
        }
      ]
    },
    {
      "mode": "managed",
      "type": "azurerm_log_analytics_saved_search",
      "name": "res-37",
      "provider": "provider[\"registry.terraform.io/hashicorp/azurerm\"]",
      "instances": [
        {
          "schema_version": 1,
          "attributes": {
            "category": "Log Management",
            "display_name": "Total Bytes sent by Client IP Address",
            "function_alias": "",
            "function_parameters": [],
            "id": "/subscriptions/1a0d078e-b0e6-432d-89c7-8a75cac664aa/resourceGroups/DefaultResourceGroup-WEU/providers/Microsoft.OperationalInsights/workspaces/DefaultWorkspace-1a0d078e-b0e6-432d-89c7-8a75cac664aa-WEU/savedSearches/LogManagement(DefaultWorkspace-1a0d078e-b0e6-432d-89c7-8a75cac664aa-WEU)_LogManagement|TotalBytesSentByClientIPAddress",
            "log_analytics_workspace_id": "/subscriptions/1a0d078e-b0e6-432d-89c7-8a75cac664aa/resourceGroups/DefaultResourceGroup-WEU/providers/Microsoft.OperationalInsights/workspaces/DefaultWorkspace-1a0d078e-b0e6-432d-89c7-8a75cac664aa-WEU",
            "name": "LogManagement(DefaultWorkspace-1a0d078e-b0e6-432d-89c7-8a75cac664aa-WEU)_LogManagement|TotalBytesSentByClientIPAddress",
            "query": "search * | extend Type = $table | where Type == W3CIISLog | summarize AggregatedValue = sum(csBytes) by cIP\r\n// Oql: Type=W3CIISLog | Measure Sum(csBytes) by cIP // Args: {OQ: True; WorkspaceId: 00000000-0000-0000-0000-000000000000} // Settings: {PEF: True; SortI: True; SortF: True} // Version: 0.1.122",
            "tags": {},
            "timeouts": {
              "create": null,
              "delete": null,
              "read": null,
              "update": null
            }
          },
          "sensitive_attributes": [],
          "private": "eyJlMmJmYjczMC1lY2FhLTExZTYtOGY4OC0zNDM2M2JjN2M0YzAiOnsiY3JlYXRlIjoxODAwMDAwMDAwMDAwLCJkZWxldGUiOjE4MDAwMDAwMDAwMDAsInJlYWQiOjMwMDAwMDAwMDAwMCwidXBkYXRlIjoxODAwMDAwMDAwMDAwfSwic2NoZW1hX3ZlcnNpb24iOiIxIn0="
        }
      ]
    },
    {
      "mode": "managed",
      "type": "azurerm_log_analytics_saved_search",
      "name": "res-38",
      "provider": "provider[\"registry.terraform.io/hashicorp/azurerm\"]",
      "instances": [
        {
          "schema_version": 1,
          "attributes": {
            "category": "Log Management",
            "display_name": "All Events with level \"Warning\"",
            "function_alias": "",
            "function_parameters": [],
            "id": "/subscriptions/1a0d078e-b0e6-432d-89c7-8a75cac664aa/resourceGroups/DefaultResourceGroup-WEU/providers/Microsoft.OperationalInsights/workspaces/DefaultWorkspace-1a0d078e-b0e6-432d-89c7-8a75cac664aa-WEU/savedSearches/LogManagement(DefaultWorkspace-1a0d078e-b0e6-432d-89c7-8a75cac664aa-WEU)_LogManagement|WarningEvents",
            "log_analytics_workspace_id": "/subscriptions/1a0d078e-b0e6-432d-89c7-8a75cac664aa/resourceGroups/DefaultResourceGroup-WEU/providers/Microsoft.OperationalInsights/workspaces/DefaultWorkspace-1a0d078e-b0e6-432d-89c7-8a75cac664aa-WEU",
            "name": "LogManagement(DefaultWorkspace-1a0d078e-b0e6-432d-89c7-8a75cac664aa-WEU)_LogManagement|WarningEvents",
            "query": "Event | where EventLevelName == \"warning\" | sort by TimeGenerated desc\r\n// Oql: Type=Event EventLevelName=warning // Args: {OQ: True; WorkspaceId: 00000000-0000-0000-0000-000000000000} // Settings: {PTT: True; SortI: True; SortF: True} // Version: 0.1.122",
            "tags": {},
            "timeouts": {
              "create": null,
              "delete": null,
              "read": null,
              "update": null
            }
          },
          "sensitive_attributes": [],
          "private": "eyJlMmJmYjczMC1lY2FhLTExZTYtOGY4OC0zNDM2M2JjN2M0YzAiOnsiY3JlYXRlIjoxODAwMDAwMDAwMDAwLCJkZWxldGUiOjE4MDAwMDAwMDAwMDAsInJlYWQiOjMwMDAwMDAwMDAwMCwidXBkYXRlIjoxODAwMDAwMDAwMDAwfSwic2NoZW1hX3ZlcnNpb24iOiIxIn0="
        }
      ]
    },
    {
      "mode": "managed",
      "type": "azurerm_log_analytics_saved_search",
      "name": "res-39",
      "provider": "provider[\"registry.terraform.io/hashicorp/azurerm\"]",
      "instances": [
        {
          "schema_version": 1,
          "attributes": {
            "category": "Log Management",
            "display_name": "Windows Firewall Policy settings have changed",
            "function_alias": "",
            "function_parameters": [],
            "id": "/subscriptions/1a0d078e-b0e6-432d-89c7-8a75cac664aa/resourceGroups/DefaultResourceGroup-WEU/providers/Microsoft.OperationalInsights/workspaces/DefaultWorkspace-1a0d078e-b0e6-432d-89c7-8a75cac664aa-WEU/savedSearches/LogManagement(DefaultWorkspace-1a0d078e-b0e6-432d-89c7-8a75cac664aa-WEU)_LogManagement|WindowsFireawallPolicySettingsChanged",
            "log_analytics_workspace_id": "/subscriptions/1a0d078e-b0e6-432d-89c7-8a75cac664aa/resourceGroups/DefaultResourceGroup-WEU/providers/Microsoft.OperationalInsights/workspaces/DefaultWorkspace-1a0d078e-b0e6-432d-89c7-8a75cac664aa-WEU",
            "name": "LogManagement(DefaultWorkspace-1a0d078e-b0e6-432d-89c7-8a75cac664aa-WEU)_LogManagement|WindowsFireawallPolicySettingsChanged",
            "query": "Event | where EventLog == \"Microsoft-Windows-Windows Firewall With Advanced Security/Firewall\" and EventID == 2008 | sort by TimeGenerated desc\r\n// Oql: Type=Event EventLog=\"Microsoft-Windows-Windows Firewall With Advanced Security/Firewall\" EventID=2008 // Args: {OQ: True; WorkspaceId: 00000000-0000-0000-0000-000000000000} // Settings: {PTT: True; SortI: True; SortF: True} // Version: 0.1.122",
            "tags": {},
            "timeouts": {
              "create": null,
              "delete": null,
              "read": null,
              "update": null
            }
          },
          "sensitive_attributes": [],
          "private": "eyJlMmJmYjczMC1lY2FhLTExZTYtOGY4OC0zNDM2M2JjN2M0YzAiOnsiY3JlYXRlIjoxODAwMDAwMDAwMDAwLCJkZWxldGUiOjE4MDAwMDAwMDAwMDAsInJlYWQiOjMwMDAwMDAwMDAwMCwidXBkYXRlIjoxODAwMDAwMDAwMDAwfSwic2NoZW1hX3ZlcnNpb24iOiIxIn0="
        }
      ]
    },
    {
      "mode": "managed",
      "type": "azurerm_log_analytics_saved_search",
      "name": "res-4",
      "provider": "provider[\"registry.terraform.io/hashicorp/azurerm\"]",
      "instances": [
        {
          "schema_version": 1,
          "attributes": {
            "category": "General Exploration",
            "display_name": "Which Management Group is generating the most data points?",
            "function_alias": "",
            "function_parameters": [],
            "id": "/subscriptions/1a0d078e-b0e6-432d-89c7-8a75cac664aa/resourceGroups/DefaultResourceGroup-WEU/providers/Microsoft.OperationalInsights/workspaces/DefaultWorkspace-1a0d078e-b0e6-432d-89c7-8a75cac664aa-WEU/savedSearches/LogManagement(DefaultWorkspace-1a0d078e-b0e6-432d-89c7-8a75cac664aa-WEU)_General|dataPointsPerManagementGroup",
            "log_analytics_workspace_id": "/subscriptions/1a0d078e-b0e6-432d-89c7-8a75cac664aa/resourceGroups/DefaultResourceGroup-WEU/providers/Microsoft.OperationalInsights/workspaces/DefaultWorkspace-1a0d078e-b0e6-432d-89c7-8a75cac664aa-WEU",
            "name": "LogManagement(DefaultWorkspace-1a0d078e-b0e6-432d-89c7-8a75cac664aa-WEU)_General|dataPointsPerManagementGroup",
            "query": "search * | summarize AggregatedValue = count() by ManagementGroupName\r\n// Oql: * | Measure count() by ManagementGroupName // Args: {OQ: True; WorkspaceId: 00000000-0000-0000-0000-000000000000} // Settings: {PTT: True; SortI: True; SortF: True} // Version: 0.1.122",
            "tags": {},
            "timeouts": {
              "create": null,
              "delete": null,
              "read": null,
              "update": null
            }
          },
          "sensitive_attributes": [],
          "private": "eyJlMmJmYjczMC1lY2FhLTExZTYtOGY4OC0zNDM2M2JjN2M0YzAiOnsiY3JlYXRlIjoxODAwMDAwMDAwMDAwLCJkZWxldGUiOjE4MDAwMDAwMDAwMDAsInJlYWQiOjMwMDAwMDAwMDAwMCwidXBkYXRlIjoxODAwMDAwMDAwMDAwfSwic2NoZW1hX3ZlcnNpb24iOiIxIn0="
        }
      ]
    },
    {
      "mode": "managed",
      "type": "azurerm_log_analytics_saved_search",
      "name": "res-40",
      "provider": "provider[\"registry.terraform.io/hashicorp/azurerm\"]",
      "instances": [
        {
          "schema_version": 1,
          "attributes": {
            "category": "Log Management",
            "display_name": "On which machines and how many times have Windows Firewall Policy settings changed",
            "function_alias": "",
            "function_parameters": [],
            "id": "/subscriptions/1a0d078e-b0e6-432d-89c7-8a75cac664aa/resourceGroups/DefaultResourceGroup-WEU/providers/Microsoft.OperationalInsights/workspaces/DefaultWorkspace-1a0d078e-b0e6-432d-89c7-8a75cac664aa-WEU/savedSearches/LogManagement(DefaultWorkspace-1a0d078e-b0e6-432d-89c7-8a75cac664aa-WEU)_LogManagement|WindowsFireawallPolicySettingsChangedByMachines",
            "log_analytics_workspace_id": "/subscriptions/1a0d078e-b0e6-432d-89c7-8a75cac664aa/resourceGroups/DefaultResourceGroup-WEU/providers/Microsoft.OperationalInsights/workspaces/DefaultWorkspace-1a0d078e-b0e6-432d-89c7-8a75cac664aa-WEU",
            "name": "LogManagement(DefaultWorkspace-1a0d078e-b0e6-432d-89c7-8a75cac664aa-WEU)_LogManagement|WindowsFireawallPolicySettingsChangedByMachines",
            "query": "Event | where EventLog == \"Microsoft-Windows-Windows Firewall With Advanced Security/Firewall\" and EventID == 2008 | summarize AggregatedValue = count() by Computer | limit 500000\r\n// Oql: Type=Event EventLog=\"Microsoft-Windows-Windows Firewall With Advanced Security/Firewall\" EventID=2008 | measure count() by Computer | top 500000 // Args: {OQ: True; WorkspaceId: 00000000-0000-0000-0000-000000000000} // Settings: {PTT: True; SortI: True; SortF: True} // Version: 0.1.122",
            "tags": {},
            "timeouts": {
              "create": null,
              "delete": null,
              "read": null,
              "update": null
            }
          },
          "sensitive_attributes": [],
          "private": "eyJlMmJmYjczMC1lY2FhLTExZTYtOGY4OC0zNDM2M2JjN2M0YzAiOnsiY3JlYXRlIjoxODAwMDAwMDAwMDAwLCJkZWxldGUiOjE4MDAwMDAwMDAwMDAsInJlYWQiOjMwMDAwMDAwMDAwMCwidXBkYXRlIjoxODAwMDAwMDAwMDAwfSwic2NoZW1hX3ZlcnNpb24iOiIxIn0="
        }
      ]
    },
    {
      "mode": "managed",
      "type": "azurerm_log_analytics_saved_search",
      "name": "res-5",
      "provider": "provider[\"registry.terraform.io/hashicorp/azurerm\"]",
      "instances": [
        {
          "schema_version": 1,
          "attributes": {
            "category": "General Exploration",
            "display_name": "Distribution of data Types",
            "function_alias": "",
            "function_parameters": [],
            "id": "/subscriptions/1a0d078e-b0e6-432d-89c7-8a75cac664aa/resourceGroups/DefaultResourceGroup-WEU/providers/Microsoft.OperationalInsights/workspaces/DefaultWorkspace-1a0d078e-b0e6-432d-89c7-8a75cac664aa-WEU/savedSearches/LogManagement(DefaultWorkspace-1a0d078e-b0e6-432d-89c7-8a75cac664aa-WEU)_General|dataTypeDistribution",
            "log_analytics_workspace_id": "/subscriptions/1a0d078e-b0e6-432d-89c7-8a75cac664aa/resourceGroups/DefaultResourceGroup-WEU/providers/Microsoft.OperationalInsights/workspaces/DefaultWorkspace-1a0d078e-b0e6-432d-89c7-8a75cac664aa-WEU",
            "name": "LogManagement(DefaultWorkspace-1a0d078e-b0e6-432d-89c7-8a75cac664aa-WEU)_General|dataTypeDistribution",
            "query": "search * | extend Type = $table | summarize AggregatedValue = count() by Type\r\n// Oql: * | Measure count() by Type // Args: {OQ: True; WorkspaceId: 00000000-0000-0000-0000-000000000000} // Settings: {PTT: True; SortI: True; SortF: True} // Version: 0.1.122",
            "tags": {},
            "timeouts": {
              "create": null,
              "delete": null,
              "read": null,
              "update": null
            }
          },
          "sensitive_attributes": [],
          "private": "eyJlMmJmYjczMC1lY2FhLTExZTYtOGY4OC0zNDM2M2JjN2M0YzAiOnsiY3JlYXRlIjoxODAwMDAwMDAwMDAwLCJkZWxldGUiOjE4MDAwMDAwMDAwMDAsInJlYWQiOjMwMDAwMDAwMDAwMCwidXBkYXRlIjoxODAwMDAwMDAwMDAwfSwic2NoZW1hX3ZlcnNpb24iOiIxIn0="
        }
      ]
    },
    {
      "mode": "managed",
      "type": "azurerm_log_analytics_saved_search",
      "name": "res-6",
      "provider": "provider[\"registry.terraform.io/hashicorp/azurerm\"]",
      "instances": [
        {
          "schema_version": 1,
          "attributes": {
            "category": "Log Management",
            "display_name": "All Events",
            "function_alias": "",
            "function_parameters": [],
            "id": "/subscriptions/1a0d078e-b0e6-432d-89c7-8a75cac664aa/resourceGroups/DefaultResourceGroup-WEU/providers/Microsoft.OperationalInsights/workspaces/DefaultWorkspace-1a0d078e-b0e6-432d-89c7-8a75cac664aa-WEU/savedSearches/LogManagement(DefaultWorkspace-1a0d078e-b0e6-432d-89c7-8a75cac664aa-WEU)_LogManagement|AllEvents",
            "log_analytics_workspace_id": "/subscriptions/1a0d078e-b0e6-432d-89c7-8a75cac664aa/resourceGroups/DefaultResourceGroup-WEU/providers/Microsoft.OperationalInsights/workspaces/DefaultWorkspace-1a0d078e-b0e6-432d-89c7-8a75cac664aa-WEU",
            "name": "LogManagement(DefaultWorkspace-1a0d078e-b0e6-432d-89c7-8a75cac664aa-WEU)_LogManagement|AllEvents",
            "query": "Event | sort by TimeGenerated desc\r\n// Oql: Type=Event // Args: {OQ: True; WorkspaceId: 00000000-0000-0000-0000-000000000000} // Settings: {PTT: True; SortI: True; SortF: True} // Version: 0.1.122",
            "tags": {},
            "timeouts": {
              "create": null,
              "delete": null,
              "read": null,
              "update": null
            }
          },
          "sensitive_attributes": [],
          "private": "eyJlMmJmYjczMC1lY2FhLTExZTYtOGY4OC0zNDM2M2JjN2M0YzAiOnsiY3JlYXRlIjoxODAwMDAwMDAwMDAwLCJkZWxldGUiOjE4MDAwMDAwMDAwMDAsInJlYWQiOjMwMDAwMDAwMDAwMCwidXBkYXRlIjoxODAwMDAwMDAwMDAwfSwic2NoZW1hX3ZlcnNpb24iOiIxIn0="
        }
      ]
    },
    {
      "mode": "managed",
      "type": "azurerm_log_analytics_saved_search",
      "name": "res-7",
      "provider": "provider[\"registry.terraform.io/hashicorp/azurerm\"]",
      "instances": [
        {
          "schema_version": 1,
          "attributes": {
            "category": "Log Management",
            "display_name": "All Syslogs",
            "function_alias": "",
            "function_parameters": [],
            "id": "/subscriptions/1a0d078e-b0e6-432d-89c7-8a75cac664aa/resourceGroups/DefaultResourceGroup-WEU/providers/Microsoft.OperationalInsights/workspaces/DefaultWorkspace-1a0d078e-b0e6-432d-89c7-8a75cac664aa-WEU/savedSearches/LogManagement(DefaultWorkspace-1a0d078e-b0e6-432d-89c7-8a75cac664aa-WEU)_LogManagement|AllSyslog",
            "log_analytics_workspace_id": "/subscriptions/1a0d078e-b0e6-432d-89c7-8a75cac664aa/resourceGroups/DefaultResourceGroup-WEU/providers/Microsoft.OperationalInsights/workspaces/DefaultWorkspace-1a0d078e-b0e6-432d-89c7-8a75cac664aa-WEU",
            "name": "LogManagement(DefaultWorkspace-1a0d078e-b0e6-432d-89c7-8a75cac664aa-WEU)_LogManagement|AllSyslog",
            "query": "Syslog | sort by TimeGenerated desc\r\n// Oql: Type=Syslog // Args: {OQ: True; WorkspaceId: 00000000-0000-0000-0000-000000000000} // Settings: {PTT: True; SortI: True; SortF: True} // Version: 0.1.122",
            "tags": {},
            "timeouts": {
              "create": null,
              "delete": null,
              "read": null,
              "update": null
            }
          },
          "sensitive_attributes": [],
          "private": "eyJlMmJmYjczMC1lY2FhLTExZTYtOGY4OC0zNDM2M2JjN2M0YzAiOnsiY3JlYXRlIjoxODAwMDAwMDAwMDAwLCJkZWxldGUiOjE4MDAwMDAwMDAwMDAsInJlYWQiOjMwMDAwMDAwMDAwMCwidXBkYXRlIjoxODAwMDAwMDAwMDAwfSwic2NoZW1hX3ZlcnNpb24iOiIxIn0="
        }
      ]
    },
    {
      "mode": "managed",
      "type": "azurerm_log_analytics_saved_search",
      "name": "res-8",
      "provider": "provider[\"registry.terraform.io/hashicorp/azurerm\"]",
      "instances": [
        {
          "schema_version": 1,
          "attributes": {
            "category": "Log Management",
            "display_name": "All Syslog Records grouped by Facility",
            "function_alias": "",
            "function_parameters": [],
            "id": "/subscriptions/1a0d078e-b0e6-432d-89c7-8a75cac664aa/resourceGroups/DefaultResourceGroup-WEU/providers/Microsoft.OperationalInsights/workspaces/DefaultWorkspace-1a0d078e-b0e6-432d-89c7-8a75cac664aa-WEU/savedSearches/LogManagement(DefaultWorkspace-1a0d078e-b0e6-432d-89c7-8a75cac664aa-WEU)_LogManagement|AllSyslogByFacility",
            "log_analytics_workspace_id": "/subscriptions/1a0d078e-b0e6-432d-89c7-8a75cac664aa/resourceGroups/DefaultResourceGroup-WEU/providers/Microsoft.OperationalInsights/workspaces/DefaultWorkspace-1a0d078e-b0e6-432d-89c7-8a75cac664aa-WEU",
            "name": "LogManagement(DefaultWorkspace-1a0d078e-b0e6-432d-89c7-8a75cac664aa-WEU)_LogManagement|AllSyslogByFacility",
            "query": "Syslog | summarize AggregatedValue = count() by Facility\r\n// Oql: Type=Syslog | Measure count() by Facility // Args: {OQ: True; WorkspaceId: 00000000-0000-0000-0000-000000000000} // Settings: {PTT: True; SortI: True; SortF: True} // Version: 0.1.122",
            "tags": {},
            "timeouts": {
              "create": null,
              "delete": null,
              "read": null,
              "update": null
            }
          },
          "sensitive_attributes": [],
          "private": "eyJlMmJmYjczMC1lY2FhLTExZTYtOGY4OC0zNDM2M2JjN2M0YzAiOnsiY3JlYXRlIjoxODAwMDAwMDAwMDAwLCJkZWxldGUiOjE4MDAwMDAwMDAwMDAsInJlYWQiOjMwMDAwMDAwMDAwMCwidXBkYXRlIjoxODAwMDAwMDAwMDAwfSwic2NoZW1hX3ZlcnNpb24iOiIxIn0="
        }
      ]
    },
    {
      "mode": "managed",
      "type": "azurerm_log_analytics_saved_search",
      "name": "res-9",
      "provider": "provider[\"registry.terraform.io/hashicorp/azurerm\"]",
      "instances": [
        {
          "schema_version": 1,
          "attributes": {
            "category": "Log Management",
            "display_name": "All Syslog Records grouped by ProcessName",
            "function_alias": "",
            "function_parameters": [],
            "id": "/subscriptions/1a0d078e-b0e6-432d-89c7-8a75cac664aa/resourceGroups/DefaultResourceGroup-WEU/providers/Microsoft.OperationalInsights/workspaces/DefaultWorkspace-1a0d078e-b0e6-432d-89c7-8a75cac664aa-WEU/savedSearches/LogManagement(DefaultWorkspace-1a0d078e-b0e6-432d-89c7-8a75cac664aa-WEU)_LogManagement|AllSyslogByProcessName",
            "log_analytics_workspace_id": "/subscriptions/1a0d078e-b0e6-432d-89c7-8a75cac664aa/resourceGroups/DefaultResourceGroup-WEU/providers/Microsoft.OperationalInsights/workspaces/DefaultWorkspace-1a0d078e-b0e6-432d-89c7-8a75cac664aa-WEU",
            "name": "LogManagement(DefaultWorkspace-1a0d078e-b0e6-432d-89c7-8a75cac664aa-WEU)_LogManagement|AllSyslogByProcessName",
            "query": "Syslog | summarize AggregatedValue = count() by ProcessName\r\n// Oql: Type=Syslog | Measure count() by ProcessName // Args: {OQ: True; WorkspaceId: 00000000-0000-0000-0000-000000000000} // Settings: {PTT: True; SortI: True; SortF: True} // Version: 0.1.122",
            "tags": {},
            "timeouts": {
              "create": null,
              "delete": null,
              "read": null,
              "update": null
            }
          },
          "sensitive_attributes": [],
          "private": "eyJlMmJmYjczMC1lY2FhLTExZTYtOGY4OC0zNDM2M2JjN2M0YzAiOnsiY3JlYXRlIjoxODAwMDAwMDAwMDAwLCJkZWxldGUiOjE4MDAwMDAwMDAwMDAsInJlYWQiOjMwMDAwMDAwMDAwMCwidXBkYXRlIjoxODAwMDAwMDAwMDAwfSwic2NoZW1hX3ZlcnNpb24iOiIxIn0="
        }
      ]
    },
    {
      "mode": "managed",
      "type": "azurerm_log_analytics_solution",
      "name": "res-473",
      "provider": "provider[\"registry.terraform.io/hashicorp/azurerm\"]",
      "instances": [
        {
          "schema_version": 1,
          "attributes": {
            "id": "/subscriptions/1a0d078e-b0e6-432d-89c7-8a75cac664aa/resourceGroups/defaultresourcegroup-weu/providers/Microsoft.OperationsManagement/solutions/ContainerInsights(defaultworkspace-1a0d078e-b0e6-432d-89c7-8a75cac664aa-weu)",
            "location": "westeurope",
            "plan": [
              {
                "name": "ContainerInsights(defaultworkspace-1a0d078e-b0e6-432d-89c7-8a75cac664aa-weu)",
                "product": "OMSGallery/ContainerInsights",
                "promotion_code": "",
                "publisher": "Microsoft"
              }
            ],
            "resource_group_name": "defaultresourcegroup-weu",
            "solution_name": "ContainerInsights",
            "tags": {},
            "timeouts": {
              "create": null,
              "delete": null,
              "read": null,
              "update": null
            },
            "workspace_name": "defaultworkspace-1a0d078e-b0e6-432d-89c7-8a75cac664aa-weu",
            "workspace_resource_id": "/subscriptions/1a0d078e-b0e6-432d-89c7-8a75cac664aa/resourceGroups/defaultresourcegroup-weu/providers/Microsoft.OperationalInsights/workspaces/defaultworkspace-1a0d078e-b0e6-432d-89c7-8a75cac664aa-weu"
          },
          "sensitive_attributes": [],
          "private": "eyJlMmJmYjczMC1lY2FhLTExZTYtOGY4OC0zNDM2M2JjN2M0YzAiOnsiY3JlYXRlIjoxODAwMDAwMDAwMDAwLCJkZWxldGUiOjE4MDAwMDAwMDAwMDAsInJlYWQiOjMwMDAwMDAwMDAwMCwidXBkYXRlIjoxODAwMDAwMDAwMDAwfSwic2NoZW1hX3ZlcnNpb24iOiIxIn0="
        }
      ]
    },
    {
      "mode": "managed",
      "type": "azurerm_log_analytics_workspace",
      "name": "res-1",
      "provider": "provider[\"registry.terraform.io/hashicorp/azurerm\"]",
      "instances": [
        {
          "schema_version": 3,
          "attributes": {
            "allow_resource_only_permissions": true,
            "cmk_for_query_forced": false,
            "daily_quota_gb": -1,
            "id": "/subscriptions/1a0d078e-b0e6-432d-89c7-8a75cac664aa/resourceGroups/DefaultResourceGroup-WEU/providers/Microsoft.OperationalInsights/workspaces/DefaultWorkspace-1a0d078e-b0e6-432d-89c7-8a75cac664aa-WEU",
            "internet_ingestion_enabled": true,
            "internet_query_enabled": true,
            "local_authentication_disabled": false,
            "location": "westeurope",
            "name": "DefaultWorkspace-1a0d078e-b0e6-432d-89c7-8a75cac664aa-WEU",
            "primary_shared_key": "L5gu9L/X+0oG3Kttd43AQld7KS4CiS4X8hcmVzB02y7fSEg+iJJ2fZnesg0uah4k7OPAJBKtriUfLTyTfviAow==",
            "reservation_capacity_in_gb_per_day": null,
            "resource_group_name": "DefaultResourceGroup-WEU",
            "retention_in_days": 30,
            "secondary_shared_key": "ipVYsgWILcW8jYr9S2/p7CTbQaNCYAF2dvUyJ5V1xonen3Sr6WJ7Y15AMUdXtTDMov/KRli9V8VgtKr752gDvA==",
            "sku": "PerGB2018",
            "tags": {},
            "timeouts": {
              "create": null,
              "delete": null,
              "read": null,
              "update": null
            },
            "workspace_id": "6e129374-13c4-401e-b092-5940d01b72c4"
          },
          "sensitive_attributes": [],
          "private": "eyJlMmJmYjczMC1lY2FhLTExZTYtOGY4OC0zNDM2M2JjN2M0YzAiOnsiY3JlYXRlIjoxODAwMDAwMDAwMDAwLCJkZWxldGUiOjE4MDAwMDAwMDAwMDAsInJlYWQiOjMwMDAwMDAwMDAwMCwidXBkYXRlIjoxODAwMDAwMDAwMDAwfSwic2NoZW1hX3ZlcnNpb24iOiIzIn0="
        }
      ]
    },
    {
      "mode": "managed",
      "type": "azurerm_resource_group",
      "name": "res-0",
      "provider": "provider[\"registry.terraform.io/hashicorp/azurerm\"]",
      "instances": [
        {
          "schema_version": 0,
          "attributes": {
            "id": "/subscriptions/1a0d078e-b0e6-432d-89c7-8a75cac664aa/resourceGroups/DefaultResourceGroup-WEU",
            "location": "westeurope",
            "name": "DefaultResourceGroup-WEU",
            "tags": {},
            "timeouts": {
              "create": null,
              "delete": null,
              "read": null,
              "update": null
            }
          },
          "sensitive_attributes": [],
          "private": "eyJlMmJmYjczMC1lY2FhLTExZTYtOGY4OC0zNDM2M2JjN2M0YzAiOnsiY3JlYXRlIjo1NDAwMDAwMDAwMDAwLCJkZWxldGUiOjU0MDAwMDAwMDAwMDAsInJlYWQiOjMwMDAwMDAwMDAwMCwidXBkYXRlIjo1NDAwMDAwMDAwMDAwfSwic2NoZW1hX3ZlcnNpb24iOiIwIn0="
        }
      ]
    },
    {
      "mode": "managed",
      "type": "azurerm_storage_account",
      "name": "res-446",
      "provider": "provider[\"registry.terraform.io/hashicorp/azurerm\"]",
      "instances": [
        {
          "schema_version": 3,
          "attributes": {
            "access_tier": "Hot",
            "account_kind": "StorageV2",
            "account_replication_type": "RAGRS",
            "account_tier": "Standard",
            "allow_nested_items_to_be_public": true,
            "allowed_copy_scope": "",
            "azure_files_authentication": [],
            "blob_properties": [
              {
                "change_feed_enabled": false,
                "change_feed_retention_in_days": 0,
                "container_delete_retention_policy": [],
                "cors_rule": [],
                "default_service_version": "",
                "delete_retention_policy": [
                  {
                    "days": 7
                  }
                ],
                "last_access_time_enabled": false,
                "restore_policy": [],
                "versioning_enabled": false
              }
            ],
            "cross_tenant_replication_enabled": true,
            "custom_domain": [],
            "customer_managed_key": [
              {
                "key_vault_key_id": "https://keyvaultencryptionxsec.vault.azure.net/keys/TestKey",
                "user_assigned_identity_id": "/subscriptions/1a0d078e-b0e6-432d-89c7-8a75cac664aa/resourceGroups/learn-vault/providers/Microsoft.ManagedIdentity/userAssignedIdentities/keystoragetalker"
              }
            ],
            "default_to_oauth_authentication": false,
            "edge_zone": "",
            "enable_https_traffic_only": true,
            "id": "/subscriptions/1a0d078e-b0e6-432d-89c7-8a75cac664aa/resourceGroups/DefaultResourceGroup-WEU/providers/Microsoft.Storage/storageAccounts/storagetestxsec",
            "identity": [
              {
                "identity_ids": [
                  "/subscriptions/1a0d078e-b0e6-432d-89c7-8a75cac664aa/resourceGroups/learn-vault/providers/Microsoft.ManagedIdentity/userAssignedIdentities/keystoragetalker"
                ],
                "principal_id": "fb5dd8ca-513c-4b34-9d34-5612d276e948",
                "tenant_id": "3d4d17ea-1ae4-4705-947e-51369c5a5f79",
                "type": "SystemAssigned, UserAssigned"
              }
            ],
            "immutability_policy": [],
            "infrastructure_encryption_enabled": false,
            "is_hns_enabled": false,
            "large_file_share_enabled": null,
            "location": "westeurope",
            "min_tls_version": "TLS1_2",
            "name": "storagetestxsec",
            "network_rules": [
              {
                "bypass": [
                  "AzureServices"
                ],
                "default_action": "Allow",
                "ip_rules": [],
                "private_link_access": [],
                "virtual_network_subnet_ids": []
              }
            ],
            "nfsv3_enabled": false,
            "primary_access_key": "MpEmo1oXybSZcr+gMPZjHJaQGFIMm4Y2BBtdid8e/0qo9THiuQ5mbH83ykpjJB1ZpEOz9rm6K6/w+AStge2riw==",
            "primary_blob_connection_string": "DefaultEndpointsProtocol=https;BlobEndpoint=https://storagetestxsec.blob.core.windows.net/;AccountName=storagetestxsec;AccountKey=MpEmo1oXybSZcr+gMPZjHJaQGFIMm4Y2BBtdid8e/0qo9THiuQ5mbH83ykpjJB1ZpEOz9rm6K6/w+AStge2riw==",
            "primary_blob_endpoint": "https://storagetestxsec.blob.core.windows.net/",
            "primary_blob_host": "storagetestxsec.blob.core.windows.net",
            "primary_connection_string": "DefaultEndpointsProtocol=https;AccountName=storagetestxsec;AccountKey=MpEmo1oXybSZcr+gMPZjHJaQGFIMm4Y2BBtdid8e/0qo9THiuQ5mbH83ykpjJB1ZpEOz9rm6K6/w+AStge2riw==;EndpointSuffix=core.windows.net",
            "primary_dfs_endpoint": "https://storagetestxsec.dfs.core.windows.net/",
            "primary_dfs_host": "storagetestxsec.dfs.core.windows.net",
            "primary_file_endpoint": "https://storagetestxsec.file.core.windows.net/",
            "primary_file_host": "storagetestxsec.file.core.windows.net",
            "primary_location": "westeurope",
            "primary_queue_endpoint": "https://storagetestxsec.queue.core.windows.net/",
            "primary_queue_host": "storagetestxsec.queue.core.windows.net",
            "primary_table_endpoint": "https://storagetestxsec.table.core.windows.net/",
            "primary_table_host": "storagetestxsec.table.core.windows.net",
            "primary_web_endpoint": "https://storagetestxsec.z6.web.core.windows.net/",
            "primary_web_host": "storagetestxsec.z6.web.core.windows.net",
            "public_network_access_enabled": true,
            "queue_encryption_key_type": "Account",
            "queue_properties": [
              {
                "cors_rule": [],
                "hour_metrics": [
                  {
                    "enabled": true,
                    "include_apis": true,
                    "retention_policy_days": 7,
                    "version": "1.0"
                  }
                ],
                "logging": [
                  {
                    "delete": false,
                    "read": false,
                    "retention_policy_days": 0,
                    "version": "1.0",
                    "write": false
                  }
                ],
                "minute_metrics": [
                  {
                    "enabled": false,
                    "include_apis": false,
                    "retention_policy_days": 0,
                    "version": "1.0"
                  }
                ]
              }
            ],
            "resource_group_name": "DefaultResourceGroup-WEU",
            "routing": [],
            "sas_policy": [],
            "secondary_access_key": "ogA1QEqmKYJ8994QoRwgUifVwxLxiBdZMU1F9qb/zWfLxVdMR5KW4XxpgtMoZ0s4k3SddpN52Tc5+ASt5V4dUg==",
            "secondary_blob_connection_string": "DefaultEndpointsProtocol=https;BlobEndpoint=https://storagetestxsec-secondary.blob.core.windows.net/;AccountName=storagetestxsec;AccountKey=ogA1QEqmKYJ8994QoRwgUifVwxLxiBdZMU1F9qb/zWfLxVdMR5KW4XxpgtMoZ0s4k3SddpN52Tc5+ASt5V4dUg==",
            "secondary_blob_endpoint": "https://storagetestxsec-secondary.blob.core.windows.net/",
            "secondary_blob_host": "storagetestxsec-secondary.blob.core.windows.net",
            "secondary_connection_string": "DefaultEndpointsProtocol=https;AccountName=storagetestxsec;AccountKey=ogA1QEqmKYJ8994QoRwgUifVwxLxiBdZMU1F9qb/zWfLxVdMR5KW4XxpgtMoZ0s4k3SddpN52Tc5+ASt5V4dUg==;EndpointSuffix=core.windows.net",
            "secondary_dfs_endpoint": "https://storagetestxsec-secondary.dfs.core.windows.net/",
            "secondary_dfs_host": "storagetestxsec-secondary.dfs.core.windows.net",
            "secondary_file_endpoint": "",
            "secondary_file_host": "",
            "secondary_location": "northeurope",
            "secondary_queue_endpoint": "https://storagetestxsec-secondary.queue.core.windows.net/",
            "secondary_queue_host": "storagetestxsec-secondary.queue.core.windows.net",
            "secondary_table_endpoint": "https://storagetestxsec-secondary.table.core.windows.net/",
            "secondary_table_host": "storagetestxsec-secondary.table.core.windows.net",
            "secondary_web_endpoint": "https://storagetestxsec-secondary.z6.web.core.windows.net/",
            "secondary_web_host": "storagetestxsec-secondary.z6.web.core.windows.net",
            "sftp_enabled": false,
            "share_properties": [
              {
                "cors_rule": [],
                "retention_policy": [
                  {
                    "days": 7
                  }
                ],
                "smb": []
              }
            ],
            "shared_access_key_enabled": true,
            "static_website": [],
            "table_encryption_key_type": "Account",
            "tags": {},
            "timeouts": {
              "create": null,
              "delete": null,
              "read": null,
              "update": null
            }
          },
          "sensitive_attributes": [],
          "private": "eyJlMmJmYjczMC1lY2FhLTExZTYtOGY4OC0zNDM2M2JjN2M0YzAiOnsiY3JlYXRlIjozNjAwMDAwMDAwMDAwLCJkZWxldGUiOjM2MDAwMDAwMDAwMDAsInJlYWQiOjMwMDAwMDAwMDAwMCwidXBkYXRlIjozNjAwMDAwMDAwMDAwfSwic2NoZW1hX3ZlcnNpb24iOiIzIn0="
        }
      ]
    },
    {
      "mode": "managed",
      "type": "azurerm_storage_account",
      "name": "res-455",
      "provider": "provider[\"registry.terraform.io/hashicorp/azurerm\"]",
      "instances": [
        {
          "schema_version": 3,
          "attributes": {
            "access_tier": "Hot",
            "account_kind": "StorageV2",
            "account_replication_type": "LRS",
            "account_tier": "Standard",
            "allow_nested_items_to_be_public": false,
            "allowed_copy_scope": "",
            "azure_files_authentication": [],
            "blob_properties": [
              {
                "change_feed_enabled": false,
                "change_feed_retention_in_days": 0,
                "container_delete_retention_policy": [],
                "cors_rule": [],
                "default_service_version": "",
                "delete_retention_policy": [],
                "last_access_time_enabled": false,
                "restore_policy": [],
                "versioning_enabled": false
              }
            ],
            "cross_tenant_replication_enabled": null,
            "custom_domain": [],
            "customer_managed_key": [],
            "default_to_oauth_authentication": false,
            "edge_zone": "",
            "enable_https_traffic_only": true,
            "id": "/subscriptions/1a0d078e-b0e6-432d-89c7-8a75cac664aa/resourceGroups/DefaultResourceGroup-WEU/providers/Microsoft.Storage/storageAccounts/svenstorage104",
            "identity": [],
            "immutability_policy": [],
            "infrastructure_encryption_enabled": false,
            "is_hns_enabled": false,
            "large_file_share_enabled": null,
            "location": "westeurope",
            "min_tls_version": "TLS1_2",
            "name": "svenstorage104",
            "network_rules": [
              {
                "bypass": [
                  "AzureServices"
                ],
                "default_action": "Allow",
                "ip_rules": [],
                "private_link_access": [],
                "virtual_network_subnet_ids": []
              }
            ],
            "nfsv3_enabled": false,
            "primary_access_key": "TQ4UiUgn2/SyBq8pRqV/qkENEe5nv16ZPAmfjGfB63eRhsUvffCZM9WnidReAuspy2BRakKvz0Nm+ASt7Tr3KQ==",
            "primary_blob_connection_string": "DefaultEndpointsProtocol=https;BlobEndpoint=https://svenstorage104.blob.core.windows.net/;AccountName=svenstorage104;AccountKey=TQ4UiUgn2/SyBq8pRqV/qkENEe5nv16ZPAmfjGfB63eRhsUvffCZM9WnidReAuspy2BRakKvz0Nm+ASt7Tr3KQ==",
            "primary_blob_endpoint": "https://svenstorage104.blob.core.windows.net/",
            "primary_blob_host": "svenstorage104.blob.core.windows.net",
            "primary_connection_string": "DefaultEndpointsProtocol=https;AccountName=svenstorage104;AccountKey=TQ4UiUgn2/SyBq8pRqV/qkENEe5nv16ZPAmfjGfB63eRhsUvffCZM9WnidReAuspy2BRakKvz0Nm+ASt7Tr3KQ==;EndpointSuffix=core.windows.net",
            "primary_dfs_endpoint": "https://svenstorage104.dfs.core.windows.net/",
            "primary_dfs_host": "svenstorage104.dfs.core.windows.net",
            "primary_file_endpoint": "https://svenstorage104.file.core.windows.net/",
            "primary_file_host": "svenstorage104.file.core.windows.net",
            "primary_location": "westeurope",
            "primary_queue_endpoint": "https://svenstorage104.queue.core.windows.net/",
            "primary_queue_host": "svenstorage104.queue.core.windows.net",
            "primary_table_endpoint": "https://svenstorage104.table.core.windows.net/",
            "primary_table_host": "svenstorage104.table.core.windows.net",
            "primary_web_endpoint": "https://svenstorage104.z6.web.core.windows.net/",
            "primary_web_host": "svenstorage104.z6.web.core.windows.net",
            "public_network_access_enabled": true,
            "queue_encryption_key_type": "Service",
            "queue_properties": [
              {
                "cors_rule": [],
                "hour_metrics": [
                  {
                    "enabled": true,
                    "include_apis": true,
                    "retention_policy_days": 7,
                    "version": "1.0"
                  }
                ],
                "logging": [
                  {
                    "delete": false,
                    "read": false,
                    "retention_policy_days": 0,
                    "version": "1.0",
                    "write": false
                  }
                ],
                "minute_metrics": [
                  {
                    "enabled": false,
                    "include_apis": false,
                    "retention_policy_days": 0,
                    "version": "1.0"
                  }
                ]
              }
            ],
            "resource_group_name": "DefaultResourceGroup-WEU",
            "routing": [],
            "sas_policy": [],
            "secondary_access_key": "zkAut3AEiyV3TkDKdNCVa7MCSY1HPAEvWcD0mT5Mhp0gOTIzax9u4ABAqzSmcN3LPdbg1qIixtu/+AStw8Tlig==",
            "secondary_blob_connection_string": "",
            "secondary_blob_endpoint": null,
            "secondary_blob_host": null,
            "secondary_connection_string": "DefaultEndpointsProtocol=https;AccountName=svenstorage104;AccountKey=zkAut3AEiyV3TkDKdNCVa7MCSY1HPAEvWcD0mT5Mhp0gOTIzax9u4ABAqzSmcN3LPdbg1qIixtu/+AStw8Tlig==;EndpointSuffix=core.windows.net",
            "secondary_dfs_endpoint": null,
            "secondary_dfs_host": null,
            "secondary_file_endpoint": null,
            "secondary_file_host": null,
            "secondary_location": "",
            "secondary_queue_endpoint": null,
            "secondary_queue_host": null,
            "secondary_table_endpoint": null,
            "secondary_table_host": null,
            "secondary_web_endpoint": null,
            "secondary_web_host": null,
            "sftp_enabled": false,
            "share_properties": [
              {
                "cors_rule": [],
                "retention_policy": [],
                "smb": []
              }
            ],
            "shared_access_key_enabled": true,
            "static_website": [],
            "table_encryption_key_type": "Service",
            "tags": {
              "ms-resource-usage": "azure-cloud-shell"
            },
            "timeouts": {
              "create": null,
              "delete": null,
              "read": null,
              "update": null
            }
          },
          "sensitive_attributes": [],
          "private": "eyJlMmJmYjczMC1lY2FhLTExZTYtOGY4OC0zNDM2M2JjN2M0YzAiOnsiY3JlYXRlIjozNjAwMDAwMDAwMDAwLCJkZWxldGUiOjM2MDAwMDAwMDAwMDAsInJlYWQiOjMwMDAwMDAwMDAwMCwidXBkYXRlIjozNjAwMDAwMDAwMDAwfSwic2NoZW1hX3ZlcnNpb24iOiIzIn0="
        }
      ]
    },
    {
      "mode": "managed",
      "type": "azurerm_storage_account",
      "name": "res-462",
      "provider": "provider[\"registry.terraform.io/hashicorp/azurerm\"]",
      "instances": [
        {
          "schema_version": 3,
          "attributes": {
            "access_tier": "Hot",
            "account_kind": "StorageV2",
            "account_replication_type": "LRS",
            "account_tier": "Standard",
            "allow_nested_items_to_be_public": true,
            "allowed_copy_scope": "",
            "azure_files_authentication": [],
            "blob_properties": [
              {
                "change_feed_enabled": false,
                "change_feed_retention_in_days": 0,
                "container_delete_retention_policy": [
                  {
                    "days": 7
                  }
                ],
                "cors_rule": [],
                "default_service_version": "",
                "delete_retention_policy": [
                  {
                    "days": 7
                  }
                ],
                "last_access_time_enabled": false,
                "restore_policy": [],
                "versioning_enabled": false
              }
            ],
            "cross_tenant_replication_enabled": true,
            "custom_domain": [],
            "customer_managed_key": [],
            "default_to_oauth_authentication": false,
            "edge_zone": "",
            "enable_https_traffic_only": true,
            "id": "/subscriptions/1a0d078e-b0e6-432d-89c7-8a75cac664aa/resourceGroups/DefaultResourceGroup-WEU/providers/Microsoft.Storage/storageAccounts/testblobtestxsec",
            "identity": [],
            "immutability_policy": [],
            "infrastructure_encryption_enabled": false,
            "is_hns_enabled": false,
            "large_file_share_enabled": null,
            "location": "westeurope",
            "min_tls_version": "TLS1_2",
            "name": "testblobtestxsec",
            "network_rules": [
              {
                "bypass": [
                  "AzureServices"
                ],
                "default_action": "Allow",
                "ip_rules": [],
                "private_link_access": [],
                "virtual_network_subnet_ids": []
              }
            ],
            "nfsv3_enabled": false,
            "primary_access_key": "MSPr4RKF3rQRPyg4QSx5pYfU/cfp6+r6yGJxDILc1pYB1lBbrDJyjtYhoP6MrNPUqSQbEPpCnwuX+AStx+22xQ==",
            "primary_blob_connection_string": "DefaultEndpointsProtocol=https;BlobEndpoint=https://testblobtestxsec.blob.core.windows.net/;AccountName=testblobtestxsec;AccountKey=MSPr4RKF3rQRPyg4QSx5pYfU/cfp6+r6yGJxDILc1pYB1lBbrDJyjtYhoP6MrNPUqSQbEPpCnwuX+AStx+22xQ==",
            "primary_blob_endpoint": "https://testblobtestxsec.blob.core.windows.net/",
            "primary_blob_host": "testblobtestxsec.blob.core.windows.net",
            "primary_connection_string": "DefaultEndpointsProtocol=https;AccountName=testblobtestxsec;AccountKey=MSPr4RKF3rQRPyg4QSx5pYfU/cfp6+r6yGJxDILc1pYB1lBbrDJyjtYhoP6MrNPUqSQbEPpCnwuX+AStx+22xQ==;EndpointSuffix=core.windows.net",
            "primary_dfs_endpoint": "https://testblobtestxsec.dfs.core.windows.net/",
            "primary_dfs_host": "testblobtestxsec.dfs.core.windows.net",
            "primary_file_endpoint": "https://testblobtestxsec.file.core.windows.net/",
            "primary_file_host": "testblobtestxsec.file.core.windows.net",
            "primary_location": "westeurope",
            "primary_queue_endpoint": "https://testblobtestxsec.queue.core.windows.net/",
            "primary_queue_host": "testblobtestxsec.queue.core.windows.net",
            "primary_table_endpoint": "https://testblobtestxsec.table.core.windows.net/",
            "primary_table_host": "testblobtestxsec.table.core.windows.net",
            "primary_web_endpoint": "https://testblobtestxsec.z6.web.core.windows.net/",
            "primary_web_host": "testblobtestxsec.z6.web.core.windows.net",
            "public_network_access_enabled": true,
            "queue_encryption_key_type": "Service",
            "queue_properties": [
              {
                "cors_rule": [],
                "hour_metrics": [
                  {
                    "enabled": true,
                    "include_apis": true,
                    "retention_policy_days": 7,
                    "version": "1.0"
                  }
                ],
                "logging": [
                  {
                    "delete": false,
                    "read": false,
                    "retention_policy_days": 0,
                    "version": "1.0",
                    "write": false
                  }
                ],
                "minute_metrics": [
                  {
                    "enabled": false,
                    "include_apis": false,
                    "retention_policy_days": 0,
                    "version": "1.0"
                  }
                ]
              }
            ],
            "resource_group_name": "DefaultResourceGroup-WEU",
            "routing": [],
            "sas_policy": [],
            "secondary_access_key": "tKacVhzST0fpgQgog3SkWIc0RgZEVuTaTMDIcUV9hKl9PNe0SBUKaakzq3kCZLh8nVhvx62orUFH+AStT3KwQw==",
            "secondary_blob_connection_string": "",
            "secondary_blob_endpoint": null,
            "secondary_blob_host": null,
            "secondary_connection_string": "DefaultEndpointsProtocol=https;AccountName=testblobtestxsec;AccountKey=tKacVhzST0fpgQgog3SkWIc0RgZEVuTaTMDIcUV9hKl9PNe0SBUKaakzq3kCZLh8nVhvx62orUFH+AStT3KwQw==;EndpointSuffix=core.windows.net",
            "secondary_dfs_endpoint": null,
            "secondary_dfs_host": null,
            "secondary_file_endpoint": null,
            "secondary_file_host": null,
            "secondary_location": "",
            "secondary_queue_endpoint": null,
            "secondary_queue_host": null,
            "secondary_table_endpoint": null,
            "secondary_table_host": null,
            "secondary_web_endpoint": null,
            "secondary_web_host": null,
            "sftp_enabled": false,
            "share_properties": [
              {
                "cors_rule": [],
                "retention_policy": [
                  {
                    "days": 7
                  }
                ],
                "smb": []
              }
            ],
            "shared_access_key_enabled": true,
            "static_website": [],
            "table_encryption_key_type": "Service",
            "tags": {},
            "timeouts": {
              "create": null,
              "delete": null,
              "read": null,
              "update": null
            }
          },
          "sensitive_attributes": [],
          "private": "eyJlMmJmYjczMC1lY2FhLTExZTYtOGY4OC0zNDM2M2JjN2M0YzAiOnsiY3JlYXRlIjozNjAwMDAwMDAwMDAwLCJkZWxldGUiOjM2MDAwMDAwMDAwMDAsInJlYWQiOjMwMDAwMDAwMDAwMCwidXBkYXRlIjozNjAwMDAwMDAwMDAwfSwic2NoZW1hX3ZlcnNpb24iOiIzIn0="
        }
      ]
    },
    {
      "mode": "managed",
      "type": "azurerm_storage_account",
      "name": "res-467",
      "provider": "provider[\"registry.terraform.io/hashicorp/azurerm\"]",
      "instances": [
        {
          "schema_version": 3,
          "attributes": {
            "access_tier": "Hot",
            "account_kind": "StorageV2",
            "account_replication_type": "RAGRS",
            "account_tier": "Standard",
            "allow_nested_items_to_be_public": true,
            "allowed_copy_scope": "",
            "azure_files_authentication": [],
            "blob_properties": [
              {
                "change_feed_enabled": false,
                "change_feed_retention_in_days": 0,
                "container_delete_retention_policy": [
                  {
                    "days": 7
                  }
                ],
                "cors_rule": [],
                "default_service_version": "",
                "delete_retention_policy": [
                  {
                    "days": 7
                  }
                ],
                "last_access_time_enabled": false,
                "restore_policy": [],
                "versioning_enabled": false
              }
            ],
            "cross_tenant_replication_enabled": true,
            "custom_domain": [],
            "customer_managed_key": [
              {
                "key_vault_key_id": "https://keyvaultencryptionxsec.vault.azure.net/keys/TestKey",
                "user_assigned_identity_id": "/subscriptions/1a0d078e-b0e6-432d-89c7-8a75cac664aa/resourceGroups/learn-vault/providers/Microsoft.ManagedIdentity/userAssignedIdentities/keystoragetalker"
              }
            ],
            "default_to_oauth_authentication": false,
            "edge_zone": "",
            "enable_https_traffic_only": true,
            "id": "/subscriptions/1a0d078e-b0e6-432d-89c7-8a75cac664aa/resourceGroups/DefaultResourceGroup-WEU/providers/Microsoft.Storage/storageAccounts/tsetedzoaccount",
            "identity": [
              {
                "identity_ids": [
                  "/subscriptions/1a0d078e-b0e6-432d-89c7-8a75cac664aa/resourceGroups/learn-vault/providers/Microsoft.ManagedIdentity/userAssignedIdentities/keystoragetalker"
                ],
                "principal_id": "b1055714-efa4-453e-9a13-df103c276bba",
                "tenant_id": "3d4d17ea-1ae4-4705-947e-51369c5a5f79",
                "type": "SystemAssigned, UserAssigned"
              }
            ],
            "immutability_policy": [],
            "infrastructure_encryption_enabled": false,
            "is_hns_enabled": false,
            "large_file_share_enabled": null,
            "location": "westeurope",
            "min_tls_version": "TLS1_2",
            "name": "tsetedzoaccount",
            "network_rules": [
              {
                "bypass": [
                  "AzureServices"
                ],
                "default_action": "Allow",
                "ip_rules": [],
                "private_link_access": [],
                "virtual_network_subnet_ids": []
              }
            ],
            "nfsv3_enabled": false,
            "primary_access_key": "YvgMijUARmjrcDGZPq7je02/hs5Uhf8WbKwwOnBH3Uu702vJM0ld+UwhTJvYf1TxwHOORhrbllO4+AStKoLvRg==",
            "primary_blob_connection_string": "DefaultEndpointsProtocol=https;BlobEndpoint=https://tsetedzoaccount.blob.core.windows.net/;AccountName=tsetedzoaccount;AccountKey=YvgMijUARmjrcDGZPq7je02/hs5Uhf8WbKwwOnBH3Uu702vJM0ld+UwhTJvYf1TxwHOORhrbllO4+AStKoLvRg==",
            "primary_blob_endpoint": "https://tsetedzoaccount.blob.core.windows.net/",
            "primary_blob_host": "tsetedzoaccount.blob.core.windows.net",
            "primary_connection_string": "DefaultEndpointsProtocol=https;AccountName=tsetedzoaccount;AccountKey=YvgMijUARmjrcDGZPq7je02/hs5Uhf8WbKwwOnBH3Uu702vJM0ld+UwhTJvYf1TxwHOORhrbllO4+AStKoLvRg==;EndpointSuffix=core.windows.net",
            "primary_dfs_endpoint": "https://tsetedzoaccount.dfs.core.windows.net/",
            "primary_dfs_host": "tsetedzoaccount.dfs.core.windows.net",
            "primary_file_endpoint": "https://tsetedzoaccount.file.core.windows.net/",
            "primary_file_host": "tsetedzoaccount.file.core.windows.net",
            "primary_location": "westeurope",
            "primary_queue_endpoint": "https://tsetedzoaccount.queue.core.windows.net/",
            "primary_queue_host": "tsetedzoaccount.queue.core.windows.net",
            "primary_table_endpoint": "https://tsetedzoaccount.table.core.windows.net/",
            "primary_table_host": "tsetedzoaccount.table.core.windows.net",
            "primary_web_endpoint": "https://tsetedzoaccount.z6.web.core.windows.net/",
            "primary_web_host": "tsetedzoaccount.z6.web.core.windows.net",
            "public_network_access_enabled": true,
            "queue_encryption_key_type": "Account",
            "queue_properties": [
              {
                "cors_rule": [],
                "hour_metrics": [
                  {
                    "enabled": true,
                    "include_apis": true,
                    "retention_policy_days": 7,
                    "version": "1.0"
                  }
                ],
                "logging": [
                  {
                    "delete": false,
                    "read": false,
                    "retention_policy_days": 0,
                    "version": "1.0",
                    "write": false
                  }
                ],
                "minute_metrics": [
                  {
                    "enabled": false,
                    "include_apis": false,
                    "retention_policy_days": 0,
                    "version": "1.0"
                  }
                ]
              }
            ],
            "resource_group_name": "DefaultResourceGroup-WEU",
            "routing": [],
            "sas_policy": [],
            "secondary_access_key": "WX/pR4EXRQtTdKBCxIYihEHdA2R5v75lFvLLy5ViXKRVd6DCQ/gsC1Y2JfUi1AJWZb+oaR/etkPP+AStg5Sagg==",
            "secondary_blob_connection_string": "DefaultEndpointsProtocol=https;BlobEndpoint=https://tsetedzoaccount-secondary.blob.core.windows.net/;AccountName=tsetedzoaccount;AccountKey=WX/pR4EXRQtTdKBCxIYihEHdA2R5v75lFvLLy5ViXKRVd6DCQ/gsC1Y2JfUi1AJWZb+oaR/etkPP+AStg5Sagg==",
            "secondary_blob_endpoint": "https://tsetedzoaccount-secondary.blob.core.windows.net/",
            "secondary_blob_host": "tsetedzoaccount-secondary.blob.core.windows.net",
            "secondary_connection_string": "DefaultEndpointsProtocol=https;AccountName=tsetedzoaccount;AccountKey=WX/pR4EXRQtTdKBCxIYihEHdA2R5v75lFvLLy5ViXKRVd6DCQ/gsC1Y2JfUi1AJWZb+oaR/etkPP+AStg5Sagg==;EndpointSuffix=core.windows.net",
            "secondary_dfs_endpoint": "https://tsetedzoaccount-secondary.dfs.core.windows.net/",
            "secondary_dfs_host": "tsetedzoaccount-secondary.dfs.core.windows.net",
            "secondary_file_endpoint": "",
            "secondary_file_host": "",
            "secondary_location": "northeurope",
            "secondary_queue_endpoint": "https://tsetedzoaccount-secondary.queue.core.windows.net/",
            "secondary_queue_host": "tsetedzoaccount-secondary.queue.core.windows.net",
            "secondary_table_endpoint": "https://tsetedzoaccount-secondary.table.core.windows.net/",
            "secondary_table_host": "tsetedzoaccount-secondary.table.core.windows.net",
            "secondary_web_endpoint": "https://tsetedzoaccount-secondary.z6.web.core.windows.net/",
            "secondary_web_host": "tsetedzoaccount-secondary.z6.web.core.windows.net",
            "sftp_enabled": false,
            "share_properties": [
              {
                "cors_rule": [],
                "retention_policy": [
                  {
                    "days": 7
                  }
                ],
                "smb": []
              }
            ],
            "shared_access_key_enabled": true,
            "static_website": [],
            "table_encryption_key_type": "Account",
            "tags": {},
            "timeouts": {
              "create": null,
              "delete": null,
              "read": null,
              "update": null
            }
          },
          "sensitive_attributes": [],
          "private": "eyJlMmJmYjczMC1lY2FhLTExZTYtOGY4OC0zNDM2M2JjN2M0YzAiOnsiY3JlYXRlIjozNjAwMDAwMDAwMDAwLCJkZWxldGUiOjM2MDAwMDAwMDAwMDAsInJlYWQiOjMwMDAwMDAwMDAwMCwidXBkYXRlIjozNjAwMDAwMDAwMDAwfSwic2NoZW1hX3ZlcnNpb24iOiIzIn0="
        }
      ]
    },
    {
      "mode": "managed",
      "type": "azurerm_storage_container",
      "name": "res-448",
      "provider": "provider[\"registry.terraform.io/hashicorp/azurerm\"]",
      "instances": [
        {
          "schema_version": 1,
          "attributes": {
            "container_access_type": "container",
            "has_immutability_policy": false,
            "has_legal_hold": false,
            "id": "https://storagetestxsec.blob.core.windows.net/testblob",
            "metadata": {},
            "name": "testblob",
            "resource_manager_id": "/subscriptions/1a0d078e-b0e6-432d-89c7-8a75cac664aa/resourceGroups/DefaultResourceGroup-WEU/providers/Microsoft.Storage/storageAccounts/storagetestxsec/blobServices/default/containers/testblob",
            "storage_account_name": "storagetestxsec",
            "timeouts": {
              "create": null,
              "delete": null,
              "read": null,
              "update": null
            }
          },
          "sensitive_attributes": [],
          "private": "eyJlMmJmYjczMC1lY2FhLTExZTYtOGY4OC0zNDM2M2JjN2M0YzAiOnsiY3JlYXRlIjoxODAwMDAwMDAwMDAwLCJkZWxldGUiOjE4MDAwMDAwMDAwMDAsInJlYWQiOjMwMDAwMDAwMDAwMCwidXBkYXRlIjoxODAwMDAwMDAwMDAwfSwic2NoZW1hX3ZlcnNpb24iOiIxIn0="
        }
      ]
    },
    {
      "mode": "managed",
      "type": "azurerm_storage_container",
      "name": "res-457",
      "provider": "provider[\"registry.terraform.io/hashicorp/azurerm\"]",
      "instances": [
        {
          "schema_version": 1,
          "attributes": {
            "container_access_type": "private",
            "has_immutability_policy": false,
            "has_legal_hold": false,
            "id": "https://svenstorage104.blob.core.windows.net/blobcontainersven",
            "metadata": {},
            "name": "blobcontainersven",
            "resource_manager_id": "/subscriptions/1a0d078e-b0e6-432d-89c7-8a75cac664aa/resourceGroups/DefaultResourceGroup-WEU/providers/Microsoft.Storage/storageAccounts/svenstorage104/blobServices/default/containers/blobcontainersven",
            "storage_account_name": "svenstorage104",
            "timeouts": {
              "create": null,
              "delete": null,
              "read": null,
              "update": null
            }
          },
          "sensitive_attributes": [],
          "private": "eyJlMmJmYjczMC1lY2FhLTExZTYtOGY4OC0zNDM2M2JjN2M0YzAiOnsiY3JlYXRlIjoxODAwMDAwMDAwMDAwLCJkZWxldGUiOjE4MDAwMDAwMDAwMDAsInJlYWQiOjMwMDAwMDAwMDAwMCwidXBkYXRlIjoxODAwMDAwMDAwMDAwfSwic2NoZW1hX3ZlcnNpb24iOiIxIn0="
        }
      ]
    },
    {
      "mode": "managed",
      "type": "azurerm_storage_encryption_scope",
      "name": "res-449",
      "provider": "provider[\"registry.terraform.io/hashicorp/azurerm\"]",
      "instances": [
        {
          "schema_version": 0,
          "attributes": {
            "id": "/subscriptions/1a0d078e-b0e6-432d-89c7-8a75cac664aa/resourceGroups/DefaultResourceGroup-WEU/providers/Microsoft.Storage/storageAccounts/storagetestxsec/encryptionScopes/Encryptionscope1",
            "infrastructure_encryption_required": null,
            "key_vault_key_id": "https://keyvaultencryptionxsec.vault.azure.net/keys/TestKey",
            "name": "Encryptionscope1",
            "source": "Microsoft.KeyVault",
            "storage_account_id": "/subscriptions/1a0d078e-b0e6-432d-89c7-8a75cac664aa/resourceGroups/DefaultResourceGroup-WEU/providers/Microsoft.Storage/storageAccounts/storagetestxsec",
            "timeouts": {
              "create": null,
              "delete": null,
              "read": null,
              "update": null
            }
          },
          "sensitive_attributes": [],
          "private": "eyJlMmJmYjczMC1lY2FhLTExZTYtOGY4OC0zNDM2M2JjN2M0YzAiOnsiY3JlYXRlIjoxODAwMDAwMDAwMDAwLCJkZWxldGUiOjE4MDAwMDAwMDAwMDAsInJlYWQiOjMwMDAwMDAwMDAwMCwidXBkYXRlIjoxODAwMDAwMDAwMDAwfSwic2NoZW1hX3ZlcnNpb24iOiIwIn0="
        }
      ]
    },
    {
      "mode": "managed",
      "type": "azurerm_storage_encryption_scope",
      "name": "res-450",
      "provider": "provider[\"registry.terraform.io/hashicorp/azurerm\"]",
      "instances": [
        {
          "schema_version": 0,
          "attributes": {
            "id": "/subscriptions/1a0d078e-b0e6-432d-89c7-8a75cac664aa/resourceGroups/DefaultResourceGroup-WEU/providers/Microsoft.Storage/storageAccounts/storagetestxsec/encryptionScopes/Encryptionscope2",
            "infrastructure_encryption_required": null,
            "key_vault_key_id": "https://keyvaultencryptionxsec.vault.azure.net/keys/TestKey",
            "name": "Encryptionscope2",
            "source": "Microsoft.KeyVault",
            "storage_account_id": "/subscriptions/1a0d078e-b0e6-432d-89c7-8a75cac664aa/resourceGroups/DefaultResourceGroup-WEU/providers/Microsoft.Storage/storageAccounts/storagetestxsec",
            "timeouts": {
              "create": null,
              "delete": null,
              "read": null,
              "update": null
            }
          },
          "sensitive_attributes": [],
          "private": "eyJlMmJmYjczMC1lY2FhLTExZTYtOGY4OC0zNDM2M2JjN2M0YzAiOnsiY3JlYXRlIjoxODAwMDAwMDAwMDAwLCJkZWxldGUiOjE4MDAwMDAwMDAwMDAsInJlYWQiOjMwMDAwMDAwMDAwMCwidXBkYXRlIjoxODAwMDAwMDAwMDAwfSwic2NoZW1hX3ZlcnNpb24iOiIwIn0="
        }
      ]
    },
    {
      "mode": "managed",
      "type": "azurerm_storage_encryption_scope",
      "name": "res-469",
      "provider": "provider[\"registry.terraform.io/hashicorp/azurerm\"]",
      "instances": [
        {
          "schema_version": 0,
          "attributes": {
            "id": "/subscriptions/1a0d078e-b0e6-432d-89c7-8a75cac664aa/resourceGroups/DefaultResourceGroup-WEU/providers/Microsoft.Storage/storageAccounts/tsetedzoaccount/encryptionScopes/edzotestscope",
            "infrastructure_encryption_required": true,
            "key_vault_key_id": "https://keyvaultencryptionxsec.vault.azure.net/keys/TestKey",
            "name": "edzotestscope",
            "source": "Microsoft.KeyVault",
            "storage_account_id": "/subscriptions/1a0d078e-b0e6-432d-89c7-8a75cac664aa/resourceGroups/DefaultResourceGroup-WEU/providers/Microsoft.Storage/storageAccounts/tsetedzoaccount",
            "timeouts": {
              "create": null,
              "delete": null,
              "read": null,
              "update": null
            }
          },
          "sensitive_attributes": [],
          "private": "eyJlMmJmYjczMC1lY2FhLTExZTYtOGY4OC0zNDM2M2JjN2M0YzAiOnsiY3JlYXRlIjoxODAwMDAwMDAwMDAwLCJkZWxldGUiOjE4MDAwMDAwMDAwMDAsInJlYWQiOjMwMDAwMDAwMDAwMCwidXBkYXRlIjoxODAwMDAwMDAwMDAwfSwic2NoZW1hX3ZlcnNpb24iOiIwIn0="
        }
      ]
    },
    {
      "mode": "managed",
      "type": "azurerm_storage_share",
      "name": "res-452",
      "provider": "provider[\"registry.terraform.io/hashicorp/azurerm\"]",
      "instances": [
        {
          "schema_version": 2,
          "attributes": {
            "access_tier": "TransactionOptimized",
            "acl": [],
            "enabled_protocol": "SMB",
            "id": "https://storagetestxsec.file.core.windows.net/testfileshare1",
            "metadata": {},
            "name": "testfileshare1",
            "quota": 5120,
            "resource_manager_id": "/subscriptions/1a0d078e-b0e6-432d-89c7-8a75cac664aa/resourceGroups/DefaultResourceGroup-WEU/providers/Microsoft.Storage/storageAccounts/storagetestxsec/fileServices/default/fileshares/testfileshare1",
            "storage_account_name": "storagetestxsec",
            "timeouts": {
              "create": null,
              "delete": null,
              "read": null,
              "update": null
            },
            "url": "https://storagetestxsec.file.core.windows.net/testfileshare1"
          },
          "sensitive_attributes": [],
          "private": "eyJlMmJmYjczMC1lY2FhLTExZTYtOGY4OC0zNDM2M2JjN2M0YzAiOnsiY3JlYXRlIjoxODAwMDAwMDAwMDAwLCJkZWxldGUiOjE4MDAwMDAwMDAwMDAsInJlYWQiOjMwMDAwMDAwMDAwMCwidXBkYXRlIjoxODAwMDAwMDAwMDAwfSwic2NoZW1hX3ZlcnNpb24iOiIyIn0="
        }
      ]
    },
    {
      "mode": "managed",
      "type": "azurerm_storage_share",
      "name": "res-459",
      "provider": "provider[\"registry.terraform.io/hashicorp/azurerm\"]",
      "instances": [
        {
          "schema_version": 2,
          "attributes": {
            "access_tier": "TransactionOptimized",
            "acl": [
              {
                "access_policy": [
                  {
                    "expiry": "",
                    "permissions": "r",
                    "start": ""
                  }
                ],
                "id": "GhostedRecall"
              }
            ],
            "enabled_protocol": "SMB",
            "id": "https://svenstorage104.file.core.windows.net/sven-storage104shell",
            "metadata": {},
            "name": "sven-storage104shell",
            "quota": 6,
            "resource_manager_id": "/subscriptions/1a0d078e-b0e6-432d-89c7-8a75cac664aa/resourceGroups/DefaultResourceGroup-WEU/providers/Microsoft.Storage/storageAccounts/svenstorage104/fileServices/default/fileshares/sven-storage104shell",
            "storage_account_name": "svenstorage104",
            "timeouts": {
              "create": null,
              "delete": null,
              "read": null,
              "update": null
            },
            "url": "https://svenstorage104.file.core.windows.net/sven-storage104shell"
          },
          "sensitive_attributes": [],
          "private": "eyJlMmJmYjczMC1lY2FhLTExZTYtOGY4OC0zNDM2M2JjN2M0YzAiOnsiY3JlYXRlIjoxODAwMDAwMDAwMDAwLCJkZWxldGUiOjE4MDAwMDAwMDAwMDAsInJlYWQiOjMwMDAwMDAwMDAwMCwidXBkYXRlIjoxODAwMDAwMDAwMDAwfSwic2NoZW1hX3ZlcnNpb24iOiIyIn0="
        }
      ]
    }
  ],
  "check_results": null
}